
Microsoft Visual Studio Solution File, Format Version 12.00
# Visual Studio Version 16
VisualStudioVersion = 16.0.29519.161
MinimumVisualStudioVersion = 15.0.26124.0
Project("{9A19103F-16F7-4668-BE54-9A1E7A4F7556}") = "CSSPWebAPIs", "src\webs\CSSPWebAPIs\CSSPWebAPIs.csproj", "{A74629ED-D55A-46FA-BD85-F93F0A596FF4}"
EndProject
Project("{FAE04EC0-301F-11D3-BF4B-00C04F79EFBC}") = "CSSPWebAPIs.Tests", "src\webs\Tests\CSSPWebAPIs.Tests\CSSPWebAPIs.Tests.csproj", "{BE79802F-3BA2-4EDD-AA06-E4137DB95755}"
EndProject
Project("{9A19103F-16F7-4668-BE54-9A1E7A4F7556}") = "UserServices", "src\dlls\UserServices\UserServices.csproj", "{F88C8452-1791-4BBF-94A5-9BE9EA44038C}"
EndProject
Project("{9A19103F-16F7-4668-BE54-9A1E7A4F7556}") = "CultureServices", "src\dlls\CultureServices\CultureServices.csproj", "{14B9F5D9-9C9F-4C05-BB9E-CB2D1BEB4579}"
EndProject
Project("{9A19103F-16F7-4668-BE54-9A1E7A4F7556}") = "UserServices.Tests", "src\webs\Tests\UserServices.Tests\UserServices.Tests.csproj", "{69085089-6496-4FF7-A9B1-C63392108EA1}"
EndProject
Global
	GlobalSection(SolutionConfigurationPlatforms) = preSolution
		Debug|Any CPU = Debug|Any CPU
		Release|Any CPU = Release|Any CPU
	EndGlobalSection
	GlobalSection(ProjectConfigurationPlatforms) = postSolution
		{A74629ED-D55A-46FA-BD85-F93F0A596FF4}.Debug|Any CPU.ActiveCfg = Debug|Any CPU
		{A74629ED-D55A-46FA-BD85-F93F0A596FF4}.Debug|Any CPU.Build.0 = Debug|Any CPU
		{A74629ED-D55A-46FA-BD85-F93F0A596FF4}.Release|Any CPU.ActiveCfg = Release|Any CPU
		{A74629ED-D55A-46FA-BD85-F93F0A596FF4}.Release|Any CPU.Build.0 = Release|Any CPU
		{BE79802F-3BA2-4EDD-AA06-E4137DB95755}.Debug|Any CPU.ActiveCfg = Debug|Any CPU
		{BE79802F-3BA2-4EDD-AA06-E4137DB95755}.Debug|Any CPU.Build.0 = Debug|Any CPU
		{BE79802F-3BA2-4EDD-AA06-E4137DB95755}.Release|Any CPU.ActiveCfg = Release|Any CPU
		{BE79802F-3BA2-4EDD-AA06-E4137DB95755}.Release|Any CPU.Build.0 = Release|Any CPU
		{F88C8452-1791-4BBF-94A5-9BE9EA44038C}.Debug|Any CPU.ActiveCfg = Debug|Any CPU
		{F88C8452-1791-4BBF-94A5-9BE9EA44038C}.Debug|Any CPU.Build.0 = Debug|Any CPU
		{F88C8452-1791-4BBF-94A5-9BE9EA44038C}.Release|Any CPU.ActiveCfg = Release|Any CPU
		{F88C8452-1791-4BBF-94A5-9BE9EA44038C}.Release|Any CPU.Build.0 = Release|Any CPU
		{14B9F5D9-9C9F-4C05-BB9E-CB2D1BEB4579}.Debug|Any CPU.ActiveCfg = Debug|Any CPU
		{14B9F5D9-9C9F-4C05-BB9E-CB2D1BEB4579}.Debug|Any CPU.Build.0 = Debug|Any CPU
		{14B9F5D9-9C9F-4C05-BB9E-CB2D1BEB4579}.Release|Any CPU.ActiveCfg = Release|Any CPU
		{14B9F5D9-9C9F-4C05-BB9E-CB2D1BEB4579}.Release|Any CPU.Build.0 = Release|Any CPU
		{69085089-6496-4FF7-A9B1-C63392108EA1}.Debug|Any CPU.ActiveCfg = Debug|Any CPU
		{69085089-6496-4FF7-A9B1-C63392108EA1}.Debug|Any CPU.Build.0 = Debug|Any CPU
		{69085089-6496-4FF7-A9B1-C63392108EA1}.Release|Any CPU.ActiveCfg = Release|Any CPU
		{69085089-6496-4FF7-A9B1-C63392108EA1}.Release|Any CPU.Build.0 = Release|Any CPU
	EndGlobalSection
	GlobalSection(SolutionProperties) = preSolution
		HideSolutionNode = FALSE
	EndGlobalSection
	GlobalSection(ExtensibilityGlobals) = postSolution
		SolutionGuid = {965FA0F2-E47C-44BB-BC55-8EEBE76C7A11}
	EndGlobalSection
EndGlobal
