
Microsoft Visual Studio Solution File, Format Version 12.00
# Visual Studio Version 16
VisualStudioVersion = 16.0.29519.161
MinimumVisualStudioVersion = 15.0.26124.0
Project("{9A19103F-16F7-4668-BE54-9A1E7A4F7556}") = "CSSPEnums", "src\dlls\CSSPEnums\CSSPEnums.csproj", "{95CAA5ED-5ECC-461A-AE98-DC441E395EC6}"
EndProject
Project("{9A19103F-16F7-4668-BE54-9A1E7A4F7556}") = "CSSPModels", "src\dlls\CSSPModels\CSSPModels.csproj", "{B0A8C75E-9065-4CDA-8669-A7845FD7664F}"
EndProject
Project("{9A19103F-16F7-4668-BE54-9A1E7A4F7556}") = "CSSPEnums.Tests", "src\tests\CSSPEnums.Tests\CSSPEnums.Tests.csproj", "{71220674-7B40-4F4B-AF8E-814B01BF49DB}"
EndProject
Project("{9A19103F-16F7-4668-BE54-9A1E7A4F7556}") = "CSSPModels.Tests", "src\tests\CSSPModels.Tests\CSSPModels.Tests.csproj", "{8784F33E-ABA0-4A46-AC0D-BF0E64CC04CE}"
EndProject
Project("{9A19103F-16F7-4668-BE54-9A1E7A4F7556}") = "CSSPWebAPIs.Tests", "src\webs\Tests\CSSPWebAPIs.Tests\CSSPWebAPIs.Tests.csproj", "{94D2B0DB-F344-4BD8-9AB1-BA75D7ED5216}"
EndProject
Project("{9A19103F-16F7-4668-BE54-9A1E7A4F7556}") = "CSSPWebAPIs", "src\webs\CSSPWebAPIs\CSSPWebAPIs.csproj", "{76C379DD-47B1-4514-ACBE-021176536B0A}"
EndProject
Project("{9A19103F-16F7-4668-BE54-9A1E7A4F7556}") = "CSSPCultureServices", "src\dlls\CSSPCultureServices\CSSPCultureServices.csproj", "{3900FB41-76EE-41BE-99FF-3D4FE6A4C736}"
EndProject
Project("{9A19103F-16F7-4668-BE54-9A1E7A4F7556}") = "CSSPCultureServices.Tests", "src\tests\CSSPCultureServices.Tests\CSSPCultureServices.Tests.csproj", "{7CBC854E-CE53-49AA-8E83-8D4C13F1FCC1}"
EndProject
Project("{9A19103F-16F7-4668-BE54-9A1E7A4F7556}") = "CSSPDesktopServices", "src\webs\CSSPDesktopServices\CSSPDesktopServices.csproj", "{D3639891-5B74-4C2E-B01E-A7AD3DDCED75}"
EndProject
Project("{9A19103F-16F7-4668-BE54-9A1E7A4F7556}") = "CSSPDesktopServices.Tests", "src\webs\Tests\CSSPDesktopServices.Tests\CSSPDesktopServices.Tests.csproj", "{BE212A6B-B9BF-4D63-94DE-447D9DD306B3}"
EndProject
Project("{9A19103F-16F7-4668-BE54-9A1E7A4F7556}") = "CSSPDesktop", "src\webs\CSSPDesktop\CSSPDesktop.csproj", "{7682E565-F768-4AC2-89CF-1942DF814FAA}"
EndProject
Project("{C7167F0D-BC9F-4E6E-AFE1-012C56B48DB5}") = "CSSPDesktopInstall", "src\webs\CSSPDesktopInstall\CSSPDesktopInstall.wapproj", "{B50C0712-308E-4C7E-81D9-183876356883}"
EndProject
Project("{9A19103F-16F7-4668-BE54-9A1E7A4F7556}") = "CSSPDesktopInstallPostBuild", "src\webs\CSSPDesktopInstallPostBuild\CSSPDesktopInstallPostBuild.csproj", "{770BAE97-7ADD-45AB-AC6D-2325D49727BD}"
EndProject
Project("{9A19103F-16F7-4668-BE54-9A1E7A4F7556}") = "CSSPWebAPIsLocal", "src\webs\CSSPWebAPIsLocal\CSSPWebAPIsLocal.csproj", "{3F4D6C1E-0BBE-4B5B-8F7B-7437C90CAB9B}"
EndProject
Project("{9A19103F-16F7-4668-BE54-9A1E7A4F7556}") = "CSSPWebAPIsLocal.Tests", "src\webs\Tests\CSSPWebAPIsLocal.Tests\CSSPWebAPIsLocal.Tests.csproj", "{E07DEE2F-9365-4714-8E7B-CD4E00F3B32E}"
EndProject
Project("{9A19103F-16F7-4668-BE54-9A1E7A4F7556}") = "CSSPDBServices", "src\dlls\CSSPDBServices\CSSPDBServices.csproj", "{AEF7CEEB-522B-4C80-8DC8-FBED0716EEEC}"
EndProject
Project("{9A19103F-16F7-4668-BE54-9A1E7A4F7556}") = "CSSPDBLocalServices", "src\dlls\CSSPDBLocalServices\CSSPDBLocalServices.csproj", "{53DD4E20-8DA0-423E-8E7D-0A443F9CAD57}"
EndProject
Project("{9A19103F-16F7-4668-BE54-9A1E7A4F7556}") = "CSSPDBLocalIMServices", "src\dlls\CSSPDBLocalIMServices\CSSPDBLocalIMServices.csproj", "{67C046F2-6956-4AD8-BD20-C5E6DB1B3C37}"
EndProject
Project("{9A19103F-16F7-4668-BE54-9A1E7A4F7556}") = "CSSPDBServices.Tests", "src\tests\CSSPDBServices.Tests\CSSPDBServices.Tests.csproj", "{13D5C812-8DA8-4B08-97CC-3FC699DD483A}"
EndProject
Project("{9A19103F-16F7-4668-BE54-9A1E7A4F7556}") = "CSSPDBLocalServices.Tests", "src\tests\CSSPDBLocalServices.Tests\CSSPDBLocalServices.Tests.csproj", "{511EBC5C-0E84-487F-992D-665D98389E39}"
EndProject
Project("{9A19103F-16F7-4668-BE54-9A1E7A4F7556}") = "CSSPDBLocalIMServices.Tests", "src\tests\CSSPDBLocalIMServices.Tests\CSSPDBLocalIMServices.Tests.csproj", "{FC5CC659-616C-4FB8-9384-0932A649F2DE}"
EndProject
Project("{9A19103F-16F7-4668-BE54-9A1E7A4F7556}") = "LoggedInServices", "src\dlls\LoggedInServices\LoggedInServices.csproj", "{E9A991A2-3CB9-44EE-A9AD-86227D4C66D3}"
EndProject
Project("{9A19103F-16F7-4668-BE54-9A1E7A4F7556}") = "LoggedInServices.Tests", "src\tests\LoggedInServices.Tests\LoggedInServices.Tests.csproj", "{E0EFEA72-A987-4F89-AB8A-49AA9CF0EE6A}"
EndProject
Project("{9A19103F-16F7-4668-BE54-9A1E7A4F7556}") = "CSSPDBLoginServices.Tests", "src\tests\CSSPDBLoginServices.Tests\CSSPDBLoginServices.Tests.csproj", "{B5B8AA7A-BC81-43BC-A637-9FDF4735B915}"
EndProject
Project("{9A19103F-16F7-4668-BE54-9A1E7A4F7556}") = "CSSPDBSearchServices.Tests", "src\tests\CSSPDBSearchServices.Tests\CSSPDBSearchServices.Tests.csproj", "{560A8D03-B5EB-450A-A5D6-6376A7EB74B6}"
EndProject
Project("{9A19103F-16F7-4668-BE54-9A1E7A4F7556}") = "CSSPSQLiteServices.Tests", "src\tests\CSSPSQLiteServices.Tests\CSSPSQLiteServices.Tests.csproj", "{26904D5F-B0D5-4A04-BEB5-06D5D55878CA}"
EndProject
Project("{9A19103F-16F7-4668-BE54-9A1E7A4F7556}") = "CreateGzFileServices.Tests", "src\tests\CreateGzFileServices.Tests\CreateGzFileServices.Tests.csproj", "{56863296-59C8-41B8-9A0A-E1EF70514890}"
EndProject
Project("{9A19103F-16F7-4668-BE54-9A1E7A4F7556}") = "DownloadGzFileServices.Tests", "src\tests\DownloadGzFileServices.Tests\DownloadGzFileServices.Tests.csproj", "{C7EE8457-F0C8-48BB-9355-3C5DEBF7E720}"
EndProject
Project("{9A19103F-16F7-4668-BE54-9A1E7A4F7556}") = "LocalServices.Tests", "src\tests\LocalServices.Tests\LocalServices.Tests.csproj", "{B1F5A73B-045B-4F7F-8429-D8D121DD0B6F}"
EndProject
Project("{9A19103F-16F7-4668-BE54-9A1E7A4F7556}") = "ReadGzFileServices.Tests", "src\tests\ReadGzFileServices.Tests\ReadGzFileServices.Tests.csproj", "{73F914CC-B6D9-4564-9933-E1AAFC44F61C}"
EndProject
Project("{9A19103F-16F7-4668-BE54-9A1E7A4F7556}") = "CreateGzFileServices", "src\dlls\CreateGzFileServices\CreateGzFileServices.csproj", "{C9E00508-A05C-4CFE-9B23-7601910D5622}"
EndProject
Project("{9A19103F-16F7-4668-BE54-9A1E7A4F7556}") = "CSSPDBLoginServices", "src\dlls\CSSPDBLoginServices\CSSPDBLoginServices.csproj", "{F288A8E5-136C-4F15-9E93-BE783AEB36F3}"
EndProject
Project("{9A19103F-16F7-4668-BE54-9A1E7A4F7556}") = "CSSPDBSearchServices", "src\dlls\CSSPDBSearchServices\CSSPDBSearchServices.csproj", "{158905C6-B99F-4D4A-868F-8177BF60D77C}"
EndProject
Project("{9A19103F-16F7-4668-BE54-9A1E7A4F7556}") = "CSSPSQLiteServices", "src\dlls\CSSPSQLiteServices\CSSPSQLiteServices.csproj", "{17D4BC06-BA35-4020-AC5D-AA9E8C183EC5}"
EndProject
Project("{9A19103F-16F7-4668-BE54-9A1E7A4F7556}") = "DownloadGzFileServices", "src\dlls\DownloadGzFileServices\DownloadGzFileServices.csproj", "{A1761913-D92A-426D-A912-B5EADDED1C2E}"
EndProject
Project("{9A19103F-16F7-4668-BE54-9A1E7A4F7556}") = "LocalServices", "src\dlls\LocalServices\LocalServices.csproj", "{34398500-1054-4866-8FB0-429F0C39E84A}"
EndProject
Project("{9A19103F-16F7-4668-BE54-9A1E7A4F7556}") = "ReadGzFileServices", "src\dlls\ReadGzFileServices\ReadGzFileServices.csproj", "{5AA7F63F-CEDC-4DB1-B490-6D30D8920D34}"
EndProject
Project("{9A19103F-16F7-4668-BE54-9A1E7A4F7556}") = "CSSPDBFilesManagementServices", "src\dlls\CSSPDBFilesManagementServices\CSSPDBFilesManagementServices.csproj", "{BCEECAA7-EF16-47B0-887C-ACE8925C9BF7}"
EndProject
Project("{9A19103F-16F7-4668-BE54-9A1E7A4F7556}") = "CSSPDBFilesManagementServices.Tests", "src\tests\CSSPDBFilesManagementServices.Tests\CSSPDBFilesManagementServices.Tests.csproj", "{A9DCC60E-C063-4A5F-AA10-D350D8A73FFF}"
EndProject
Global
	GlobalSection(SolutionConfigurationPlatforms) = preSolution
		Debug|Any CPU = Debug|Any CPU
		Debug|ARM = Debug|ARM
		Debug|ARM64 = Debug|ARM64
		Debug|x64 = Debug|x64
		Debug|x86 = Debug|x86
		Release|Any CPU = Release|Any CPU
		Release|ARM = Release|ARM
		Release|ARM64 = Release|ARM64
		Release|x64 = Release|x64
		Release|x86 = Release|x86
	EndGlobalSection
	GlobalSection(ProjectConfigurationPlatforms) = postSolution
		{95CAA5ED-5ECC-461A-AE98-DC441E395EC6}.Debug|Any CPU.ActiveCfg = Debug|Any CPU
		{95CAA5ED-5ECC-461A-AE98-DC441E395EC6}.Debug|Any CPU.Build.0 = Debug|Any CPU
		{95CAA5ED-5ECC-461A-AE98-DC441E395EC6}.Debug|ARM.ActiveCfg = Debug|Any CPU
		{95CAA5ED-5ECC-461A-AE98-DC441E395EC6}.Debug|ARM.Build.0 = Debug|Any CPU
		{95CAA5ED-5ECC-461A-AE98-DC441E395EC6}.Debug|ARM64.ActiveCfg = Debug|Any CPU
		{95CAA5ED-5ECC-461A-AE98-DC441E395EC6}.Debug|ARM64.Build.0 = Debug|Any CPU
		{95CAA5ED-5ECC-461A-AE98-DC441E395EC6}.Debug|x64.ActiveCfg = Debug|Any CPU
		{95CAA5ED-5ECC-461A-AE98-DC441E395EC6}.Debug|x64.Build.0 = Debug|Any CPU
		{95CAA5ED-5ECC-461A-AE98-DC441E395EC6}.Debug|x86.ActiveCfg = Debug|Any CPU
		{95CAA5ED-5ECC-461A-AE98-DC441E395EC6}.Debug|x86.Build.0 = Debug|Any CPU
		{95CAA5ED-5ECC-461A-AE98-DC441E395EC6}.Release|Any CPU.ActiveCfg = Release|Any CPU
		{95CAA5ED-5ECC-461A-AE98-DC441E395EC6}.Release|Any CPU.Build.0 = Release|Any CPU
		{95CAA5ED-5ECC-461A-AE98-DC441E395EC6}.Release|ARM.ActiveCfg = Release|Any CPU
		{95CAA5ED-5ECC-461A-AE98-DC441E395EC6}.Release|ARM.Build.0 = Release|Any CPU
		{95CAA5ED-5ECC-461A-AE98-DC441E395EC6}.Release|ARM64.ActiveCfg = Release|Any CPU
		{95CAA5ED-5ECC-461A-AE98-DC441E395EC6}.Release|ARM64.Build.0 = Release|Any CPU
		{95CAA5ED-5ECC-461A-AE98-DC441E395EC6}.Release|x64.ActiveCfg = Release|x64
		{95CAA5ED-5ECC-461A-AE98-DC441E395EC6}.Release|x64.Build.0 = Release|x64
		{95CAA5ED-5ECC-461A-AE98-DC441E395EC6}.Release|x86.ActiveCfg = Release|x86
		{95CAA5ED-5ECC-461A-AE98-DC441E395EC6}.Release|x86.Build.0 = Release|x86
		{B0A8C75E-9065-4CDA-8669-A7845FD7664F}.Debug|Any CPU.ActiveCfg = Debug|Any CPU
		{B0A8C75E-9065-4CDA-8669-A7845FD7664F}.Debug|Any CPU.Build.0 = Debug|Any CPU
		{B0A8C75E-9065-4CDA-8669-A7845FD7664F}.Debug|ARM.ActiveCfg = Debug|Any CPU
		{B0A8C75E-9065-4CDA-8669-A7845FD7664F}.Debug|ARM.Build.0 = Debug|Any CPU
		{B0A8C75E-9065-4CDA-8669-A7845FD7664F}.Debug|ARM64.ActiveCfg = Debug|Any CPU
		{B0A8C75E-9065-4CDA-8669-A7845FD7664F}.Debug|ARM64.Build.0 = Debug|Any CPU
		{B0A8C75E-9065-4CDA-8669-A7845FD7664F}.Debug|x64.ActiveCfg = Debug|Any CPU
		{B0A8C75E-9065-4CDA-8669-A7845FD7664F}.Debug|x64.Build.0 = Debug|Any CPU
		{B0A8C75E-9065-4CDA-8669-A7845FD7664F}.Debug|x86.ActiveCfg = Debug|Any CPU
		{B0A8C75E-9065-4CDA-8669-A7845FD7664F}.Debug|x86.Build.0 = Debug|Any CPU
		{B0A8C75E-9065-4CDA-8669-A7845FD7664F}.Release|Any CPU.ActiveCfg = Release|Any CPU
		{B0A8C75E-9065-4CDA-8669-A7845FD7664F}.Release|Any CPU.Build.0 = Release|Any CPU
		{B0A8C75E-9065-4CDA-8669-A7845FD7664F}.Release|ARM.ActiveCfg = Release|Any CPU
		{B0A8C75E-9065-4CDA-8669-A7845FD7664F}.Release|ARM.Build.0 = Release|Any CPU
		{B0A8C75E-9065-4CDA-8669-A7845FD7664F}.Release|ARM64.ActiveCfg = Release|Any CPU
		{B0A8C75E-9065-4CDA-8669-A7845FD7664F}.Release|ARM64.Build.0 = Release|Any CPU
		{B0A8C75E-9065-4CDA-8669-A7845FD7664F}.Release|x64.ActiveCfg = Release|x64
		{B0A8C75E-9065-4CDA-8669-A7845FD7664F}.Release|x64.Build.0 = Release|x64
		{B0A8C75E-9065-4CDA-8669-A7845FD7664F}.Release|x86.ActiveCfg = Release|x86
		{B0A8C75E-9065-4CDA-8669-A7845FD7664F}.Release|x86.Build.0 = Release|x86
		{71220674-7B40-4F4B-AF8E-814B01BF49DB}.Debug|Any CPU.ActiveCfg = Debug|Any CPU
		{71220674-7B40-4F4B-AF8E-814B01BF49DB}.Debug|Any CPU.Build.0 = Debug|Any CPU
		{71220674-7B40-4F4B-AF8E-814B01BF49DB}.Debug|ARM.ActiveCfg = Debug|Any CPU
		{71220674-7B40-4F4B-AF8E-814B01BF49DB}.Debug|ARM.Build.0 = Debug|Any CPU
		{71220674-7B40-4F4B-AF8E-814B01BF49DB}.Debug|ARM64.ActiveCfg = Debug|Any CPU
		{71220674-7B40-4F4B-AF8E-814B01BF49DB}.Debug|ARM64.Build.0 = Debug|Any CPU
		{71220674-7B40-4F4B-AF8E-814B01BF49DB}.Debug|x64.ActiveCfg = Debug|Any CPU
		{71220674-7B40-4F4B-AF8E-814B01BF49DB}.Debug|x64.Build.0 = Debug|Any CPU
		{71220674-7B40-4F4B-AF8E-814B01BF49DB}.Debug|x86.ActiveCfg = Debug|Any CPU
		{71220674-7B40-4F4B-AF8E-814B01BF49DB}.Debug|x86.Build.0 = Debug|Any CPU
		{71220674-7B40-4F4B-AF8E-814B01BF49DB}.Release|Any CPU.ActiveCfg = Release|Any CPU
		{71220674-7B40-4F4B-AF8E-814B01BF49DB}.Release|Any CPU.Build.0 = Release|Any CPU
		{71220674-7B40-4F4B-AF8E-814B01BF49DB}.Release|ARM.ActiveCfg = Release|Any CPU
		{71220674-7B40-4F4B-AF8E-814B01BF49DB}.Release|ARM.Build.0 = Release|Any CPU
		{71220674-7B40-4F4B-AF8E-814B01BF49DB}.Release|ARM64.ActiveCfg = Release|Any CPU
		{71220674-7B40-4F4B-AF8E-814B01BF49DB}.Release|ARM64.Build.0 = Release|Any CPU
		{71220674-7B40-4F4B-AF8E-814B01BF49DB}.Release|x64.ActiveCfg = Release|Any CPU
		{71220674-7B40-4F4B-AF8E-814B01BF49DB}.Release|x64.Build.0 = Release|Any CPU
		{71220674-7B40-4F4B-AF8E-814B01BF49DB}.Release|x86.ActiveCfg = Release|Any CPU
		{71220674-7B40-4F4B-AF8E-814B01BF49DB}.Release|x86.Build.0 = Release|Any CPU
		{8784F33E-ABA0-4A46-AC0D-BF0E64CC04CE}.Debug|Any CPU.ActiveCfg = Debug|Any CPU
		{8784F33E-ABA0-4A46-AC0D-BF0E64CC04CE}.Debug|Any CPU.Build.0 = Debug|Any CPU
		{8784F33E-ABA0-4A46-AC0D-BF0E64CC04CE}.Debug|ARM.ActiveCfg = Debug|Any CPU
		{8784F33E-ABA0-4A46-AC0D-BF0E64CC04CE}.Debug|ARM.Build.0 = Debug|Any CPU
		{8784F33E-ABA0-4A46-AC0D-BF0E64CC04CE}.Debug|ARM64.ActiveCfg = Debug|Any CPU
		{8784F33E-ABA0-4A46-AC0D-BF0E64CC04CE}.Debug|ARM64.Build.0 = Debug|Any CPU
		{8784F33E-ABA0-4A46-AC0D-BF0E64CC04CE}.Debug|x64.ActiveCfg = Debug|Any CPU
		{8784F33E-ABA0-4A46-AC0D-BF0E64CC04CE}.Debug|x64.Build.0 = Debug|Any CPU
		{8784F33E-ABA0-4A46-AC0D-BF0E64CC04CE}.Debug|x86.ActiveCfg = Debug|Any CPU
		{8784F33E-ABA0-4A46-AC0D-BF0E64CC04CE}.Debug|x86.Build.0 = Debug|Any CPU
		{8784F33E-ABA0-4A46-AC0D-BF0E64CC04CE}.Release|Any CPU.ActiveCfg = Release|Any CPU
		{8784F33E-ABA0-4A46-AC0D-BF0E64CC04CE}.Release|Any CPU.Build.0 = Release|Any CPU
		{8784F33E-ABA0-4A46-AC0D-BF0E64CC04CE}.Release|ARM.ActiveCfg = Release|Any CPU
		{8784F33E-ABA0-4A46-AC0D-BF0E64CC04CE}.Release|ARM.Build.0 = Release|Any CPU
		{8784F33E-ABA0-4A46-AC0D-BF0E64CC04CE}.Release|ARM64.ActiveCfg = Release|Any CPU
		{8784F33E-ABA0-4A46-AC0D-BF0E64CC04CE}.Release|ARM64.Build.0 = Release|Any CPU
		{8784F33E-ABA0-4A46-AC0D-BF0E64CC04CE}.Release|x64.ActiveCfg = Release|Any CPU
		{8784F33E-ABA0-4A46-AC0D-BF0E64CC04CE}.Release|x64.Build.0 = Release|Any CPU
		{8784F33E-ABA0-4A46-AC0D-BF0E64CC04CE}.Release|x86.ActiveCfg = Release|Any CPU
		{8784F33E-ABA0-4A46-AC0D-BF0E64CC04CE}.Release|x86.Build.0 = Release|Any CPU
		{94D2B0DB-F344-4BD8-9AB1-BA75D7ED5216}.Debug|Any CPU.ActiveCfg = Debug|Any CPU
		{94D2B0DB-F344-4BD8-9AB1-BA75D7ED5216}.Debug|Any CPU.Build.0 = Debug|Any CPU
		{94D2B0DB-F344-4BD8-9AB1-BA75D7ED5216}.Debug|ARM.ActiveCfg = Debug|Any CPU
		{94D2B0DB-F344-4BD8-9AB1-BA75D7ED5216}.Debug|ARM.Build.0 = Debug|Any CPU
		{94D2B0DB-F344-4BD8-9AB1-BA75D7ED5216}.Debug|ARM64.ActiveCfg = Debug|Any CPU
		{94D2B0DB-F344-4BD8-9AB1-BA75D7ED5216}.Debug|ARM64.Build.0 = Debug|Any CPU
		{94D2B0DB-F344-4BD8-9AB1-BA75D7ED5216}.Debug|x64.ActiveCfg = Debug|Any CPU
		{94D2B0DB-F344-4BD8-9AB1-BA75D7ED5216}.Debug|x64.Build.0 = Debug|Any CPU
		{94D2B0DB-F344-4BD8-9AB1-BA75D7ED5216}.Debug|x86.ActiveCfg = Debug|Any CPU
		{94D2B0DB-F344-4BD8-9AB1-BA75D7ED5216}.Debug|x86.Build.0 = Debug|Any CPU
		{94D2B0DB-F344-4BD8-9AB1-BA75D7ED5216}.Release|Any CPU.ActiveCfg = Release|Any CPU
		{94D2B0DB-F344-4BD8-9AB1-BA75D7ED5216}.Release|Any CPU.Build.0 = Release|Any CPU
		{94D2B0DB-F344-4BD8-9AB1-BA75D7ED5216}.Release|ARM.ActiveCfg = Release|Any CPU
		{94D2B0DB-F344-4BD8-9AB1-BA75D7ED5216}.Release|ARM.Build.0 = Release|Any CPU
		{94D2B0DB-F344-4BD8-9AB1-BA75D7ED5216}.Release|ARM64.ActiveCfg = Release|Any CPU
		{94D2B0DB-F344-4BD8-9AB1-BA75D7ED5216}.Release|ARM64.Build.0 = Release|Any CPU
		{94D2B0DB-F344-4BD8-9AB1-BA75D7ED5216}.Release|x64.ActiveCfg = Release|Any CPU
		{94D2B0DB-F344-4BD8-9AB1-BA75D7ED5216}.Release|x64.Build.0 = Release|Any CPU
		{94D2B0DB-F344-4BD8-9AB1-BA75D7ED5216}.Release|x86.ActiveCfg = Release|Any CPU
		{94D2B0DB-F344-4BD8-9AB1-BA75D7ED5216}.Release|x86.Build.0 = Release|Any CPU
		{76C379DD-47B1-4514-ACBE-021176536B0A}.Debug|Any CPU.ActiveCfg = Debug|Any CPU
		{76C379DD-47B1-4514-ACBE-021176536B0A}.Debug|Any CPU.Build.0 = Debug|Any CPU
		{76C379DD-47B1-4514-ACBE-021176536B0A}.Debug|ARM.ActiveCfg = Debug|Any CPU
		{76C379DD-47B1-4514-ACBE-021176536B0A}.Debug|ARM.Build.0 = Debug|Any CPU
		{76C379DD-47B1-4514-ACBE-021176536B0A}.Debug|ARM64.ActiveCfg = Debug|Any CPU
		{76C379DD-47B1-4514-ACBE-021176536B0A}.Debug|ARM64.Build.0 = Debug|Any CPU
		{76C379DD-47B1-4514-ACBE-021176536B0A}.Debug|x64.ActiveCfg = Debug|Any CPU
		{76C379DD-47B1-4514-ACBE-021176536B0A}.Debug|x64.Build.0 = Debug|Any CPU
		{76C379DD-47B1-4514-ACBE-021176536B0A}.Debug|x86.ActiveCfg = Debug|Any CPU
		{76C379DD-47B1-4514-ACBE-021176536B0A}.Debug|x86.Build.0 = Debug|Any CPU
		{76C379DD-47B1-4514-ACBE-021176536B0A}.Release|Any CPU.ActiveCfg = Release|Any CPU
		{76C379DD-47B1-4514-ACBE-021176536B0A}.Release|Any CPU.Build.0 = Release|Any CPU
		{76C379DD-47B1-4514-ACBE-021176536B0A}.Release|ARM.ActiveCfg = Release|Any CPU
		{76C379DD-47B1-4514-ACBE-021176536B0A}.Release|ARM.Build.0 = Release|Any CPU
		{76C379DD-47B1-4514-ACBE-021176536B0A}.Release|ARM64.ActiveCfg = Release|Any CPU
		{76C379DD-47B1-4514-ACBE-021176536B0A}.Release|ARM64.Build.0 = Release|Any CPU
		{76C379DD-47B1-4514-ACBE-021176536B0A}.Release|x64.ActiveCfg = Release|Any CPU
		{76C379DD-47B1-4514-ACBE-021176536B0A}.Release|x64.Build.0 = Release|Any CPU
		{76C379DD-47B1-4514-ACBE-021176536B0A}.Release|x86.ActiveCfg = Release|Any CPU
		{76C379DD-47B1-4514-ACBE-021176536B0A}.Release|x86.Build.0 = Release|Any CPU
		{3900FB41-76EE-41BE-99FF-3D4FE6A4C736}.Debug|Any CPU.ActiveCfg = Debug|Any CPU
		{3900FB41-76EE-41BE-99FF-3D4FE6A4C736}.Debug|Any CPU.Build.0 = Debug|Any CPU
		{3900FB41-76EE-41BE-99FF-3D4FE6A4C736}.Debug|ARM.ActiveCfg = Debug|Any CPU
		{3900FB41-76EE-41BE-99FF-3D4FE6A4C736}.Debug|ARM.Build.0 = Debug|Any CPU
		{3900FB41-76EE-41BE-99FF-3D4FE6A4C736}.Debug|ARM64.ActiveCfg = Debug|Any CPU
		{3900FB41-76EE-41BE-99FF-3D4FE6A4C736}.Debug|ARM64.Build.0 = Debug|Any CPU
		{3900FB41-76EE-41BE-99FF-3D4FE6A4C736}.Debug|x64.ActiveCfg = Debug|Any CPU
		{3900FB41-76EE-41BE-99FF-3D4FE6A4C736}.Debug|x64.Build.0 = Debug|Any CPU
		{3900FB41-76EE-41BE-99FF-3D4FE6A4C736}.Debug|x86.ActiveCfg = Debug|Any CPU
		{3900FB41-76EE-41BE-99FF-3D4FE6A4C736}.Debug|x86.Build.0 = Debug|Any CPU
		{3900FB41-76EE-41BE-99FF-3D4FE6A4C736}.Release|Any CPU.ActiveCfg = Release|Any CPU
		{3900FB41-76EE-41BE-99FF-3D4FE6A4C736}.Release|Any CPU.Build.0 = Release|Any CPU
		{3900FB41-76EE-41BE-99FF-3D4FE6A4C736}.Release|ARM.ActiveCfg = Release|Any CPU
		{3900FB41-76EE-41BE-99FF-3D4FE6A4C736}.Release|ARM.Build.0 = Release|Any CPU
		{3900FB41-76EE-41BE-99FF-3D4FE6A4C736}.Release|ARM64.ActiveCfg = Release|Any CPU
		{3900FB41-76EE-41BE-99FF-3D4FE6A4C736}.Release|ARM64.Build.0 = Release|Any CPU
		{3900FB41-76EE-41BE-99FF-3D4FE6A4C736}.Release|x64.ActiveCfg = Release|x64
		{3900FB41-76EE-41BE-99FF-3D4FE6A4C736}.Release|x64.Build.0 = Release|x64
		{3900FB41-76EE-41BE-99FF-3D4FE6A4C736}.Release|x86.ActiveCfg = Release|x86
		{3900FB41-76EE-41BE-99FF-3D4FE6A4C736}.Release|x86.Build.0 = Release|x86
		{7CBC854E-CE53-49AA-8E83-8D4C13F1FCC1}.Debug|Any CPU.ActiveCfg = Debug|Any CPU
		{7CBC854E-CE53-49AA-8E83-8D4C13F1FCC1}.Debug|Any CPU.Build.0 = Debug|Any CPU
		{7CBC854E-CE53-49AA-8E83-8D4C13F1FCC1}.Debug|ARM.ActiveCfg = Debug|Any CPU
		{7CBC854E-CE53-49AA-8E83-8D4C13F1FCC1}.Debug|ARM.Build.0 = Debug|Any CPU
		{7CBC854E-CE53-49AA-8E83-8D4C13F1FCC1}.Debug|ARM64.ActiveCfg = Debug|Any CPU
		{7CBC854E-CE53-49AA-8E83-8D4C13F1FCC1}.Debug|ARM64.Build.0 = Debug|Any CPU
		{7CBC854E-CE53-49AA-8E83-8D4C13F1FCC1}.Debug|x64.ActiveCfg = Debug|Any CPU
		{7CBC854E-CE53-49AA-8E83-8D4C13F1FCC1}.Debug|x64.Build.0 = Debug|Any CPU
		{7CBC854E-CE53-49AA-8E83-8D4C13F1FCC1}.Debug|x86.ActiveCfg = Debug|Any CPU
		{7CBC854E-CE53-49AA-8E83-8D4C13F1FCC1}.Debug|x86.Build.0 = Debug|Any CPU
		{7CBC854E-CE53-49AA-8E83-8D4C13F1FCC1}.Release|Any CPU.ActiveCfg = Release|Any CPU
		{7CBC854E-CE53-49AA-8E83-8D4C13F1FCC1}.Release|Any CPU.Build.0 = Release|Any CPU
		{7CBC854E-CE53-49AA-8E83-8D4C13F1FCC1}.Release|ARM.ActiveCfg = Release|Any CPU
		{7CBC854E-CE53-49AA-8E83-8D4C13F1FCC1}.Release|ARM.Build.0 = Release|Any CPU
		{7CBC854E-CE53-49AA-8E83-8D4C13F1FCC1}.Release|ARM64.ActiveCfg = Release|Any CPU
		{7CBC854E-CE53-49AA-8E83-8D4C13F1FCC1}.Release|ARM64.Build.0 = Release|Any CPU
		{7CBC854E-CE53-49AA-8E83-8D4C13F1FCC1}.Release|x64.ActiveCfg = Release|Any CPU
		{7CBC854E-CE53-49AA-8E83-8D4C13F1FCC1}.Release|x64.Build.0 = Release|Any CPU
		{7CBC854E-CE53-49AA-8E83-8D4C13F1FCC1}.Release|x86.ActiveCfg = Release|Any CPU
		{7CBC854E-CE53-49AA-8E83-8D4C13F1FCC1}.Release|x86.Build.0 = Release|Any CPU
		{D3639891-5B74-4C2E-B01E-A7AD3DDCED75}.Debug|Any CPU.ActiveCfg = Debug|Any CPU
		{D3639891-5B74-4C2E-B01E-A7AD3DDCED75}.Debug|Any CPU.Build.0 = Debug|Any CPU
		{D3639891-5B74-4C2E-B01E-A7AD3DDCED75}.Debug|ARM.ActiveCfg = Debug|Any CPU
		{D3639891-5B74-4C2E-B01E-A7AD3DDCED75}.Debug|ARM.Build.0 = Debug|Any CPU
		{D3639891-5B74-4C2E-B01E-A7AD3DDCED75}.Debug|ARM64.ActiveCfg = Debug|Any CPU
		{D3639891-5B74-4C2E-B01E-A7AD3DDCED75}.Debug|ARM64.Build.0 = Debug|Any CPU
		{D3639891-5B74-4C2E-B01E-A7AD3DDCED75}.Debug|x64.ActiveCfg = Debug|Any CPU
		{D3639891-5B74-4C2E-B01E-A7AD3DDCED75}.Debug|x64.Build.0 = Debug|Any CPU
		{D3639891-5B74-4C2E-B01E-A7AD3DDCED75}.Debug|x86.ActiveCfg = Debug|Any CPU
		{D3639891-5B74-4C2E-B01E-A7AD3DDCED75}.Debug|x86.Build.0 = Debug|Any CPU
		{D3639891-5B74-4C2E-B01E-A7AD3DDCED75}.Release|Any CPU.ActiveCfg = Release|Any CPU
		{D3639891-5B74-4C2E-B01E-A7AD3DDCED75}.Release|Any CPU.Build.0 = Release|Any CPU
		{D3639891-5B74-4C2E-B01E-A7AD3DDCED75}.Release|ARM.ActiveCfg = Release|Any CPU
		{D3639891-5B74-4C2E-B01E-A7AD3DDCED75}.Release|ARM.Build.0 = Release|Any CPU
		{D3639891-5B74-4C2E-B01E-A7AD3DDCED75}.Release|ARM64.ActiveCfg = Release|Any CPU
		{D3639891-5B74-4C2E-B01E-A7AD3DDCED75}.Release|ARM64.Build.0 = Release|Any CPU
		{D3639891-5B74-4C2E-B01E-A7AD3DDCED75}.Release|x64.ActiveCfg = Release|x64
		{D3639891-5B74-4C2E-B01E-A7AD3DDCED75}.Release|x64.Build.0 = Release|x64
		{D3639891-5B74-4C2E-B01E-A7AD3DDCED75}.Release|x86.ActiveCfg = Release|x86
		{D3639891-5B74-4C2E-B01E-A7AD3DDCED75}.Release|x86.Build.0 = Release|x86
		{BE212A6B-B9BF-4D63-94DE-447D9DD306B3}.Debug|Any CPU.ActiveCfg = Debug|Any CPU
		{BE212A6B-B9BF-4D63-94DE-447D9DD306B3}.Debug|Any CPU.Build.0 = Debug|Any CPU
		{BE212A6B-B9BF-4D63-94DE-447D9DD306B3}.Debug|ARM.ActiveCfg = Debug|Any CPU
		{BE212A6B-B9BF-4D63-94DE-447D9DD306B3}.Debug|ARM.Build.0 = Debug|Any CPU
		{BE212A6B-B9BF-4D63-94DE-447D9DD306B3}.Debug|ARM64.ActiveCfg = Debug|Any CPU
		{BE212A6B-B9BF-4D63-94DE-447D9DD306B3}.Debug|ARM64.Build.0 = Debug|Any CPU
		{BE212A6B-B9BF-4D63-94DE-447D9DD306B3}.Debug|x64.ActiveCfg = Debug|Any CPU
		{BE212A6B-B9BF-4D63-94DE-447D9DD306B3}.Debug|x64.Build.0 = Debug|Any CPU
		{BE212A6B-B9BF-4D63-94DE-447D9DD306B3}.Debug|x86.ActiveCfg = Debug|Any CPU
		{BE212A6B-B9BF-4D63-94DE-447D9DD306B3}.Debug|x86.Build.0 = Debug|Any CPU
		{BE212A6B-B9BF-4D63-94DE-447D9DD306B3}.Release|Any CPU.ActiveCfg = Release|Any CPU
		{BE212A6B-B9BF-4D63-94DE-447D9DD306B3}.Release|Any CPU.Build.0 = Release|Any CPU
		{BE212A6B-B9BF-4D63-94DE-447D9DD306B3}.Release|ARM.ActiveCfg = Release|Any CPU
		{BE212A6B-B9BF-4D63-94DE-447D9DD306B3}.Release|ARM.Build.0 = Release|Any CPU
		{BE212A6B-B9BF-4D63-94DE-447D9DD306B3}.Release|ARM64.ActiveCfg = Release|Any CPU
		{BE212A6B-B9BF-4D63-94DE-447D9DD306B3}.Release|ARM64.Build.0 = Release|Any CPU
		{BE212A6B-B9BF-4D63-94DE-447D9DD306B3}.Release|x64.ActiveCfg = Release|Any CPU
		{BE212A6B-B9BF-4D63-94DE-447D9DD306B3}.Release|x64.Build.0 = Release|Any CPU
		{BE212A6B-B9BF-4D63-94DE-447D9DD306B3}.Release|x86.ActiveCfg = Release|Any CPU
		{BE212A6B-B9BF-4D63-94DE-447D9DD306B3}.Release|x86.Build.0 = Release|Any CPU
		{7682E565-F768-4AC2-89CF-1942DF814FAA}.Debug|Any CPU.ActiveCfg = Debug|Any CPU
		{7682E565-F768-4AC2-89CF-1942DF814FAA}.Debug|Any CPU.Build.0 = Debug|Any CPU
		{7682E565-F768-4AC2-89CF-1942DF814FAA}.Debug|ARM.ActiveCfg = Debug|Any CPU
		{7682E565-F768-4AC2-89CF-1942DF814FAA}.Debug|ARM.Build.0 = Debug|Any CPU
		{7682E565-F768-4AC2-89CF-1942DF814FAA}.Debug|ARM64.ActiveCfg = Debug|Any CPU
		{7682E565-F768-4AC2-89CF-1942DF814FAA}.Debug|ARM64.Build.0 = Debug|Any CPU
		{7682E565-F768-4AC2-89CF-1942DF814FAA}.Debug|x64.ActiveCfg = Debug|Any CPU
		{7682E565-F768-4AC2-89CF-1942DF814FAA}.Debug|x64.Build.0 = Debug|Any CPU
		{7682E565-F768-4AC2-89CF-1942DF814FAA}.Debug|x86.ActiveCfg = Debug|Any CPU
		{7682E565-F768-4AC2-89CF-1942DF814FAA}.Debug|x86.Build.0 = Debug|Any CPU
		{7682E565-F768-4AC2-89CF-1942DF814FAA}.Release|Any CPU.ActiveCfg = Release|Any CPU
		{7682E565-F768-4AC2-89CF-1942DF814FAA}.Release|Any CPU.Build.0 = Release|Any CPU
		{7682E565-F768-4AC2-89CF-1942DF814FAA}.Release|ARM.ActiveCfg = Release|Any CPU
		{7682E565-F768-4AC2-89CF-1942DF814FAA}.Release|ARM.Build.0 = Release|Any CPU
		{7682E565-F768-4AC2-89CF-1942DF814FAA}.Release|ARM64.ActiveCfg = Release|Any CPU
		{7682E565-F768-4AC2-89CF-1942DF814FAA}.Release|ARM64.Build.0 = Release|Any CPU
		{7682E565-F768-4AC2-89CF-1942DF814FAA}.Release|x64.ActiveCfg = Release|x64
		{7682E565-F768-4AC2-89CF-1942DF814FAA}.Release|x64.Build.0 = Release|x64
		{7682E565-F768-4AC2-89CF-1942DF814FAA}.Release|x86.ActiveCfg = Release|x86
		{7682E565-F768-4AC2-89CF-1942DF814FAA}.Release|x86.Build.0 = Release|x86
		{B50C0712-308E-4C7E-81D9-183876356883}.Debug|Any CPU.ActiveCfg = Debug|Any CPU
		{B50C0712-308E-4C7E-81D9-183876356883}.Debug|Any CPU.Build.0 = Debug|Any CPU
		{B50C0712-308E-4C7E-81D9-183876356883}.Debug|Any CPU.Deploy.0 = Debug|Any CPU
		{B50C0712-308E-4C7E-81D9-183876356883}.Debug|ARM.ActiveCfg = Debug|ARM
		{B50C0712-308E-4C7E-81D9-183876356883}.Debug|ARM.Build.0 = Debug|ARM
		{B50C0712-308E-4C7E-81D9-183876356883}.Debug|ARM.Deploy.0 = Debug|ARM
		{B50C0712-308E-4C7E-81D9-183876356883}.Debug|ARM64.ActiveCfg = Debug|ARM64
		{B50C0712-308E-4C7E-81D9-183876356883}.Debug|ARM64.Build.0 = Debug|ARM64
		{B50C0712-308E-4C7E-81D9-183876356883}.Debug|ARM64.Deploy.0 = Debug|ARM64
		{B50C0712-308E-4C7E-81D9-183876356883}.Debug|x64.ActiveCfg = Debug|x64
		{B50C0712-308E-4C7E-81D9-183876356883}.Debug|x64.Build.0 = Debug|x64
		{B50C0712-308E-4C7E-81D9-183876356883}.Debug|x64.Deploy.0 = Debug|x64
		{B50C0712-308E-4C7E-81D9-183876356883}.Debug|x86.ActiveCfg = Debug|x86
		{B50C0712-308E-4C7E-81D9-183876356883}.Debug|x86.Build.0 = Debug|x86
		{B50C0712-308E-4C7E-81D9-183876356883}.Debug|x86.Deploy.0 = Debug|x86
		{B50C0712-308E-4C7E-81D9-183876356883}.Release|Any CPU.ActiveCfg = Release|Any CPU
		{B50C0712-308E-4C7E-81D9-183876356883}.Release|Any CPU.Build.0 = Release|Any CPU
		{B50C0712-308E-4C7E-81D9-183876356883}.Release|Any CPU.Deploy.0 = Release|Any CPU
		{B50C0712-308E-4C7E-81D9-183876356883}.Release|ARM.ActiveCfg = Release|ARM
		{B50C0712-308E-4C7E-81D9-183876356883}.Release|ARM.Build.0 = Release|ARM
		{B50C0712-308E-4C7E-81D9-183876356883}.Release|ARM.Deploy.0 = Release|ARM
		{B50C0712-308E-4C7E-81D9-183876356883}.Release|ARM64.ActiveCfg = Release|ARM64
		{B50C0712-308E-4C7E-81D9-183876356883}.Release|ARM64.Build.0 = Release|ARM64
		{B50C0712-308E-4C7E-81D9-183876356883}.Release|ARM64.Deploy.0 = Release|ARM64
		{B50C0712-308E-4C7E-81D9-183876356883}.Release|x64.ActiveCfg = Release|x64
		{B50C0712-308E-4C7E-81D9-183876356883}.Release|x64.Build.0 = Release|x64
		{B50C0712-308E-4C7E-81D9-183876356883}.Release|x64.Deploy.0 = Release|x64
		{B50C0712-308E-4C7E-81D9-183876356883}.Release|x86.ActiveCfg = Release|x86
		{B50C0712-308E-4C7E-81D9-183876356883}.Release|x86.Build.0 = Release|x86
		{B50C0712-308E-4C7E-81D9-183876356883}.Release|x86.Deploy.0 = Release|x86
		{770BAE97-7ADD-45AB-AC6D-2325D49727BD}.Debug|Any CPU.ActiveCfg = Debug|Any CPU
		{770BAE97-7ADD-45AB-AC6D-2325D49727BD}.Debug|Any CPU.Build.0 = Debug|Any CPU
		{770BAE97-7ADD-45AB-AC6D-2325D49727BD}.Debug|ARM.ActiveCfg = Debug|Any CPU
		{770BAE97-7ADD-45AB-AC6D-2325D49727BD}.Debug|ARM.Build.0 = Debug|Any CPU
		{770BAE97-7ADD-45AB-AC6D-2325D49727BD}.Debug|ARM64.ActiveCfg = Debug|Any CPU
		{770BAE97-7ADD-45AB-AC6D-2325D49727BD}.Debug|ARM64.Build.0 = Debug|Any CPU
		{770BAE97-7ADD-45AB-AC6D-2325D49727BD}.Debug|x64.ActiveCfg = Debug|Any CPU
		{770BAE97-7ADD-45AB-AC6D-2325D49727BD}.Debug|x64.Build.0 = Debug|Any CPU
		{770BAE97-7ADD-45AB-AC6D-2325D49727BD}.Debug|x86.ActiveCfg = Debug|Any CPU
		{770BAE97-7ADD-45AB-AC6D-2325D49727BD}.Debug|x86.Build.0 = Debug|Any CPU
		{770BAE97-7ADD-45AB-AC6D-2325D49727BD}.Release|Any CPU.ActiveCfg = Release|Any CPU
		{770BAE97-7ADD-45AB-AC6D-2325D49727BD}.Release|Any CPU.Build.0 = Release|Any CPU
		{770BAE97-7ADD-45AB-AC6D-2325D49727BD}.Release|ARM.ActiveCfg = Release|Any CPU
		{770BAE97-7ADD-45AB-AC6D-2325D49727BD}.Release|ARM.Build.0 = Release|Any CPU
		{770BAE97-7ADD-45AB-AC6D-2325D49727BD}.Release|ARM64.ActiveCfg = Release|Any CPU
		{770BAE97-7ADD-45AB-AC6D-2325D49727BD}.Release|ARM64.Build.0 = Release|Any CPU
		{770BAE97-7ADD-45AB-AC6D-2325D49727BD}.Release|x64.ActiveCfg = Release|Any CPU
		{770BAE97-7ADD-45AB-AC6D-2325D49727BD}.Release|x64.Build.0 = Release|Any CPU
		{770BAE97-7ADD-45AB-AC6D-2325D49727BD}.Release|x86.ActiveCfg = Release|Any CPU
		{770BAE97-7ADD-45AB-AC6D-2325D49727BD}.Release|x86.Build.0 = Release|Any CPU
		{3F4D6C1E-0BBE-4B5B-8F7B-7437C90CAB9B}.Debug|Any CPU.ActiveCfg = Debug|Any CPU
		{3F4D6C1E-0BBE-4B5B-8F7B-7437C90CAB9B}.Debug|Any CPU.Build.0 = Debug|Any CPU
		{3F4D6C1E-0BBE-4B5B-8F7B-7437C90CAB9B}.Debug|ARM.ActiveCfg = Debug|Any CPU
		{3F4D6C1E-0BBE-4B5B-8F7B-7437C90CAB9B}.Debug|ARM.Build.0 = Debug|Any CPU
		{3F4D6C1E-0BBE-4B5B-8F7B-7437C90CAB9B}.Debug|ARM64.ActiveCfg = Debug|Any CPU
		{3F4D6C1E-0BBE-4B5B-8F7B-7437C90CAB9B}.Debug|ARM64.Build.0 = Debug|Any CPU
		{3F4D6C1E-0BBE-4B5B-8F7B-7437C90CAB9B}.Debug|x64.ActiveCfg = Debug|Any CPU
		{3F4D6C1E-0BBE-4B5B-8F7B-7437C90CAB9B}.Debug|x64.Build.0 = Debug|Any CPU
		{3F4D6C1E-0BBE-4B5B-8F7B-7437C90CAB9B}.Debug|x86.ActiveCfg = Debug|Any CPU
		{3F4D6C1E-0BBE-4B5B-8F7B-7437C90CAB9B}.Debug|x86.Build.0 = Debug|Any CPU
		{3F4D6C1E-0BBE-4B5B-8F7B-7437C90CAB9B}.Release|Any CPU.ActiveCfg = Release|Any CPU
		{3F4D6C1E-0BBE-4B5B-8F7B-7437C90CAB9B}.Release|Any CPU.Build.0 = Release|Any CPU
		{3F4D6C1E-0BBE-4B5B-8F7B-7437C90CAB9B}.Release|ARM.ActiveCfg = Release|Any CPU
		{3F4D6C1E-0BBE-4B5B-8F7B-7437C90CAB9B}.Release|ARM.Build.0 = Release|Any CPU
		{3F4D6C1E-0BBE-4B5B-8F7B-7437C90CAB9B}.Release|ARM64.ActiveCfg = Release|Any CPU
		{3F4D6C1E-0BBE-4B5B-8F7B-7437C90CAB9B}.Release|ARM64.Build.0 = Release|Any CPU
		{3F4D6C1E-0BBE-4B5B-8F7B-7437C90CAB9B}.Release|x64.ActiveCfg = Release|Any CPU
		{3F4D6C1E-0BBE-4B5B-8F7B-7437C90CAB9B}.Release|x64.Build.0 = Release|Any CPU
		{3F4D6C1E-0BBE-4B5B-8F7B-7437C90CAB9B}.Release|x86.ActiveCfg = Release|Any CPU
		{3F4D6C1E-0BBE-4B5B-8F7B-7437C90CAB9B}.Release|x86.Build.0 = Release|Any CPU
		{E07DEE2F-9365-4714-8E7B-CD4E00F3B32E}.Debug|Any CPU.ActiveCfg = Debug|Any CPU
		{E07DEE2F-9365-4714-8E7B-CD4E00F3B32E}.Debug|Any CPU.Build.0 = Debug|Any CPU
		{E07DEE2F-9365-4714-8E7B-CD4E00F3B32E}.Debug|ARM.ActiveCfg = Debug|Any CPU
		{E07DEE2F-9365-4714-8E7B-CD4E00F3B32E}.Debug|ARM.Build.0 = Debug|Any CPU
		{E07DEE2F-9365-4714-8E7B-CD4E00F3B32E}.Debug|ARM64.ActiveCfg = Debug|Any CPU
		{E07DEE2F-9365-4714-8E7B-CD4E00F3B32E}.Debug|ARM64.Build.0 = Debug|Any CPU
		{E07DEE2F-9365-4714-8E7B-CD4E00F3B32E}.Debug|x64.ActiveCfg = Debug|Any CPU
		{E07DEE2F-9365-4714-8E7B-CD4E00F3B32E}.Debug|x64.Build.0 = Debug|Any CPU
		{E07DEE2F-9365-4714-8E7B-CD4E00F3B32E}.Debug|x86.ActiveCfg = Debug|Any CPU
		{E07DEE2F-9365-4714-8E7B-CD4E00F3B32E}.Debug|x86.Build.0 = Debug|Any CPU
		{E07DEE2F-9365-4714-8E7B-CD4E00F3B32E}.Release|Any CPU.ActiveCfg = Release|Any CPU
		{E07DEE2F-9365-4714-8E7B-CD4E00F3B32E}.Release|Any CPU.Build.0 = Release|Any CPU
		{E07DEE2F-9365-4714-8E7B-CD4E00F3B32E}.Release|ARM.ActiveCfg = Release|Any CPU
		{E07DEE2F-9365-4714-8E7B-CD4E00F3B32E}.Release|ARM.Build.0 = Release|Any CPU
		{E07DEE2F-9365-4714-8E7B-CD4E00F3B32E}.Release|ARM64.ActiveCfg = Release|Any CPU
		{E07DEE2F-9365-4714-8E7B-CD4E00F3B32E}.Release|ARM64.Build.0 = Release|Any CPU
		{E07DEE2F-9365-4714-8E7B-CD4E00F3B32E}.Release|x64.ActiveCfg = Release|Any CPU
		{E07DEE2F-9365-4714-8E7B-CD4E00F3B32E}.Release|x64.Build.0 = Release|Any CPU
		{E07DEE2F-9365-4714-8E7B-CD4E00F3B32E}.Release|x86.ActiveCfg = Release|Any CPU
		{E07DEE2F-9365-4714-8E7B-CD4E00F3B32E}.Release|x86.Build.0 = Release|Any CPU
		{AEF7CEEB-522B-4C80-8DC8-FBED0716EEEC}.Debug|Any CPU.ActiveCfg = Debug|Any CPU
		{AEF7CEEB-522B-4C80-8DC8-FBED0716EEEC}.Debug|Any CPU.Build.0 = Debug|Any CPU
		{AEF7CEEB-522B-4C80-8DC8-FBED0716EEEC}.Debug|ARM.ActiveCfg = Debug|Any CPU
		{AEF7CEEB-522B-4C80-8DC8-FBED0716EEEC}.Debug|ARM.Build.0 = Debug|Any CPU
		{AEF7CEEB-522B-4C80-8DC8-FBED0716EEEC}.Debug|ARM64.ActiveCfg = Debug|Any CPU
		{AEF7CEEB-522B-4C80-8DC8-FBED0716EEEC}.Debug|ARM64.Build.0 = Debug|Any CPU
		{AEF7CEEB-522B-4C80-8DC8-FBED0716EEEC}.Debug|x64.ActiveCfg = Debug|x64
		{AEF7CEEB-522B-4C80-8DC8-FBED0716EEEC}.Debug|x64.Build.0 = Debug|x64
		{AEF7CEEB-522B-4C80-8DC8-FBED0716EEEC}.Debug|x86.ActiveCfg = Debug|x86
		{AEF7CEEB-522B-4C80-8DC8-FBED0716EEEC}.Debug|x86.Build.0 = Debug|x86
		{AEF7CEEB-522B-4C80-8DC8-FBED0716EEEC}.Release|Any CPU.ActiveCfg = Release|Any CPU
		{AEF7CEEB-522B-4C80-8DC8-FBED0716EEEC}.Release|Any CPU.Build.0 = Release|Any CPU
		{AEF7CEEB-522B-4C80-8DC8-FBED0716EEEC}.Release|ARM.ActiveCfg = Release|Any CPU
		{AEF7CEEB-522B-4C80-8DC8-FBED0716EEEC}.Release|ARM.Build.0 = Release|Any CPU
		{AEF7CEEB-522B-4C80-8DC8-FBED0716EEEC}.Release|ARM64.ActiveCfg = Release|Any CPU
		{AEF7CEEB-522B-4C80-8DC8-FBED0716EEEC}.Release|ARM64.Build.0 = Release|Any CPU
		{AEF7CEEB-522B-4C80-8DC8-FBED0716EEEC}.Release|x64.ActiveCfg = Release|x64
		{AEF7CEEB-522B-4C80-8DC8-FBED0716EEEC}.Release|x64.Build.0 = Release|x64
		{AEF7CEEB-522B-4C80-8DC8-FBED0716EEEC}.Release|x86.ActiveCfg = Release|x86
		{AEF7CEEB-522B-4C80-8DC8-FBED0716EEEC}.Release|x86.Build.0 = Release|x86
		{53DD4E20-8DA0-423E-8E7D-0A443F9CAD57}.Debug|Any CPU.ActiveCfg = Debug|Any CPU
		{53DD4E20-8DA0-423E-8E7D-0A443F9CAD57}.Debug|Any CPU.Build.0 = Debug|Any CPU
		{53DD4E20-8DA0-423E-8E7D-0A443F9CAD57}.Debug|ARM.ActiveCfg = Debug|Any CPU
		{53DD4E20-8DA0-423E-8E7D-0A443F9CAD57}.Debug|ARM.Build.0 = Debug|Any CPU
		{53DD4E20-8DA0-423E-8E7D-0A443F9CAD57}.Debug|ARM64.ActiveCfg = Debug|Any CPU
		{53DD4E20-8DA0-423E-8E7D-0A443F9CAD57}.Debug|ARM64.Build.0 = Debug|Any CPU
		{53DD4E20-8DA0-423E-8E7D-0A443F9CAD57}.Debug|x64.ActiveCfg = Debug|x64
		{53DD4E20-8DA0-423E-8E7D-0A443F9CAD57}.Debug|x64.Build.0 = Debug|x64
		{53DD4E20-8DA0-423E-8E7D-0A443F9CAD57}.Debug|x86.ActiveCfg = Debug|x86
		{53DD4E20-8DA0-423E-8E7D-0A443F9CAD57}.Debug|x86.Build.0 = Debug|x86
		{53DD4E20-8DA0-423E-8E7D-0A443F9CAD57}.Release|Any CPU.ActiveCfg = Release|Any CPU
		{53DD4E20-8DA0-423E-8E7D-0A443F9CAD57}.Release|Any CPU.Build.0 = Release|Any CPU
		{53DD4E20-8DA0-423E-8E7D-0A443F9CAD57}.Release|ARM.ActiveCfg = Release|Any CPU
		{53DD4E20-8DA0-423E-8E7D-0A443F9CAD57}.Release|ARM.Build.0 = Release|Any CPU
		{53DD4E20-8DA0-423E-8E7D-0A443F9CAD57}.Release|ARM64.ActiveCfg = Release|Any CPU
		{53DD4E20-8DA0-423E-8E7D-0A443F9CAD57}.Release|ARM64.Build.0 = Release|Any CPU
		{53DD4E20-8DA0-423E-8E7D-0A443F9CAD57}.Release|x64.ActiveCfg = Release|x64
		{53DD4E20-8DA0-423E-8E7D-0A443F9CAD57}.Release|x64.Build.0 = Release|x64
		{53DD4E20-8DA0-423E-8E7D-0A443F9CAD57}.Release|x86.ActiveCfg = Release|x86
		{53DD4E20-8DA0-423E-8E7D-0A443F9CAD57}.Release|x86.Build.0 = Release|x86
		{67C046F2-6956-4AD8-BD20-C5E6DB1B3C37}.Debug|Any CPU.ActiveCfg = Debug|Any CPU
		{67C046F2-6956-4AD8-BD20-C5E6DB1B3C37}.Debug|Any CPU.Build.0 = Debug|Any CPU
		{67C046F2-6956-4AD8-BD20-C5E6DB1B3C37}.Debug|ARM.ActiveCfg = Debug|Any CPU
		{67C046F2-6956-4AD8-BD20-C5E6DB1B3C37}.Debug|ARM.Build.0 = Debug|Any CPU
		{67C046F2-6956-4AD8-BD20-C5E6DB1B3C37}.Debug|ARM64.ActiveCfg = Debug|Any CPU
		{67C046F2-6956-4AD8-BD20-C5E6DB1B3C37}.Debug|ARM64.Build.0 = Debug|Any CPU
		{67C046F2-6956-4AD8-BD20-C5E6DB1B3C37}.Debug|x64.ActiveCfg = Debug|x64
		{67C046F2-6956-4AD8-BD20-C5E6DB1B3C37}.Debug|x64.Build.0 = Debug|x64
		{67C046F2-6956-4AD8-BD20-C5E6DB1B3C37}.Debug|x86.ActiveCfg = Debug|x86
		{67C046F2-6956-4AD8-BD20-C5E6DB1B3C37}.Debug|x86.Build.0 = Debug|x86
		{67C046F2-6956-4AD8-BD20-C5E6DB1B3C37}.Release|Any CPU.ActiveCfg = Release|Any CPU
		{67C046F2-6956-4AD8-BD20-C5E6DB1B3C37}.Release|Any CPU.Build.0 = Release|Any CPU
		{67C046F2-6956-4AD8-BD20-C5E6DB1B3C37}.Release|ARM.ActiveCfg = Release|Any CPU
		{67C046F2-6956-4AD8-BD20-C5E6DB1B3C37}.Release|ARM.Build.0 = Release|Any CPU
		{67C046F2-6956-4AD8-BD20-C5E6DB1B3C37}.Release|ARM64.ActiveCfg = Release|Any CPU
		{67C046F2-6956-4AD8-BD20-C5E6DB1B3C37}.Release|ARM64.Build.0 = Release|Any CPU
		{67C046F2-6956-4AD8-BD20-C5E6DB1B3C37}.Release|x64.ActiveCfg = Release|x64
		{67C046F2-6956-4AD8-BD20-C5E6DB1B3C37}.Release|x64.Build.0 = Release|x64
		{67C046F2-6956-4AD8-BD20-C5E6DB1B3C37}.Release|x86.ActiveCfg = Release|x86
		{67C046F2-6956-4AD8-BD20-C5E6DB1B3C37}.Release|x86.Build.0 = Release|x86
		{13D5C812-8DA8-4B08-97CC-3FC699DD483A}.Debug|Any CPU.ActiveCfg = Debug|Any CPU
		{13D5C812-8DA8-4B08-97CC-3FC699DD483A}.Debug|Any CPU.Build.0 = Debug|Any CPU
		{13D5C812-8DA8-4B08-97CC-3FC699DD483A}.Debug|ARM.ActiveCfg = Debug|Any CPU
		{13D5C812-8DA8-4B08-97CC-3FC699DD483A}.Debug|ARM.Build.0 = Debug|Any CPU
		{13D5C812-8DA8-4B08-97CC-3FC699DD483A}.Debug|ARM64.ActiveCfg = Debug|Any CPU
		{13D5C812-8DA8-4B08-97CC-3FC699DD483A}.Debug|ARM64.Build.0 = Debug|Any CPU
		{13D5C812-8DA8-4B08-97CC-3FC699DD483A}.Debug|x64.ActiveCfg = Debug|Any CPU
		{13D5C812-8DA8-4B08-97CC-3FC699DD483A}.Debug|x64.Build.0 = Debug|Any CPU
		{13D5C812-8DA8-4B08-97CC-3FC699DD483A}.Debug|x86.ActiveCfg = Debug|Any CPU
		{13D5C812-8DA8-4B08-97CC-3FC699DD483A}.Debug|x86.Build.0 = Debug|Any CPU
		{13D5C812-8DA8-4B08-97CC-3FC699DD483A}.Release|Any CPU.ActiveCfg = Release|Any CPU
		{13D5C812-8DA8-4B08-97CC-3FC699DD483A}.Release|Any CPU.Build.0 = Release|Any CPU
		{13D5C812-8DA8-4B08-97CC-3FC699DD483A}.Release|ARM.ActiveCfg = Release|Any CPU
		{13D5C812-8DA8-4B08-97CC-3FC699DD483A}.Release|ARM.Build.0 = Release|Any CPU
		{13D5C812-8DA8-4B08-97CC-3FC699DD483A}.Release|ARM64.ActiveCfg = Release|Any CPU
		{13D5C812-8DA8-4B08-97CC-3FC699DD483A}.Release|ARM64.Build.0 = Release|Any CPU
		{13D5C812-8DA8-4B08-97CC-3FC699DD483A}.Release|x64.ActiveCfg = Release|Any CPU
		{13D5C812-8DA8-4B08-97CC-3FC699DD483A}.Release|x64.Build.0 = Release|Any CPU
		{13D5C812-8DA8-4B08-97CC-3FC699DD483A}.Release|x86.ActiveCfg = Release|Any CPU
		{13D5C812-8DA8-4B08-97CC-3FC699DD483A}.Release|x86.Build.0 = Release|Any CPU
		{511EBC5C-0E84-487F-992D-665D98389E39}.Debug|Any CPU.ActiveCfg = Debug|Any CPU
		{511EBC5C-0E84-487F-992D-665D98389E39}.Debug|Any CPU.Build.0 = Debug|Any CPU
		{511EBC5C-0E84-487F-992D-665D98389E39}.Debug|ARM.ActiveCfg = Debug|Any CPU
		{511EBC5C-0E84-487F-992D-665D98389E39}.Debug|ARM.Build.0 = Debug|Any CPU
		{511EBC5C-0E84-487F-992D-665D98389E39}.Debug|ARM64.ActiveCfg = Debug|Any CPU
		{511EBC5C-0E84-487F-992D-665D98389E39}.Debug|ARM64.Build.0 = Debug|Any CPU
		{511EBC5C-0E84-487F-992D-665D98389E39}.Debug|x64.ActiveCfg = Debug|Any CPU
		{511EBC5C-0E84-487F-992D-665D98389E39}.Debug|x64.Build.0 = Debug|Any CPU
		{511EBC5C-0E84-487F-992D-665D98389E39}.Debug|x86.ActiveCfg = Debug|Any CPU
		{511EBC5C-0E84-487F-992D-665D98389E39}.Debug|x86.Build.0 = Debug|Any CPU
		{511EBC5C-0E84-487F-992D-665D98389E39}.Release|Any CPU.ActiveCfg = Release|Any CPU
		{511EBC5C-0E84-487F-992D-665D98389E39}.Release|Any CPU.Build.0 = Release|Any CPU
		{511EBC5C-0E84-487F-992D-665D98389E39}.Release|ARM.ActiveCfg = Release|Any CPU
		{511EBC5C-0E84-487F-992D-665D98389E39}.Release|ARM.Build.0 = Release|Any CPU
		{511EBC5C-0E84-487F-992D-665D98389E39}.Release|ARM64.ActiveCfg = Release|Any CPU
		{511EBC5C-0E84-487F-992D-665D98389E39}.Release|ARM64.Build.0 = Release|Any CPU
		{511EBC5C-0E84-487F-992D-665D98389E39}.Release|x64.ActiveCfg = Release|Any CPU
		{511EBC5C-0E84-487F-992D-665D98389E39}.Release|x64.Build.0 = Release|Any CPU
		{511EBC5C-0E84-487F-992D-665D98389E39}.Release|x86.ActiveCfg = Release|Any CPU
		{511EBC5C-0E84-487F-992D-665D98389E39}.Release|x86.Build.0 = Release|Any CPU
		{FC5CC659-616C-4FB8-9384-0932A649F2DE}.Debug|Any CPU.ActiveCfg = Debug|Any CPU
		{FC5CC659-616C-4FB8-9384-0932A649F2DE}.Debug|Any CPU.Build.0 = Debug|Any CPU
		{FC5CC659-616C-4FB8-9384-0932A649F2DE}.Debug|ARM.ActiveCfg = Debug|Any CPU
		{FC5CC659-616C-4FB8-9384-0932A649F2DE}.Debug|ARM.Build.0 = Debug|Any CPU
		{FC5CC659-616C-4FB8-9384-0932A649F2DE}.Debug|ARM64.ActiveCfg = Debug|Any CPU
		{FC5CC659-616C-4FB8-9384-0932A649F2DE}.Debug|ARM64.Build.0 = Debug|Any CPU
		{FC5CC659-616C-4FB8-9384-0932A649F2DE}.Debug|x64.ActiveCfg = Debug|Any CPU
		{FC5CC659-616C-4FB8-9384-0932A649F2DE}.Debug|x64.Build.0 = Debug|Any CPU
		{FC5CC659-616C-4FB8-9384-0932A649F2DE}.Debug|x86.ActiveCfg = Debug|Any CPU
		{FC5CC659-616C-4FB8-9384-0932A649F2DE}.Debug|x86.Build.0 = Debug|Any CPU
		{FC5CC659-616C-4FB8-9384-0932A649F2DE}.Release|Any CPU.ActiveCfg = Release|Any CPU
		{FC5CC659-616C-4FB8-9384-0932A649F2DE}.Release|Any CPU.Build.0 = Release|Any CPU
		{FC5CC659-616C-4FB8-9384-0932A649F2DE}.Release|ARM.ActiveCfg = Release|Any CPU
		{FC5CC659-616C-4FB8-9384-0932A649F2DE}.Release|ARM.Build.0 = Release|Any CPU
		{FC5CC659-616C-4FB8-9384-0932A649F2DE}.Release|ARM64.ActiveCfg = Release|Any CPU
		{FC5CC659-616C-4FB8-9384-0932A649F2DE}.Release|ARM64.Build.0 = Release|Any CPU
		{FC5CC659-616C-4FB8-9384-0932A649F2DE}.Release|x64.ActiveCfg = Release|Any CPU
		{FC5CC659-616C-4FB8-9384-0932A649F2DE}.Release|x64.Build.0 = Release|Any CPU
		{FC5CC659-616C-4FB8-9384-0932A649F2DE}.Release|x86.ActiveCfg = Release|Any CPU
		{FC5CC659-616C-4FB8-9384-0932A649F2DE}.Release|x86.Build.0 = Release|Any CPU
		{E9A991A2-3CB9-44EE-A9AD-86227D4C66D3}.Debug|Any CPU.ActiveCfg = Debug|Any CPU
		{E9A991A2-3CB9-44EE-A9AD-86227D4C66D3}.Debug|Any CPU.Build.0 = Debug|Any CPU
		{E9A991A2-3CB9-44EE-A9AD-86227D4C66D3}.Debug|ARM.ActiveCfg = Debug|Any CPU
		{E9A991A2-3CB9-44EE-A9AD-86227D4C66D3}.Debug|ARM.Build.0 = Debug|Any CPU
		{E9A991A2-3CB9-44EE-A9AD-86227D4C66D3}.Debug|ARM64.ActiveCfg = Debug|Any CPU
		{E9A991A2-3CB9-44EE-A9AD-86227D4C66D3}.Debug|ARM64.Build.0 = Debug|Any CPU
		{E9A991A2-3CB9-44EE-A9AD-86227D4C66D3}.Debug|x64.ActiveCfg = Debug|x64
		{E9A991A2-3CB9-44EE-A9AD-86227D4C66D3}.Debug|x64.Build.0 = Debug|x64
		{E9A991A2-3CB9-44EE-A9AD-86227D4C66D3}.Debug|x86.ActiveCfg = Debug|x86
		{E9A991A2-3CB9-44EE-A9AD-86227D4C66D3}.Debug|x86.Build.0 = Debug|x86
		{E9A991A2-3CB9-44EE-A9AD-86227D4C66D3}.Release|Any CPU.ActiveCfg = Release|Any CPU
		{E9A991A2-3CB9-44EE-A9AD-86227D4C66D3}.Release|Any CPU.Build.0 = Release|Any CPU
		{E9A991A2-3CB9-44EE-A9AD-86227D4C66D3}.Release|ARM.ActiveCfg = Release|Any CPU
		{E9A991A2-3CB9-44EE-A9AD-86227D4C66D3}.Release|ARM.Build.0 = Release|Any CPU
		{E9A991A2-3CB9-44EE-A9AD-86227D4C66D3}.Release|ARM64.ActiveCfg = Release|Any CPU
		{E9A991A2-3CB9-44EE-A9AD-86227D4C66D3}.Release|ARM64.Build.0 = Release|Any CPU
		{E9A991A2-3CB9-44EE-A9AD-86227D4C66D3}.Release|x64.ActiveCfg = Release|x64
		{E9A991A2-3CB9-44EE-A9AD-86227D4C66D3}.Release|x64.Build.0 = Release|x64
		{E9A991A2-3CB9-44EE-A9AD-86227D4C66D3}.Release|x86.ActiveCfg = Release|x86
		{E9A991A2-3CB9-44EE-A9AD-86227D4C66D3}.Release|x86.Build.0 = Release|x86
		{E0EFEA72-A987-4F89-AB8A-49AA9CF0EE6A}.Debug|Any CPU.ActiveCfg = Debug|Any CPU
		{E0EFEA72-A987-4F89-AB8A-49AA9CF0EE6A}.Debug|Any CPU.Build.0 = Debug|Any CPU
		{E0EFEA72-A987-4F89-AB8A-49AA9CF0EE6A}.Debug|ARM.ActiveCfg = Debug|Any CPU
		{E0EFEA72-A987-4F89-AB8A-49AA9CF0EE6A}.Debug|ARM.Build.0 = Debug|Any CPU
		{E0EFEA72-A987-4F89-AB8A-49AA9CF0EE6A}.Debug|ARM64.ActiveCfg = Debug|Any CPU
		{E0EFEA72-A987-4F89-AB8A-49AA9CF0EE6A}.Debug|ARM64.Build.0 = Debug|Any CPU
		{E0EFEA72-A987-4F89-AB8A-49AA9CF0EE6A}.Debug|x64.ActiveCfg = Debug|Any CPU
		{E0EFEA72-A987-4F89-AB8A-49AA9CF0EE6A}.Debug|x64.Build.0 = Debug|Any CPU
		{E0EFEA72-A987-4F89-AB8A-49AA9CF0EE6A}.Debug|x86.ActiveCfg = Debug|Any CPU
		{E0EFEA72-A987-4F89-AB8A-49AA9CF0EE6A}.Debug|x86.Build.0 = Debug|Any CPU
		{E0EFEA72-A987-4F89-AB8A-49AA9CF0EE6A}.Release|Any CPU.ActiveCfg = Release|Any CPU
		{E0EFEA72-A987-4F89-AB8A-49AA9CF0EE6A}.Release|Any CPU.Build.0 = Release|Any CPU
		{E0EFEA72-A987-4F89-AB8A-49AA9CF0EE6A}.Release|ARM.ActiveCfg = Release|Any CPU
		{E0EFEA72-A987-4F89-AB8A-49AA9CF0EE6A}.Release|ARM.Build.0 = Release|Any CPU
		{E0EFEA72-A987-4F89-AB8A-49AA9CF0EE6A}.Release|ARM64.ActiveCfg = Release|Any CPU
		{E0EFEA72-A987-4F89-AB8A-49AA9CF0EE6A}.Release|ARM64.Build.0 = Release|Any CPU
		{E0EFEA72-A987-4F89-AB8A-49AA9CF0EE6A}.Release|x64.ActiveCfg = Release|Any CPU
		{E0EFEA72-A987-4F89-AB8A-49AA9CF0EE6A}.Release|x64.Build.0 = Release|Any CPU
		{E0EFEA72-A987-4F89-AB8A-49AA9CF0EE6A}.Release|x86.ActiveCfg = Release|Any CPU
		{E0EFEA72-A987-4F89-AB8A-49AA9CF0EE6A}.Release|x86.Build.0 = Release|Any CPU
		{B5B8AA7A-BC81-43BC-A637-9FDF4735B915}.Debug|Any CPU.ActiveCfg = Debug|Any CPU
		{B5B8AA7A-BC81-43BC-A637-9FDF4735B915}.Debug|Any CPU.Build.0 = Debug|Any CPU
		{B5B8AA7A-BC81-43BC-A637-9FDF4735B915}.Debug|ARM.ActiveCfg = Debug|Any CPU
		{B5B8AA7A-BC81-43BC-A637-9FDF4735B915}.Debug|ARM.Build.0 = Debug|Any CPU
		{B5B8AA7A-BC81-43BC-A637-9FDF4735B915}.Debug|ARM64.ActiveCfg = Debug|Any CPU
		{B5B8AA7A-BC81-43BC-A637-9FDF4735B915}.Debug|ARM64.Build.0 = Debug|Any CPU
		{B5B8AA7A-BC81-43BC-A637-9FDF4735B915}.Debug|x64.ActiveCfg = Debug|Any CPU
		{B5B8AA7A-BC81-43BC-A637-9FDF4735B915}.Debug|x64.Build.0 = Debug|Any CPU
		{B5B8AA7A-BC81-43BC-A637-9FDF4735B915}.Debug|x86.ActiveCfg = Debug|Any CPU
		{B5B8AA7A-BC81-43BC-A637-9FDF4735B915}.Debug|x86.Build.0 = Debug|Any CPU
		{B5B8AA7A-BC81-43BC-A637-9FDF4735B915}.Release|Any CPU.ActiveCfg = Release|Any CPU
		{B5B8AA7A-BC81-43BC-A637-9FDF4735B915}.Release|Any CPU.Build.0 = Release|Any CPU
		{B5B8AA7A-BC81-43BC-A637-9FDF4735B915}.Release|ARM.ActiveCfg = Release|Any CPU
		{B5B8AA7A-BC81-43BC-A637-9FDF4735B915}.Release|ARM.Build.0 = Release|Any CPU
		{B5B8AA7A-BC81-43BC-A637-9FDF4735B915}.Release|ARM64.ActiveCfg = Release|Any CPU
		{B5B8AA7A-BC81-43BC-A637-9FDF4735B915}.Release|ARM64.Build.0 = Release|Any CPU
		{B5B8AA7A-BC81-43BC-A637-9FDF4735B915}.Release|x64.ActiveCfg = Release|Any CPU
		{B5B8AA7A-BC81-43BC-A637-9FDF4735B915}.Release|x64.Build.0 = Release|Any CPU
		{B5B8AA7A-BC81-43BC-A637-9FDF4735B915}.Release|x86.ActiveCfg = Release|Any CPU
		{B5B8AA7A-BC81-43BC-A637-9FDF4735B915}.Release|x86.Build.0 = Release|Any CPU
		{560A8D03-B5EB-450A-A5D6-6376A7EB74B6}.Debug|Any CPU.ActiveCfg = Debug|Any CPU
		{560A8D03-B5EB-450A-A5D6-6376A7EB74B6}.Debug|Any CPU.Build.0 = Debug|Any CPU
		{560A8D03-B5EB-450A-A5D6-6376A7EB74B6}.Debug|ARM.ActiveCfg = Debug|Any CPU
		{560A8D03-B5EB-450A-A5D6-6376A7EB74B6}.Debug|ARM.Build.0 = Debug|Any CPU
		{560A8D03-B5EB-450A-A5D6-6376A7EB74B6}.Debug|ARM64.ActiveCfg = Debug|Any CPU
		{560A8D03-B5EB-450A-A5D6-6376A7EB74B6}.Debug|ARM64.Build.0 = Debug|Any CPU
		{560A8D03-B5EB-450A-A5D6-6376A7EB74B6}.Debug|x64.ActiveCfg = Debug|Any CPU
		{560A8D03-B5EB-450A-A5D6-6376A7EB74B6}.Debug|x64.Build.0 = Debug|Any CPU
		{560A8D03-B5EB-450A-A5D6-6376A7EB74B6}.Debug|x86.ActiveCfg = Debug|Any CPU
		{560A8D03-B5EB-450A-A5D6-6376A7EB74B6}.Debug|x86.Build.0 = Debug|Any CPU
		{560A8D03-B5EB-450A-A5D6-6376A7EB74B6}.Release|Any CPU.ActiveCfg = Release|Any CPU
		{560A8D03-B5EB-450A-A5D6-6376A7EB74B6}.Release|Any CPU.Build.0 = Release|Any CPU
		{560A8D03-B5EB-450A-A5D6-6376A7EB74B6}.Release|ARM.ActiveCfg = Release|Any CPU
		{560A8D03-B5EB-450A-A5D6-6376A7EB74B6}.Release|ARM.Build.0 = Release|Any CPU
		{560A8D03-B5EB-450A-A5D6-6376A7EB74B6}.Release|ARM64.ActiveCfg = Release|Any CPU
		{560A8D03-B5EB-450A-A5D6-6376A7EB74B6}.Release|ARM64.Build.0 = Release|Any CPU
		{560A8D03-B5EB-450A-A5D6-6376A7EB74B6}.Release|x64.ActiveCfg = Release|Any CPU
		{560A8D03-B5EB-450A-A5D6-6376A7EB74B6}.Release|x64.Build.0 = Release|Any CPU
		{560A8D03-B5EB-450A-A5D6-6376A7EB74B6}.Release|x86.ActiveCfg = Release|Any CPU
		{560A8D03-B5EB-450A-A5D6-6376A7EB74B6}.Release|x86.Build.0 = Release|Any CPU
		{26904D5F-B0D5-4A04-BEB5-06D5D55878CA}.Debug|Any CPU.ActiveCfg = Debug|Any CPU
		{26904D5F-B0D5-4A04-BEB5-06D5D55878CA}.Debug|Any CPU.Build.0 = Debug|Any CPU
		{26904D5F-B0D5-4A04-BEB5-06D5D55878CA}.Debug|ARM.ActiveCfg = Debug|Any CPU
		{26904D5F-B0D5-4A04-BEB5-06D5D55878CA}.Debug|ARM.Build.0 = Debug|Any CPU
		{26904D5F-B0D5-4A04-BEB5-06D5D55878CA}.Debug|ARM64.ActiveCfg = Debug|Any CPU
		{26904D5F-B0D5-4A04-BEB5-06D5D55878CA}.Debug|ARM64.Build.0 = Debug|Any CPU
		{26904D5F-B0D5-4A04-BEB5-06D5D55878CA}.Debug|x64.ActiveCfg = Debug|Any CPU
		{26904D5F-B0D5-4A04-BEB5-06D5D55878CA}.Debug|x64.Build.0 = Debug|Any CPU
		{26904D5F-B0D5-4A04-BEB5-06D5D55878CA}.Debug|x86.ActiveCfg = Debug|Any CPU
		{26904D5F-B0D5-4A04-BEB5-06D5D55878CA}.Debug|x86.Build.0 = Debug|Any CPU
		{26904D5F-B0D5-4A04-BEB5-06D5D55878CA}.Release|Any CPU.ActiveCfg = Release|Any CPU
		{26904D5F-B0D5-4A04-BEB5-06D5D55878CA}.Release|Any CPU.Build.0 = Release|Any CPU
		{26904D5F-B0D5-4A04-BEB5-06D5D55878CA}.Release|ARM.ActiveCfg = Release|Any CPU
		{26904D5F-B0D5-4A04-BEB5-06D5D55878CA}.Release|ARM.Build.0 = Release|Any CPU
		{26904D5F-B0D5-4A04-BEB5-06D5D55878CA}.Release|ARM64.ActiveCfg = Release|Any CPU
		{26904D5F-B0D5-4A04-BEB5-06D5D55878CA}.Release|ARM64.Build.0 = Release|Any CPU
		{26904D5F-B0D5-4A04-BEB5-06D5D55878CA}.Release|x64.ActiveCfg = Release|Any CPU
		{26904D5F-B0D5-4A04-BEB5-06D5D55878CA}.Release|x64.Build.0 = Release|Any CPU
		{26904D5F-B0D5-4A04-BEB5-06D5D55878CA}.Release|x86.ActiveCfg = Release|Any CPU
		{26904D5F-B0D5-4A04-BEB5-06D5D55878CA}.Release|x86.Build.0 = Release|Any CPU
		{56863296-59C8-41B8-9A0A-E1EF70514890}.Debug|Any CPU.ActiveCfg = Debug|Any CPU
		{56863296-59C8-41B8-9A0A-E1EF70514890}.Debug|Any CPU.Build.0 = Debug|Any CPU
		{56863296-59C8-41B8-9A0A-E1EF70514890}.Debug|ARM.ActiveCfg = Debug|Any CPU
		{56863296-59C8-41B8-9A0A-E1EF70514890}.Debug|ARM.Build.0 = Debug|Any CPU
		{56863296-59C8-41B8-9A0A-E1EF70514890}.Debug|ARM64.ActiveCfg = Debug|Any CPU
		{56863296-59C8-41B8-9A0A-E1EF70514890}.Debug|ARM64.Build.0 = Debug|Any CPU
		{56863296-59C8-41B8-9A0A-E1EF70514890}.Debug|x64.ActiveCfg = Debug|Any CPU
		{56863296-59C8-41B8-9A0A-E1EF70514890}.Debug|x64.Build.0 = Debug|Any CPU
		{56863296-59C8-41B8-9A0A-E1EF70514890}.Debug|x86.ActiveCfg = Debug|Any CPU
		{56863296-59C8-41B8-9A0A-E1EF70514890}.Debug|x86.Build.0 = Debug|Any CPU
		{56863296-59C8-41B8-9A0A-E1EF70514890}.Release|Any CPU.ActiveCfg = Release|Any CPU
		{56863296-59C8-41B8-9A0A-E1EF70514890}.Release|Any CPU.Build.0 = Release|Any CPU
		{56863296-59C8-41B8-9A0A-E1EF70514890}.Release|ARM.ActiveCfg = Release|Any CPU
		{56863296-59C8-41B8-9A0A-E1EF70514890}.Release|ARM.Build.0 = Release|Any CPU
		{56863296-59C8-41B8-9A0A-E1EF70514890}.Release|ARM64.ActiveCfg = Release|Any CPU
		{56863296-59C8-41B8-9A0A-E1EF70514890}.Release|ARM64.Build.0 = Release|Any CPU
		{56863296-59C8-41B8-9A0A-E1EF70514890}.Release|x64.ActiveCfg = Release|Any CPU
		{56863296-59C8-41B8-9A0A-E1EF70514890}.Release|x64.Build.0 = Release|Any CPU
		{56863296-59C8-41B8-9A0A-E1EF70514890}.Release|x86.ActiveCfg = Release|Any CPU
		{56863296-59C8-41B8-9A0A-E1EF70514890}.Release|x86.Build.0 = Release|Any CPU
		{C7EE8457-F0C8-48BB-9355-3C5DEBF7E720}.Debug|Any CPU.ActiveCfg = Debug|Any CPU
		{C7EE8457-F0C8-48BB-9355-3C5DEBF7E720}.Debug|Any CPU.Build.0 = Debug|Any CPU
		{C7EE8457-F0C8-48BB-9355-3C5DEBF7E720}.Debug|ARM.ActiveCfg = Debug|Any CPU
		{C7EE8457-F0C8-48BB-9355-3C5DEBF7E720}.Debug|ARM.Build.0 = Debug|Any CPU
		{C7EE8457-F0C8-48BB-9355-3C5DEBF7E720}.Debug|ARM64.ActiveCfg = Debug|Any CPU
		{C7EE8457-F0C8-48BB-9355-3C5DEBF7E720}.Debug|ARM64.Build.0 = Debug|Any CPU
		{C7EE8457-F0C8-48BB-9355-3C5DEBF7E720}.Debug|x64.ActiveCfg = Debug|Any CPU
		{C7EE8457-F0C8-48BB-9355-3C5DEBF7E720}.Debug|x64.Build.0 = Debug|Any CPU
		{C7EE8457-F0C8-48BB-9355-3C5DEBF7E720}.Debug|x86.ActiveCfg = Debug|Any CPU
		{C7EE8457-F0C8-48BB-9355-3C5DEBF7E720}.Debug|x86.Build.0 = Debug|Any CPU
		{C7EE8457-F0C8-48BB-9355-3C5DEBF7E720}.Release|Any CPU.ActiveCfg = Release|Any CPU
		{C7EE8457-F0C8-48BB-9355-3C5DEBF7E720}.Release|Any CPU.Build.0 = Release|Any CPU
		{C7EE8457-F0C8-48BB-9355-3C5DEBF7E720}.Release|ARM.ActiveCfg = Release|Any CPU
		{C7EE8457-F0C8-48BB-9355-3C5DEBF7E720}.Release|ARM.Build.0 = Release|Any CPU
		{C7EE8457-F0C8-48BB-9355-3C5DEBF7E720}.Release|ARM64.ActiveCfg = Release|Any CPU
		{C7EE8457-F0C8-48BB-9355-3C5DEBF7E720}.Release|ARM64.Build.0 = Release|Any CPU
		{C7EE8457-F0C8-48BB-9355-3C5DEBF7E720}.Release|x64.ActiveCfg = Release|Any CPU
		{C7EE8457-F0C8-48BB-9355-3C5DEBF7E720}.Release|x64.Build.0 = Release|Any CPU
		{C7EE8457-F0C8-48BB-9355-3C5DEBF7E720}.Release|x86.ActiveCfg = Release|Any CPU
		{C7EE8457-F0C8-48BB-9355-3C5DEBF7E720}.Release|x86.Build.0 = Release|Any CPU
		{B1F5A73B-045B-4F7F-8429-D8D121DD0B6F}.Debug|Any CPU.ActiveCfg = Debug|Any CPU
		{B1F5A73B-045B-4F7F-8429-D8D121DD0B6F}.Debug|Any CPU.Build.0 = Debug|Any CPU
		{B1F5A73B-045B-4F7F-8429-D8D121DD0B6F}.Debug|ARM.ActiveCfg = Debug|Any CPU
		{B1F5A73B-045B-4F7F-8429-D8D121DD0B6F}.Debug|ARM.Build.0 = Debug|Any CPU
		{B1F5A73B-045B-4F7F-8429-D8D121DD0B6F}.Debug|ARM64.ActiveCfg = Debug|Any CPU
		{B1F5A73B-045B-4F7F-8429-D8D121DD0B6F}.Debug|ARM64.Build.0 = Debug|Any CPU
		{B1F5A73B-045B-4F7F-8429-D8D121DD0B6F}.Debug|x64.ActiveCfg = Debug|Any CPU
		{B1F5A73B-045B-4F7F-8429-D8D121DD0B6F}.Debug|x64.Build.0 = Debug|Any CPU
		{B1F5A73B-045B-4F7F-8429-D8D121DD0B6F}.Debug|x86.ActiveCfg = Debug|Any CPU
		{B1F5A73B-045B-4F7F-8429-D8D121DD0B6F}.Debug|x86.Build.0 = Debug|Any CPU
		{B1F5A73B-045B-4F7F-8429-D8D121DD0B6F}.Release|Any CPU.ActiveCfg = Release|Any CPU
		{B1F5A73B-045B-4F7F-8429-D8D121DD0B6F}.Release|Any CPU.Build.0 = Release|Any CPU
		{B1F5A73B-045B-4F7F-8429-D8D121DD0B6F}.Release|ARM.ActiveCfg = Release|Any CPU
		{B1F5A73B-045B-4F7F-8429-D8D121DD0B6F}.Release|ARM.Build.0 = Release|Any CPU
		{B1F5A73B-045B-4F7F-8429-D8D121DD0B6F}.Release|ARM64.ActiveCfg = Release|Any CPU
		{B1F5A73B-045B-4F7F-8429-D8D121DD0B6F}.Release|ARM64.Build.0 = Release|Any CPU
		{B1F5A73B-045B-4F7F-8429-D8D121DD0B6F}.Release|x64.ActiveCfg = Release|Any CPU
		{B1F5A73B-045B-4F7F-8429-D8D121DD0B6F}.Release|x64.Build.0 = Release|Any CPU
		{B1F5A73B-045B-4F7F-8429-D8D121DD0B6F}.Release|x86.ActiveCfg = Release|Any CPU
		{B1F5A73B-045B-4F7F-8429-D8D121DD0B6F}.Release|x86.Build.0 = Release|Any CPU
		{73F914CC-B6D9-4564-9933-E1AAFC44F61C}.Debug|Any CPU.ActiveCfg = Debug|Any CPU
		{73F914CC-B6D9-4564-9933-E1AAFC44F61C}.Debug|Any CPU.Build.0 = Debug|Any CPU
		{73F914CC-B6D9-4564-9933-E1AAFC44F61C}.Debug|ARM.ActiveCfg = Debug|Any CPU
		{73F914CC-B6D9-4564-9933-E1AAFC44F61C}.Debug|ARM.Build.0 = Debug|Any CPU
		{73F914CC-B6D9-4564-9933-E1AAFC44F61C}.Debug|ARM64.ActiveCfg = Debug|Any CPU
		{73F914CC-B6D9-4564-9933-E1AAFC44F61C}.Debug|ARM64.Build.0 = Debug|Any CPU
		{73F914CC-B6D9-4564-9933-E1AAFC44F61C}.Debug|x64.ActiveCfg = Debug|Any CPU
		{73F914CC-B6D9-4564-9933-E1AAFC44F61C}.Debug|x64.Build.0 = Debug|Any CPU
		{73F914CC-B6D9-4564-9933-E1AAFC44F61C}.Debug|x86.ActiveCfg = Debug|Any CPU
		{73F914CC-B6D9-4564-9933-E1AAFC44F61C}.Debug|x86.Build.0 = Debug|Any CPU
		{73F914CC-B6D9-4564-9933-E1AAFC44F61C}.Release|Any CPU.ActiveCfg = Release|Any CPU
		{73F914CC-B6D9-4564-9933-E1AAFC44F61C}.Release|Any CPU.Build.0 = Release|Any CPU
		{73F914CC-B6D9-4564-9933-E1AAFC44F61C}.Release|ARM.ActiveCfg = Release|Any CPU
		{73F914CC-B6D9-4564-9933-E1AAFC44F61C}.Release|ARM.Build.0 = Release|Any CPU
		{73F914CC-B6D9-4564-9933-E1AAFC44F61C}.Release|ARM64.ActiveCfg = Release|Any CPU
		{73F914CC-B6D9-4564-9933-E1AAFC44F61C}.Release|ARM64.Build.0 = Release|Any CPU
		{73F914CC-B6D9-4564-9933-E1AAFC44F61C}.Release|x64.ActiveCfg = Release|Any CPU
		{73F914CC-B6D9-4564-9933-E1AAFC44F61C}.Release|x64.Build.0 = Release|Any CPU
		{73F914CC-B6D9-4564-9933-E1AAFC44F61C}.Release|x86.ActiveCfg = Release|Any CPU
		{73F914CC-B6D9-4564-9933-E1AAFC44F61C}.Release|x86.Build.0 = Release|Any CPU
		{C9E00508-A05C-4CFE-9B23-7601910D5622}.Debug|Any CPU.ActiveCfg = Debug|Any CPU
		{C9E00508-A05C-4CFE-9B23-7601910D5622}.Debug|Any CPU.Build.0 = Debug|Any CPU
		{C9E00508-A05C-4CFE-9B23-7601910D5622}.Debug|ARM.ActiveCfg = Debug|Any CPU
		{C9E00508-A05C-4CFE-9B23-7601910D5622}.Debug|ARM.Build.0 = Debug|Any CPU
		{C9E00508-A05C-4CFE-9B23-7601910D5622}.Debug|ARM64.ActiveCfg = Debug|Any CPU
		{C9E00508-A05C-4CFE-9B23-7601910D5622}.Debug|ARM64.Build.0 = Debug|Any CPU
		{C9E00508-A05C-4CFE-9B23-7601910D5622}.Debug|x64.ActiveCfg = Debug|x64
		{C9E00508-A05C-4CFE-9B23-7601910D5622}.Debug|x64.Build.0 = Debug|x64
		{C9E00508-A05C-4CFE-9B23-7601910D5622}.Debug|x86.ActiveCfg = Debug|x86
		{C9E00508-A05C-4CFE-9B23-7601910D5622}.Debug|x86.Build.0 = Debug|x86
		{C9E00508-A05C-4CFE-9B23-7601910D5622}.Release|Any CPU.ActiveCfg = Release|Any CPU
		{C9E00508-A05C-4CFE-9B23-7601910D5622}.Release|Any CPU.Build.0 = Release|Any CPU
		{C9E00508-A05C-4CFE-9B23-7601910D5622}.Release|ARM.ActiveCfg = Release|Any CPU
		{C9E00508-A05C-4CFE-9B23-7601910D5622}.Release|ARM.Build.0 = Release|Any CPU
		{C9E00508-A05C-4CFE-9B23-7601910D5622}.Release|ARM64.ActiveCfg = Release|Any CPU
		{C9E00508-A05C-4CFE-9B23-7601910D5622}.Release|ARM64.Build.0 = Release|Any CPU
		{C9E00508-A05C-4CFE-9B23-7601910D5622}.Release|x64.ActiveCfg = Release|x64
		{C9E00508-A05C-4CFE-9B23-7601910D5622}.Release|x64.Build.0 = Release|x64
		{C9E00508-A05C-4CFE-9B23-7601910D5622}.Release|x86.ActiveCfg = Release|x86
		{C9E00508-A05C-4CFE-9B23-7601910D5622}.Release|x86.Build.0 = Release|x86
		{F288A8E5-136C-4F15-9E93-BE783AEB36F3}.Debug|Any CPU.ActiveCfg = Debug|Any CPU
		{F288A8E5-136C-4F15-9E93-BE783AEB36F3}.Debug|Any CPU.Build.0 = Debug|Any CPU
		{F288A8E5-136C-4F15-9E93-BE783AEB36F3}.Debug|ARM.ActiveCfg = Debug|Any CPU
		{F288A8E5-136C-4F15-9E93-BE783AEB36F3}.Debug|ARM.Build.0 = Debug|Any CPU
		{F288A8E5-136C-4F15-9E93-BE783AEB36F3}.Debug|ARM64.ActiveCfg = Debug|Any CPU
		{F288A8E5-136C-4F15-9E93-BE783AEB36F3}.Debug|ARM64.Build.0 = Debug|Any CPU
		{F288A8E5-136C-4F15-9E93-BE783AEB36F3}.Debug|x64.ActiveCfg = Debug|x64
		{F288A8E5-136C-4F15-9E93-BE783AEB36F3}.Debug|x64.Build.0 = Debug|x64
		{F288A8E5-136C-4F15-9E93-BE783AEB36F3}.Debug|x86.ActiveCfg = Debug|x86
		{F288A8E5-136C-4F15-9E93-BE783AEB36F3}.Debug|x86.Build.0 = Debug|x86
		{F288A8E5-136C-4F15-9E93-BE783AEB36F3}.Release|Any CPU.ActiveCfg = Release|Any CPU
		{F288A8E5-136C-4F15-9E93-BE783AEB36F3}.Release|Any CPU.Build.0 = Release|Any CPU
		{F288A8E5-136C-4F15-9E93-BE783AEB36F3}.Release|ARM.ActiveCfg = Release|Any CPU
		{F288A8E5-136C-4F15-9E93-BE783AEB36F3}.Release|ARM.Build.0 = Release|Any CPU
		{F288A8E5-136C-4F15-9E93-BE783AEB36F3}.Release|ARM64.ActiveCfg = Release|Any CPU
		{F288A8E5-136C-4F15-9E93-BE783AEB36F3}.Release|ARM64.Build.0 = Release|Any CPU
		{F288A8E5-136C-4F15-9E93-BE783AEB36F3}.Release|x64.ActiveCfg = Release|x64
		{F288A8E5-136C-4F15-9E93-BE783AEB36F3}.Release|x64.Build.0 = Release|x64
		{F288A8E5-136C-4F15-9E93-BE783AEB36F3}.Release|x86.ActiveCfg = Release|x86
		{F288A8E5-136C-4F15-9E93-BE783AEB36F3}.Release|x86.Build.0 = Release|x86
		{158905C6-B99F-4D4A-868F-8177BF60D77C}.Debug|Any CPU.ActiveCfg = Debug|Any CPU
		{158905C6-B99F-4D4A-868F-8177BF60D77C}.Debug|Any CPU.Build.0 = Debug|Any CPU
		{158905C6-B99F-4D4A-868F-8177BF60D77C}.Debug|ARM.ActiveCfg = Debug|Any CPU
		{158905C6-B99F-4D4A-868F-8177BF60D77C}.Debug|ARM.Build.0 = Debug|Any CPU
		{158905C6-B99F-4D4A-868F-8177BF60D77C}.Debug|ARM64.ActiveCfg = Debug|Any CPU
		{158905C6-B99F-4D4A-868F-8177BF60D77C}.Debug|ARM64.Build.0 = Debug|Any CPU
		{158905C6-B99F-4D4A-868F-8177BF60D77C}.Debug|x64.ActiveCfg = Debug|x64
		{158905C6-B99F-4D4A-868F-8177BF60D77C}.Debug|x64.Build.0 = Debug|x64
		{158905C6-B99F-4D4A-868F-8177BF60D77C}.Debug|x86.ActiveCfg = Debug|x86
		{158905C6-B99F-4D4A-868F-8177BF60D77C}.Debug|x86.Build.0 = Debug|x86
		{158905C6-B99F-4D4A-868F-8177BF60D77C}.Release|Any CPU.ActiveCfg = Release|Any CPU
		{158905C6-B99F-4D4A-868F-8177BF60D77C}.Release|Any CPU.Build.0 = Release|Any CPU
		{158905C6-B99F-4D4A-868F-8177BF60D77C}.Release|ARM.ActiveCfg = Release|Any CPU
		{158905C6-B99F-4D4A-868F-8177BF60D77C}.Release|ARM.Build.0 = Release|Any CPU
		{158905C6-B99F-4D4A-868F-8177BF60D77C}.Release|ARM64.ActiveCfg = Release|Any CPU
		{158905C6-B99F-4D4A-868F-8177BF60D77C}.Release|ARM64.Build.0 = Release|Any CPU
		{158905C6-B99F-4D4A-868F-8177BF60D77C}.Release|x64.ActiveCfg = Release|x64
		{158905C6-B99F-4D4A-868F-8177BF60D77C}.Release|x64.Build.0 = Release|x64
		{158905C6-B99F-4D4A-868F-8177BF60D77C}.Release|x86.ActiveCfg = Release|x86
		{158905C6-B99F-4D4A-868F-8177BF60D77C}.Release|x86.Build.0 = Release|x86
		{17D4BC06-BA35-4020-AC5D-AA9E8C183EC5}.Debug|Any CPU.ActiveCfg = Debug|Any CPU
		{17D4BC06-BA35-4020-AC5D-AA9E8C183EC5}.Debug|Any CPU.Build.0 = Debug|Any CPU
		{17D4BC06-BA35-4020-AC5D-AA9E8C183EC5}.Debug|ARM.ActiveCfg = Debug|Any CPU
		{17D4BC06-BA35-4020-AC5D-AA9E8C183EC5}.Debug|ARM.Build.0 = Debug|Any CPU
		{17D4BC06-BA35-4020-AC5D-AA9E8C183EC5}.Debug|ARM64.ActiveCfg = Debug|Any CPU
		{17D4BC06-BA35-4020-AC5D-AA9E8C183EC5}.Debug|ARM64.Build.0 = Debug|Any CPU
		{17D4BC06-BA35-4020-AC5D-AA9E8C183EC5}.Debug|x64.ActiveCfg = Debug|x64
		{17D4BC06-BA35-4020-AC5D-AA9E8C183EC5}.Debug|x64.Build.0 = Debug|x64
		{17D4BC06-BA35-4020-AC5D-AA9E8C183EC5}.Debug|x86.ActiveCfg = Debug|x86
		{17D4BC06-BA35-4020-AC5D-AA9E8C183EC5}.Debug|x86.Build.0 = Debug|x86
		{17D4BC06-BA35-4020-AC5D-AA9E8C183EC5}.Release|Any CPU.ActiveCfg = Release|Any CPU
		{17D4BC06-BA35-4020-AC5D-AA9E8C183EC5}.Release|Any CPU.Build.0 = Release|Any CPU
		{17D4BC06-BA35-4020-AC5D-AA9E8C183EC5}.Release|ARM.ActiveCfg = Release|Any CPU
		{17D4BC06-BA35-4020-AC5D-AA9E8C183EC5}.Release|ARM.Build.0 = Release|Any CPU
		{17D4BC06-BA35-4020-AC5D-AA9E8C183EC5}.Release|ARM64.ActiveCfg = Release|Any CPU
		{17D4BC06-BA35-4020-AC5D-AA9E8C183EC5}.Release|ARM64.Build.0 = Release|Any CPU
		{17D4BC06-BA35-4020-AC5D-AA9E8C183EC5}.Release|x64.ActiveCfg = Release|x64
		{17D4BC06-BA35-4020-AC5D-AA9E8C183EC5}.Release|x64.Build.0 = Release|x64
		{17D4BC06-BA35-4020-AC5D-AA9E8C183EC5}.Release|x86.ActiveCfg = Release|x86
		{17D4BC06-BA35-4020-AC5D-AA9E8C183EC5}.Release|x86.Build.0 = Release|x86
		{A1761913-D92A-426D-A912-B5EADDED1C2E}.Debug|Any CPU.ActiveCfg = Debug|Any CPU
		{A1761913-D92A-426D-A912-B5EADDED1C2E}.Debug|Any CPU.Build.0 = Debug|Any CPU
		{A1761913-D92A-426D-A912-B5EADDED1C2E}.Debug|ARM.ActiveCfg = Debug|Any CPU
		{A1761913-D92A-426D-A912-B5EADDED1C2E}.Debug|ARM.Build.0 = Debug|Any CPU
		{A1761913-D92A-426D-A912-B5EADDED1C2E}.Debug|ARM64.ActiveCfg = Debug|Any CPU
		{A1761913-D92A-426D-A912-B5EADDED1C2E}.Debug|ARM64.Build.0 = Debug|Any CPU
		{A1761913-D92A-426D-A912-B5EADDED1C2E}.Debug|x64.ActiveCfg = Debug|x64
		{A1761913-D92A-426D-A912-B5EADDED1C2E}.Debug|x64.Build.0 = Debug|x64
		{A1761913-D92A-426D-A912-B5EADDED1C2E}.Debug|x86.ActiveCfg = Debug|x86
		{A1761913-D92A-426D-A912-B5EADDED1C2E}.Debug|x86.Build.0 = Debug|x86
		{A1761913-D92A-426D-A912-B5EADDED1C2E}.Release|Any CPU.ActiveCfg = Release|Any CPU
		{A1761913-D92A-426D-A912-B5EADDED1C2E}.Release|Any CPU.Build.0 = Release|Any CPU
		{A1761913-D92A-426D-A912-B5EADDED1C2E}.Release|ARM.ActiveCfg = Release|Any CPU
		{A1761913-D92A-426D-A912-B5EADDED1C2E}.Release|ARM.Build.0 = Release|Any CPU
		{A1761913-D92A-426D-A912-B5EADDED1C2E}.Release|ARM64.ActiveCfg = Release|Any CPU
		{A1761913-D92A-426D-A912-B5EADDED1C2E}.Release|ARM64.Build.0 = Release|Any CPU
		{A1761913-D92A-426D-A912-B5EADDED1C2E}.Release|x64.ActiveCfg = Release|x64
		{A1761913-D92A-426D-A912-B5EADDED1C2E}.Release|x64.Build.0 = Release|x64
		{A1761913-D92A-426D-A912-B5EADDED1C2E}.Release|x86.ActiveCfg = Release|x86
		{A1761913-D92A-426D-A912-B5EADDED1C2E}.Release|x86.Build.0 = Release|x86
		{34398500-1054-4866-8FB0-429F0C39E84A}.Debug|Any CPU.ActiveCfg = Debug|Any CPU
		{34398500-1054-4866-8FB0-429F0C39E84A}.Debug|Any CPU.Build.0 = Debug|Any CPU
		{34398500-1054-4866-8FB0-429F0C39E84A}.Debug|ARM.ActiveCfg = Debug|Any CPU
		{34398500-1054-4866-8FB0-429F0C39E84A}.Debug|ARM.Build.0 = Debug|Any CPU
		{34398500-1054-4866-8FB0-429F0C39E84A}.Debug|ARM64.ActiveCfg = Debug|Any CPU
		{34398500-1054-4866-8FB0-429F0C39E84A}.Debug|ARM64.Build.0 = Debug|Any CPU
		{34398500-1054-4866-8FB0-429F0C39E84A}.Debug|x64.ActiveCfg = Debug|x64
		{34398500-1054-4866-8FB0-429F0C39E84A}.Debug|x64.Build.0 = Debug|x64
		{34398500-1054-4866-8FB0-429F0C39E84A}.Debug|x86.ActiveCfg = Debug|x86
		{34398500-1054-4866-8FB0-429F0C39E84A}.Debug|x86.Build.0 = Debug|x86
		{34398500-1054-4866-8FB0-429F0C39E84A}.Release|Any CPU.ActiveCfg = Release|Any CPU
		{34398500-1054-4866-8FB0-429F0C39E84A}.Release|Any CPU.Build.0 = Release|Any CPU
		{34398500-1054-4866-8FB0-429F0C39E84A}.Release|ARM.ActiveCfg = Release|Any CPU
		{34398500-1054-4866-8FB0-429F0C39E84A}.Release|ARM.Build.0 = Release|Any CPU
		{34398500-1054-4866-8FB0-429F0C39E84A}.Release|ARM64.ActiveCfg = Release|Any CPU
		{34398500-1054-4866-8FB0-429F0C39E84A}.Release|ARM64.Build.0 = Release|Any CPU
		{34398500-1054-4866-8FB0-429F0C39E84A}.Release|x64.ActiveCfg = Release|x64
		{34398500-1054-4866-8FB0-429F0C39E84A}.Release|x64.Build.0 = Release|x64
		{34398500-1054-4866-8FB0-429F0C39E84A}.Release|x86.ActiveCfg = Release|x86
		{34398500-1054-4866-8FB0-429F0C39E84A}.Release|x86.Build.0 = Release|x86
		{5AA7F63F-CEDC-4DB1-B490-6D30D8920D34}.Debug|Any CPU.ActiveCfg = Debug|Any CPU
		{5AA7F63F-CEDC-4DB1-B490-6D30D8920D34}.Debug|Any CPU.Build.0 = Debug|Any CPU
		{5AA7F63F-CEDC-4DB1-B490-6D30D8920D34}.Debug|ARM.ActiveCfg = Debug|Any CPU
		{5AA7F63F-CEDC-4DB1-B490-6D30D8920D34}.Debug|ARM.Build.0 = Debug|Any CPU
		{5AA7F63F-CEDC-4DB1-B490-6D30D8920D34}.Debug|ARM64.ActiveCfg = Debug|Any CPU
		{5AA7F63F-CEDC-4DB1-B490-6D30D8920D34}.Debug|ARM64.Build.0 = Debug|Any CPU
		{5AA7F63F-CEDC-4DB1-B490-6D30D8920D34}.Debug|x64.ActiveCfg = Debug|x64
		{5AA7F63F-CEDC-4DB1-B490-6D30D8920D34}.Debug|x64.Build.0 = Debug|x64
		{5AA7F63F-CEDC-4DB1-B490-6D30D8920D34}.Debug|x86.ActiveCfg = Debug|x86
		{5AA7F63F-CEDC-4DB1-B490-6D30D8920D34}.Debug|x86.Build.0 = Debug|x86
		{5AA7F63F-CEDC-4DB1-B490-6D30D8920D34}.Release|Any CPU.ActiveCfg = Release|Any CPU
		{5AA7F63F-CEDC-4DB1-B490-6D30D8920D34}.Release|Any CPU.Build.0 = Release|Any CPU
		{5AA7F63F-CEDC-4DB1-B490-6D30D8920D34}.Release|ARM.ActiveCfg = Release|Any CPU
		{5AA7F63F-CEDC-4DB1-B490-6D30D8920D34}.Release|ARM.Build.0 = Release|Any CPU
		{5AA7F63F-CEDC-4DB1-B490-6D30D8920D34}.Release|ARM64.ActiveCfg = Release|Any CPU
		{5AA7F63F-CEDC-4DB1-B490-6D30D8920D34}.Release|ARM64.Build.0 = Release|Any CPU
		{5AA7F63F-CEDC-4DB1-B490-6D30D8920D34}.Release|x64.ActiveCfg = Release|x64
		{5AA7F63F-CEDC-4DB1-B490-6D30D8920D34}.Release|x64.Build.0 = Release|x64
		{5AA7F63F-CEDC-4DB1-B490-6D30D8920D34}.Release|x86.ActiveCfg = Release|x86
		{5AA7F63F-CEDC-4DB1-B490-6D30D8920D34}.Release|x86.Build.0 = Release|x86
		{BCEECAA7-EF16-47B0-887C-ACE8925C9BF7}.Debug|Any CPU.ActiveCfg = Debug|Any CPU
		{BCEECAA7-EF16-47B0-887C-ACE8925C9BF7}.Debug|Any CPU.Build.0 = Debug|Any CPU
		{BCEECAA7-EF16-47B0-887C-ACE8925C9BF7}.Debug|ARM.ActiveCfg = Debug|Any CPU
		{BCEECAA7-EF16-47B0-887C-ACE8925C9BF7}.Debug|ARM.Build.0 = Debug|Any CPU
		{BCEECAA7-EF16-47B0-887C-ACE8925C9BF7}.Debug|ARM64.ActiveCfg = Debug|Any CPU
		{BCEECAA7-EF16-47B0-887C-ACE8925C9BF7}.Debug|ARM64.Build.0 = Debug|Any CPU
		{BCEECAA7-EF16-47B0-887C-ACE8925C9BF7}.Debug|x64.ActiveCfg = Debug|x64
		{BCEECAA7-EF16-47B0-887C-ACE8925C9BF7}.Debug|x64.Build.0 = Debug|x64
		{BCEECAA7-EF16-47B0-887C-ACE8925C9BF7}.Debug|x86.ActiveCfg = Debug|x86
		{BCEECAA7-EF16-47B0-887C-ACE8925C9BF7}.Debug|x86.Build.0 = Debug|x86
		{BCEECAA7-EF16-47B0-887C-ACE8925C9BF7}.Release|Any CPU.ActiveCfg = Release|Any CPU
		{BCEECAA7-EF16-47B0-887C-ACE8925C9BF7}.Release|Any CPU.Build.0 = Release|Any CPU
		{BCEECAA7-EF16-47B0-887C-ACE8925C9BF7}.Release|ARM.ActiveCfg = Release|Any CPU
		{BCEECAA7-EF16-47B0-887C-ACE8925C9BF7}.Release|ARM.Build.0 = Release|Any CPU
		{BCEECAA7-EF16-47B0-887C-ACE8925C9BF7}.Release|ARM64.ActiveCfg = Release|Any CPU
		{BCEECAA7-EF16-47B0-887C-ACE8925C9BF7}.Release|ARM64.Build.0 = Release|Any CPU
		{BCEECAA7-EF16-47B0-887C-ACE8925C9BF7}.Release|x64.ActiveCfg = Release|x64
		{BCEECAA7-EF16-47B0-887C-ACE8925C9BF7}.Release|x64.Build.0 = Release|x64
		{BCEECAA7-EF16-47B0-887C-ACE8925C9BF7}.Release|x86.ActiveCfg = Release|x86
		{BCEECAA7-EF16-47B0-887C-ACE8925C9BF7}.Release|x86.Build.0 = Release|x86
		{A9DCC60E-C063-4A5F-AA10-D350D8A73FFF}.Debug|Any CPU.ActiveCfg = Debug|Any CPU
		{A9DCC60E-C063-4A5F-AA10-D350D8A73FFF}.Debug|Any CPU.Build.0 = Debug|Any CPU
		{A9DCC60E-C063-4A5F-AA10-D350D8A73FFF}.Debug|ARM.ActiveCfg = Debug|Any CPU
		{A9DCC60E-C063-4A5F-AA10-D350D8A73FFF}.Debug|ARM.Build.0 = Debug|Any CPU
		{A9DCC60E-C063-4A5F-AA10-D350D8A73FFF}.Debug|ARM64.ActiveCfg = Debug|Any CPU
		{A9DCC60E-C063-4A5F-AA10-D350D8A73FFF}.Debug|ARM64.Build.0 = Debug|Any CPU
		{A9DCC60E-C063-4A5F-AA10-D350D8A73FFF}.Debug|x64.ActiveCfg = Debug|Any CPU
		{A9DCC60E-C063-4A5F-AA10-D350D8A73FFF}.Debug|x64.Build.0 = Debug|Any CPU
		{A9DCC60E-C063-4A5F-AA10-D350D8A73FFF}.Debug|x86.ActiveCfg = Debug|Any CPU
		{A9DCC60E-C063-4A5F-AA10-D350D8A73FFF}.Debug|x86.Build.0 = Debug|Any CPU
		{A9DCC60E-C063-4A5F-AA10-D350D8A73FFF}.Release|Any CPU.ActiveCfg = Release|Any CPU
		{A9DCC60E-C063-4A5F-AA10-D350D8A73FFF}.Release|Any CPU.Build.0 = Release|Any CPU
		{A9DCC60E-C063-4A5F-AA10-D350D8A73FFF}.Release|ARM.ActiveCfg = Release|Any CPU
		{A9DCC60E-C063-4A5F-AA10-D350D8A73FFF}.Release|ARM.Build.0 = Release|Any CPU
		{A9DCC60E-C063-4A5F-AA10-D350D8A73FFF}.Release|ARM64.ActiveCfg = Release|Any CPU
		{A9DCC60E-C063-4A5F-AA10-D350D8A73FFF}.Release|ARM64.Build.0 = Release|Any CPU
		{A9DCC60E-C063-4A5F-AA10-D350D8A73FFF}.Release|x64.ActiveCfg = Release|Any CPU
		{A9DCC60E-C063-4A5F-AA10-D350D8A73FFF}.Release|x64.Build.0 = Release|Any CPU
		{A9DCC60E-C063-4A5F-AA10-D350D8A73FFF}.Release|x86.ActiveCfg = Release|Any CPU
		{A9DCC60E-C063-4A5F-AA10-D350D8A73FFF}.Release|x86.Build.0 = Release|Any CPU
	EndGlobalSection
	GlobalSection(SolutionProperties) = preSolution
		HideSolutionNode = FALSE
	EndGlobalSection
	GlobalSection(ExtensibilityGlobals) = postSolution
		SolutionGuid = {965FA0F2-E47C-44BB-BC55-8EEBE76C7A11}
	EndGlobalSection
EndGlobal
