
Microsoft Visual Studio Solution File, Format Version 12.00
# Visual Studio Version 16
VisualStudioVersion = 16.0.29519.161
MinimumVisualStudioVersion = 15.0.26124.0
Project("{9A19103F-16F7-4668-BE54-9A1E7A4F7556}") = "ConsoleAppTestingOpenXML", "..\play\ConsoleAppTestingOpenXML\ConsoleAppTestingOpenXML.csproj", "{89C7F58C-BFC0-4244-B28A-0ED51F5C4608}"
EndProject
Project("{9A19103F-16F7-4668-BE54-9A1E7A4F7556}") = "ConsoleAppHelloWorld", "..\play\ConsoleAppHelloWorld\ConsoleAppHelloWorld.csproj", "{B6D0BE74-CF3D-4B62-B5AA-04E5A296AAA0}"
EndProject
Project("{9A19103F-16F7-4668-BE54-9A1E7A4F7556}") = "AuthTest.API", "..\webs\token-based-authentication\AuthTest.API\AuthTest.API.csproj", "{37EC3677-E6EA-4D73-A242-91165C6A9050}"
EndProject
Project("{9A19103F-16F7-4668-BE54-9A1E7A4F7556}") = "ConsoleWithLogin", "..\junk\ConsoleWithLogin\ConsoleWithLogin.csproj", "{67C32DAD-9AD7-4A61-B1BE-A30FE05EB43D}"
EndProject
Project("{9A19103F-16F7-4668-BE54-9A1E7A4F7556}") = "ConsoleHTTPSRequest", "..\junk\ConsoleHTTPSRequest\ConsoleHTTPSRequest.csproj", "{AD83893C-4411-41C4-A9D4-915FF6AAA1AC}"
EndProject
Project("{9A19103F-16F7-4668-BE54-9A1E7A4F7556}") = "ConsoleMLPlay", "..\play\ConsoleMLPlay\ConsoleMLPlay.csproj", "{E09928B9-B70A-4238-9ADA-592D79108D83}"
EndProject
Project("{9A19103F-16F7-4668-BE54-9A1E7A4F7556}") = "testSqlite", "..\junk\testSqlite\testSqlite\testSqlite.csproj", "{6392CFE2-B32B-4317-ACF7-B97CDA881333}"
EndProject
Project("{9A19103F-16F7-4668-BE54-9A1E7A4F7556}") = "CSSPCodeGenWebAPI", "CSSPCodeGenWebAPI\CSSPCodeGenWebAPI.csproj", "{BD212787-339D-46F6-962C-A3367BD0F579}"
EndProject
Project("{9A19103F-16F7-4668-BE54-9A1E7A4F7556}") = "EnumsGenerated_cs", "EnumsGenerated_cs\EnumsGenerated_cs.csproj", "{E1A2445F-DC45-48B3-AF17-721658EECE17}"
EndProject
Project("{9A19103F-16F7-4668-BE54-9A1E7A4F7556}") = "EnumsTestGenerated_cs", "EnumsTestGenerated_cs\EnumsTestGenerated_cs.csproj", "{41D23FA1-C4BD-45B1-A1DF-6CB6576A16CC}"
EndProject
Project("{9A19103F-16F7-4668-BE54-9A1E7A4F7556}") = "EnumsPolSourceInfoRelatedFiles", "EnumsPolSourceInfoRelatedFiles\EnumsPolSourceInfoRelatedFiles.csproj", "{87A78F16-A572-4D72-83C5-BBD501AE63DA}"
EndProject
Project("{9A19103F-16F7-4668-BE54-9A1E7A4F7556}") = "EnumsCompareWithOldEnums", "EnumsCompareWithOldEnums\EnumsCompareWithOldEnums.csproj", "{ECA5574C-4C87-412C-9F74-E4F62C93720E}"
EndProject
Project("{9A19103F-16F7-4668-BE54-9A1E7A4F7556}") = "ExecuteDotNetCommandServices", "ExecuteDotNetCommandServices\ExecuteDotNetCommandServices.csproj", "{896FFECB-C9B3-42A0-BDD3-2042C7C37931}"
EndProject
Project("{9A19103F-16F7-4668-BE54-9A1E7A4F7556}") = "ExecuteDotNetCommandServices.Tests", "Tests\ExecuteDotNetCommandServices.Tests\ExecuteDotNetCommandServices.Tests.csproj", "{72F8491B-B65D-4085-AFA3-D6ECFDB81C63}"
EndProject
Project("{9A19103F-16F7-4668-BE54-9A1E7A4F7556}") = "ExecuteDotNetCommand", "ExecuteDotNetCommand\ExecuteDotNetCommand.csproj", "{062EC110-A663-4203-AE1E-93E98B2A4CD5}"
EndProject
Project("{9A19103F-16F7-4668-BE54-9A1E7A4F7556}") = "EnumsCompareWithOldEnumsServices", "EnumsCompareWithOldEnumsServices\EnumsCompareWithOldEnumsServices.csproj", "{85B70C9F-E19D-4771-8E85-14D3E4A491F5}"
EndProject
Project("{9A19103F-16F7-4668-BE54-9A1E7A4F7556}") = "EnumsCompareWithOldEnumsServices.Tests", "tests\EnumsCompareWithOldEnumsServices.Tests\EnumsCompareWithOldEnumsServices.Tests.csproj", "{B9655859-6269-448E-A0A6-112B0AD9513D}"
EndProject
Project("{9A19103F-16F7-4668-BE54-9A1E7A4F7556}") = "EnumsGenerated_csServices", "EnumsGenerated_csServices\EnumsGenerated_csServices.csproj", "{9497B87C-0C03-4439-B337-3E32CE231869}"
EndProject
Project("{9A19103F-16F7-4668-BE54-9A1E7A4F7556}") = "EnumsGenerated_csServices.Tests", "tests\EnumsGenerated_csServices.Tests\EnumsGenerated_csServices.Tests.csproj", "{3E5F5048-E81E-4263-8B7E-D84222D79AD8}"
EndProject
Project("{9A19103F-16F7-4668-BE54-9A1E7A4F7556}") = "EnumsPolSourceInfoRelatedFilesServices", "EnumsPolSourceInfoRelatedFilesServices\EnumsPolSourceInfoRelatedFilesServices.csproj", "{69999E08-DDA4-4562-BF32-925732DCE1D7}"
EndProject
Project("{9A19103F-16F7-4668-BE54-9A1E7A4F7556}") = "EnumsPolSourceInfoRelatedFilesServices.Tests", "tests\EnumsPolSourceInfoRelatedFilesServices.Tests\EnumsPolSourceInfoRelatedFilesServices.Tests.csproj", "{DC49EB43-A0B3-429E-9624-1B3FFCBE3C9B}"
EndProject
Project("{9A19103F-16F7-4668-BE54-9A1E7A4F7556}") = "PolSourceGroupingExcelFileReadServices", "PolSourceGroupingExcelFileReadServices\PolSourceGroupingExcelFileReadServices.csproj", "{3E8265F9-C869-4EB6-B635-D3D6FD09FDA1}"
EndProject
Project("{9A19103F-16F7-4668-BE54-9A1E7A4F7556}") = "PolSourceGroupingExcelFileReadServices.Tests", "Tests\PolSourceGroupingExcelFileReadServices.Tests\PolSourceGroupingExcelFileReadServices.Tests.csproj", "{D2C66341-7CC7-47DA-AEF9-CE007D3FB878}"
EndProject
Project("{9A19103F-16F7-4668-BE54-9A1E7A4F7556}") = "EnumsTestGenerated_csServices", "EnumsTestGenerated_csServices\EnumsTestGenerated_csServices.csproj", "{82A5B8B4-5D60-4C94-926E-0A137F38414C}"
EndProject
Project("{9A19103F-16F7-4668-BE54-9A1E7A4F7556}") = "EnumsTestGenerated_csServices.Tests", "tests\EnumsTestGenerated_csServices.Tests\EnumsTestGenerated_csServices.Tests.csproj", "{5E94A2CE-6A25-44FA-8D0F-1EA2E1647AD0}"
EndProject
Project("{9A19103F-16F7-4668-BE54-9A1E7A4F7556}") = "ModelsModelClassNameTestGenerated_cs", "ModelsModelClassNameTestGenerated_cs\ModelsModelClassNameTestGenerated_cs.csproj", "{E5004A99-F890-4A48-A304-6B542C319530}"
EndProject
Project("{9A19103F-16F7-4668-BE54-9A1E7A4F7556}") = "ModelsModelClassNameTestGenerated_csServices", "ModelsModelClassNameTestGenerated_csServices\ModelsModelClassNameTestGenerated_csServices.csproj", "{C288B85E-7DD4-4B74-AC21-FF507FB6C145}"
EndProject
Project("{9A19103F-16F7-4668-BE54-9A1E7A4F7556}") = "ModelsModelClassNameTestGenerated_csServices.Tests", "Tests\ModelsModelClassNameTestGenerated_csServices.Tests\ModelsModelClassNameTestGenerated_csServices.Tests.csproj", "{F65519CE-9E9A-4DC2-A3B8-3C3904C608E1}"
EndProject
Project("{9A19103F-16F7-4668-BE54-9A1E7A4F7556}") = "ModelsCSSPModelsRes", "ModelsCSSPModelsRes\ModelsCSSPModelsRes.csproj", "{7AB3EC86-5048-4186-BDA8-6EA526F14E45}"
EndProject
Project("{9A19103F-16F7-4668-BE54-9A1E7A4F7556}") = "ModelsCSSPModelsResServices", "ModelsCSSPModelsResServices\ModelsCSSPModelsResServices.csproj", "{A6641CD3-6F8F-41BE-9FF2-5B267BDF5EE6}"
EndProject
Project("{9A19103F-16F7-4668-BE54-9A1E7A4F7556}") = "ModelsCSSPModelsResServices.Tests", "tests\ModelsCSSPModelsResServices.Tests\ModelsCSSPModelsResServices.Tests.csproj", "{AC71E434-A268-498E-86C5-D65F698E4D13}"
EndProject
Project("{9A19103F-16F7-4668-BE54-9A1E7A4F7556}") = "ModelsModelClassNameTest", "ModelsModelClassNameTest\ModelsModelClassNameTest.csproj", "{62413835-3B28-4686-B4A6-E6E26D8F2A09}"
EndProject
Project("{9A19103F-16F7-4668-BE54-9A1E7A4F7556}") = "ModelsModelClassNameTestServices", "ModelsModelClassNameTestServices\ModelsModelClassNameTestServices.csproj", "{EAB456B7-2226-4B1B-9094-94DB5421F8D4}"
EndProject
Project("{9A19103F-16F7-4668-BE54-9A1E7A4F7556}") = "ModelsModelClassNameTestServices.Tests", "tests\ModelsModelClassNameTestServices.Tests\ModelsModelClassNameTestServices.Tests.csproj", "{F996B13E-84BE-449A-9CC7-7F25963B6F41}"
EndProject
Project("{9A19103F-16F7-4668-BE54-9A1E7A4F7556}") = "ModelsCompareDBFieldsAndCSSPModelsDLLPropServices", "ModelsCompareDBFieldsAndCSSPModelsDLLPropServices\ModelsCompareDBFieldsAndCSSPModelsDLLPropServices.csproj", "{69E887AB-0798-42BD-A72F-59AD4894FA2C}"
EndProject
Project("{9A19103F-16F7-4668-BE54-9A1E7A4F7556}") = "ModelsCompareDBFieldsAndCSSPModelsDLLProp", "ModelsCompareDBFieldsAndCSSPModelsDLLProp\ModelsCompareDBFieldsAndCSSPModelsDLLProp.csproj", "{26CDB1E1-3C48-469C-BDB0-CE66A4FD48E8}"
EndProject
Project("{9A19103F-16F7-4668-BE54-9A1E7A4F7556}") = "ModelsCompareDBFieldsAndCSSPModelsDLLPropServices.Tests", "Tests\ModelsCompareDBFieldsAndCSSPModelsDLLPropServices.Tests\ModelsCompareDBFieldsAndCSSPModelsDLLPropServices.Tests.csproj", "{71E3A0F2-5A22-45F7-A190-28546FF7AA34}"
EndProject
Project("{9A19103F-16F7-4668-BE54-9A1E7A4F7556}") = "ModelsCompareServices.Tests", "Tests\ModelsCompareServices.Tests\ModelsCompareServices.Tests.csproj", "{6CAD71D1-C28C-4078-90A6-45EFF088697C}"
EndProject
Project("{9A19103F-16F7-4668-BE54-9A1E7A4F7556}") = "ModelsCompareServices", "ModelsCompareServices\ModelsCompareServices.csproj", "{7E71CB1D-2722-4F35-A882-BC732A3D9A15}"
EndProject
Project("{9A19103F-16F7-4668-BE54-9A1E7A4F7556}") = "ModelsCompare", "ModelsCompare\ModelsCompare.csproj", "{B822E93A-7AA7-437F-9FC3-66465F4A1B0F}"
EndProject
Project("{9A19103F-16F7-4668-BE54-9A1E7A4F7556}") = "ServicesRepopulateTestDB", "ServicesRepopulateTestDB\ServicesRepopulateTestDB.csproj", "{A7B765E9-08B3-402A-8994-3A893D4E48BA}"
EndProject
Project("{9A19103F-16F7-4668-BE54-9A1E7A4F7556}") = "ServicesRepopulateTestDBServices", "ServicesRepopulateTestDBServices\ServicesRepopulateTestDBServices.csproj", "{433992A2-8DAE-417E-8CFA-BBBE8C09C233}"
EndProject
Project("{9A19103F-16F7-4668-BE54-9A1E7A4F7556}") = "ServicesRepopulateTestDBServices.Tests", "tests\ServicesRepopulateTestDBServices.Tests\ServicesRepopulateTestDBServices.Tests.csproj", "{4A23DD12-E8D5-47B1-A0E5-2028F4C3F9D1}"
EndProject
Project("{9A19103F-16F7-4668-BE54-9A1E7A4F7556}") = "ServicesClassNameServiceTestGenerated", "ServicesClassNameServiceTestGenerated\ServicesClassNameServiceTestGenerated.csproj", "{1AFBED5C-3E28-4A5D-BECD-ABFFE78C8249}"
EndProject
Project("{9A19103F-16F7-4668-BE54-9A1E7A4F7556}") = "ServicesClassNameServiceTestGeneratedServices", "ServicesClassNameServiceTestGeneratedServices\ServicesClassNameServiceTestGeneratedServices.csproj", "{7EE58F65-CD0A-4760-9C14-0BC150DA07EA}"
EndProject
Project("{9A19103F-16F7-4668-BE54-9A1E7A4F7556}") = "ServicesClassNameServiceTestGeneratedServices.Tests", "tests\ServicesClassNameServiceTestGeneratedServices.Tests\ServicesClassNameServiceTestGeneratedServices.Tests.csproj", "{453575BD-C686-4230-9D96-AC9F6D01BB6A}"
EndProject
Project("{9A19103F-16F7-4668-BE54-9A1E7A4F7556}") = "ServicesClassNameServiceGenerated", "ServicesClassNameServiceGenerated\ServicesClassNameServiceGenerated.csproj", "{9A7B853D-47EC-427B-9932-632ACB5E47A7}"
EndProject
Project("{9A19103F-16F7-4668-BE54-9A1E7A4F7556}") = "ServicesClassNameServiceGeneratedServices", "ServicesClassNameServiceGeneratedServices\ServicesClassNameServiceGeneratedServices.csproj", "{9E22F934-FA80-41BA-80E0-8A7328A68414}"
EndProject
Project("{9A19103F-16F7-4668-BE54-9A1E7A4F7556}") = "ServicesClassNameServiceGeneratedServices.Tests", "tests\ServicesClassNameServiceGeneratedServices.Tests\ServicesClassNameServiceGeneratedServices.Tests.csproj", "{965060CB-4A3E-42EE-B089-CCD2AD5330F2}"
EndProject
Project("{9A19103F-16F7-4668-BE54-9A1E7A4F7556}") = "ServicesExtensionEnumCastingGenerated", "ServicesExtensionEnumCastingGenerated\ServicesExtensionEnumCastingGenerated.csproj", "{7356E3DE-5B72-480D-B44B-E3AE588AF5AE}"
EndProject
Project("{9A19103F-16F7-4668-BE54-9A1E7A4F7556}") = "ServicesExtensionEnumCastingGeneratedServices", "ServicesExtensionEnumCastingGeneratedServices\ServicesExtensionEnumCastingGeneratedServices.csproj", "{48324A1A-9C11-4C31-8FD0-1FED23C354A6}"
EndProject
Project("{9A19103F-16F7-4668-BE54-9A1E7A4F7556}") = "ServicesExtensionEnumCastingGeneratedServices.Tests", "Tests\ServicesExtensionEnumCastingGeneratedServices.Tests\ServicesExtensionEnumCastingGeneratedServices.Tests.csproj", "{84985F90-6369-4B3C-B062-5F5EC8F19C39}"
EndProject
Project("{9A19103F-16F7-4668-BE54-9A1E7A4F7556}") = "WebAPIClassNameControllerTestGenerated", "WebAPIClassNameControllerTestGenerated\WebAPIClassNameControllerTestGenerated.csproj", "{97528FB7-9A9A-43A6-9A2E-9C5DA28F1A62}"
EndProject
Project("{9A19103F-16F7-4668-BE54-9A1E7A4F7556}") = "WebAPIClassNameControllerTestGeneratedServices", "WebAPIClassNameControllerTestGeneratedServices\WebAPIClassNameControllerTestGeneratedServices.csproj", "{BA501AF1-D4F5-42C2-99AB-F7C31B948C45}"
EndProject
Project("{9A19103F-16F7-4668-BE54-9A1E7A4F7556}") = "WebAPIClassNameControllerTestGeneratedServices.Tests", "Tests\WebAPIClassNameControllerTestGeneratedServices.Tests\WebAPIClassNameControllerTestGeneratedServices.Tests.csproj", "{1E99D60B-0F0A-485F-95D7-F8FAC915E77A}"
EndProject
Project("{9A19103F-16F7-4668-BE54-9A1E7A4F7556}") = "WebAPIClassNameControllerGenerated", "WebAPIClassNameControllerGenerated\WebAPIClassNameControllerGenerated.csproj", "{BA8ABB07-C1D6-46A6-B0A5-ADE3078133D0}"
EndProject
Project("{9A19103F-16F7-4668-BE54-9A1E7A4F7556}") = "WebAPIClassNameControllerGeneratedServices", "WebAPIClassNameControllerGeneratedServices\WebAPIClassNameControllerGeneratedServices.csproj", "{F471AD62-FD6E-406A-9FCE-922F912128C2}"
EndProject
Project("{9A19103F-16F7-4668-BE54-9A1E7A4F7556}") = "WebAPIClassNameControllerGeneratedServices.Tests", "tests\WebAPIClassNameControllerGeneratedServices.Tests\WebAPIClassNameControllerGeneratedServices.Tests.csproj", "{D1E48C55-2BC1-4C5B-A8B6-73EF4D06951D}"
EndProject
Project("{9A19103F-16F7-4668-BE54-9A1E7A4F7556}") = "AngularEnumsGenerated", "AngularEnumsGenerated\AngularEnumsGenerated.csproj", "{3D0C6155-3968-4B16-9566-AB9EFFD5795A}"
EndProject
Project("{9A19103F-16F7-4668-BE54-9A1E7A4F7556}") = "AngularEnumsGeneratedServices", "AngularEnumsGeneratedServices\AngularEnumsGeneratedServices.csproj", "{73B76588-6ED9-4075-8736-CD497E88645C}"
EndProject
Project("{9A19103F-16F7-4668-BE54-9A1E7A4F7556}") = "AngularEnumsGeneratedServices.Tests", "tests\AngularEnumsGeneratedServices.Tests\AngularEnumsGeneratedServices.Tests.csproj", "{D09E2EE3-4A81-4967-AA76-FFC0E6387F1E}"
EndProject
Project("{9A19103F-16F7-4668-BE54-9A1E7A4F7556}") = "GenerateCodeBaseServices", "GenerateCodeBaseServices\GenerateCodeBaseServices.csproj", "{79C15B25-6DC5-4FB2-82AE-C81AC65242F0}"
EndProject
Project("{9A19103F-16F7-4668-BE54-9A1E7A4F7556}") = "ValidateAppSettingsServices", "ValidateAppSettingsServices\ValidateAppSettingsServices.csproj", "{35079EC1-F8E7-4AAA-9FB5-84FE7FBDD0D9}"
EndProject
Project("{9A19103F-16F7-4668-BE54-9A1E7A4F7556}") = "GenerateCodeBaseServices.Tests", "Tests\GenerateCodeBaseServices.Tests\GenerateCodeBaseServices.Tests.csproj", "{01028D9F-65E4-4C73-8F06-5165F0122215}"
EndProject
Project("{9A19103F-16F7-4668-BE54-9A1E7A4F7556}") = "ValidateAppSettingsServices.Tests", "Tests\ValidateAppSettingsServices.Tests\ValidateAppSettingsServices.Tests.csproj", "{E7969187-A869-4D15-95E4-464F45210711}"
EndProject
Project("{9A19103F-16F7-4668-BE54-9A1E7A4F7556}") = "ActionCommandDBServices", "ActionCommandDBServices\ActionCommandDBServices.csproj", "{6778DCFB-5433-4081-9E1E-7B01C9BB819C}"
EndProject
Project("{9A19103F-16F7-4668-BE54-9A1E7A4F7556}") = "ActionCommandDBServices.Tests", "Tests\ActionCommandDBServices.Tests\ActionCommandDBServices.Tests.csproj", "{03C44495-7F97-4C33-BC7C-3E8D791CA11B}"
EndProject
Project("{9A19103F-16F7-4668-BE54-9A1E7A4F7556}") = "UserServices", "UserServices\UserServices.csproj", "{DE3A07E3-C179-427C-BAE8-A038C58B59AB}"
EndProject
Project("{9A19103F-16F7-4668-BE54-9A1E7A4F7556}") = "UserServices.Tests", "tests\UserServices.Tests\UserServices.Tests.csproj", "{94168A3F-EA01-445A-A989-0282A1E5D456}"
EndProject
Project("{9A19103F-16F7-4668-BE54-9A1E7A4F7556}") = "CultureServices", "CultureServices\CultureServices.csproj", "{401B6C7E-1121-406C-A19E-2CD129C62F80}"
EndProject
Project("{9A19103F-16F7-4668-BE54-9A1E7A4F7556}") = "ConfigServices", "ConfigServices\ConfigServices.csproj", "{36ED2AC8-9C53-4F66-85B6-C26423DAF791}"
EndProject
Project("{9A19103F-16F7-4668-BE54-9A1E7A4F7556}") = "ConfigServices.Tests", "tests\ConfigServices.Tests\ConfigServices.Tests.csproj", "{7DB5BEB3-2B82-4BFB-8D6E-9AEA35A05815}"
EndProject
Project("{9A19103F-16F7-4668-BE54-9A1E7A4F7556}") = "AngularModelsGeneratedServices", "AngularModelsGeneratedServices\AngularModelsGeneratedServices.csproj", "{89C5C387-7A72-44F9-8589-536151152FA5}"
EndProject
Project("{9A19103F-16F7-4668-BE54-9A1E7A4F7556}") = "AngularModelsGenerated", "AngularModelsGenerated\AngularModelsGenerated.csproj", "{859700BB-8E18-49BD-A087-A1C0B30005C2}"
EndProject
Project("{9A19103F-16F7-4668-BE54-9A1E7A4F7556}") = "AngularModelsGeneratedServices.Tests", "Tests\AngularModelsGeneratedServices.Tests\AngularModelsGeneratedServices.Tests.csproj", "{8807B4DD-3B5C-4ED1-9A2D-A3F26471915A}"
EndProject
Global
	GlobalSection(SolutionConfigurationPlatforms) = preSolution
		Debug|Any CPU = Debug|Any CPU
		Debug|x64 = Debug|x64
		Debug|x86 = Debug|x86
		Release|Any CPU = Release|Any CPU
		Release|x64 = Release|x64
		Release|x86 = Release|x86
	EndGlobalSection
	GlobalSection(ProjectConfigurationPlatforms) = postSolution
		{89C7F58C-BFC0-4244-B28A-0ED51F5C4608}.Debug|Any CPU.ActiveCfg = Debug|Any CPU
		{89C7F58C-BFC0-4244-B28A-0ED51F5C4608}.Debug|Any CPU.Build.0 = Debug|Any CPU
		{89C7F58C-BFC0-4244-B28A-0ED51F5C4608}.Debug|x64.ActiveCfg = Debug|Any CPU
		{89C7F58C-BFC0-4244-B28A-0ED51F5C4608}.Debug|x64.Build.0 = Debug|Any CPU
		{89C7F58C-BFC0-4244-B28A-0ED51F5C4608}.Debug|x86.ActiveCfg = Debug|Any CPU
		{89C7F58C-BFC0-4244-B28A-0ED51F5C4608}.Debug|x86.Build.0 = Debug|Any CPU
		{89C7F58C-BFC0-4244-B28A-0ED51F5C4608}.Release|Any CPU.ActiveCfg = Release|Any CPU
		{89C7F58C-BFC0-4244-B28A-0ED51F5C4608}.Release|Any CPU.Build.0 = Release|Any CPU
		{89C7F58C-BFC0-4244-B28A-0ED51F5C4608}.Release|x64.ActiveCfg = Release|Any CPU
		{89C7F58C-BFC0-4244-B28A-0ED51F5C4608}.Release|x64.Build.0 = Release|Any CPU
		{89C7F58C-BFC0-4244-B28A-0ED51F5C4608}.Release|x86.ActiveCfg = Release|Any CPU
		{89C7F58C-BFC0-4244-B28A-0ED51F5C4608}.Release|x86.Build.0 = Release|Any CPU
		{B6D0BE74-CF3D-4B62-B5AA-04E5A296AAA0}.Debug|Any CPU.ActiveCfg = Debug|Any CPU
		{B6D0BE74-CF3D-4B62-B5AA-04E5A296AAA0}.Debug|Any CPU.Build.0 = Debug|Any CPU
		{B6D0BE74-CF3D-4B62-B5AA-04E5A296AAA0}.Debug|x64.ActiveCfg = Debug|Any CPU
		{B6D0BE74-CF3D-4B62-B5AA-04E5A296AAA0}.Debug|x64.Build.0 = Debug|Any CPU
		{B6D0BE74-CF3D-4B62-B5AA-04E5A296AAA0}.Debug|x86.ActiveCfg = Debug|Any CPU
		{B6D0BE74-CF3D-4B62-B5AA-04E5A296AAA0}.Debug|x86.Build.0 = Debug|Any CPU
		{B6D0BE74-CF3D-4B62-B5AA-04E5A296AAA0}.Release|Any CPU.ActiveCfg = Release|Any CPU
		{B6D0BE74-CF3D-4B62-B5AA-04E5A296AAA0}.Release|Any CPU.Build.0 = Release|Any CPU
		{B6D0BE74-CF3D-4B62-B5AA-04E5A296AAA0}.Release|x64.ActiveCfg = Release|Any CPU
		{B6D0BE74-CF3D-4B62-B5AA-04E5A296AAA0}.Release|x64.Build.0 = Release|Any CPU
		{B6D0BE74-CF3D-4B62-B5AA-04E5A296AAA0}.Release|x86.ActiveCfg = Release|Any CPU
		{B6D0BE74-CF3D-4B62-B5AA-04E5A296AAA0}.Release|x86.Build.0 = Release|Any CPU
		{37EC3677-E6EA-4D73-A242-91165C6A9050}.Debug|Any CPU.ActiveCfg = Debug|Any CPU
		{37EC3677-E6EA-4D73-A242-91165C6A9050}.Debug|Any CPU.Build.0 = Debug|Any CPU
		{37EC3677-E6EA-4D73-A242-91165C6A9050}.Debug|x64.ActiveCfg = Debug|Any CPU
		{37EC3677-E6EA-4D73-A242-91165C6A9050}.Debug|x64.Build.0 = Debug|Any CPU
		{37EC3677-E6EA-4D73-A242-91165C6A9050}.Debug|x86.ActiveCfg = Debug|Any CPU
		{37EC3677-E6EA-4D73-A242-91165C6A9050}.Debug|x86.Build.0 = Debug|Any CPU
		{37EC3677-E6EA-4D73-A242-91165C6A9050}.Release|Any CPU.ActiveCfg = Release|Any CPU
		{37EC3677-E6EA-4D73-A242-91165C6A9050}.Release|Any CPU.Build.0 = Release|Any CPU
		{37EC3677-E6EA-4D73-A242-91165C6A9050}.Release|x64.ActiveCfg = Release|Any CPU
		{37EC3677-E6EA-4D73-A242-91165C6A9050}.Release|x64.Build.0 = Release|Any CPU
		{37EC3677-E6EA-4D73-A242-91165C6A9050}.Release|x86.ActiveCfg = Release|Any CPU
		{37EC3677-E6EA-4D73-A242-91165C6A9050}.Release|x86.Build.0 = Release|Any CPU
		{67C32DAD-9AD7-4A61-B1BE-A30FE05EB43D}.Debug|Any CPU.ActiveCfg = Debug|Any CPU
		{67C32DAD-9AD7-4A61-B1BE-A30FE05EB43D}.Debug|Any CPU.Build.0 = Debug|Any CPU
		{67C32DAD-9AD7-4A61-B1BE-A30FE05EB43D}.Debug|x64.ActiveCfg = Debug|Any CPU
		{67C32DAD-9AD7-4A61-B1BE-A30FE05EB43D}.Debug|x64.Build.0 = Debug|Any CPU
		{67C32DAD-9AD7-4A61-B1BE-A30FE05EB43D}.Debug|x86.ActiveCfg = Debug|Any CPU
		{67C32DAD-9AD7-4A61-B1BE-A30FE05EB43D}.Debug|x86.Build.0 = Debug|Any CPU
		{67C32DAD-9AD7-4A61-B1BE-A30FE05EB43D}.Release|Any CPU.ActiveCfg = Release|Any CPU
		{67C32DAD-9AD7-4A61-B1BE-A30FE05EB43D}.Release|Any CPU.Build.0 = Release|Any CPU
		{67C32DAD-9AD7-4A61-B1BE-A30FE05EB43D}.Release|x64.ActiveCfg = Release|Any CPU
		{67C32DAD-9AD7-4A61-B1BE-A30FE05EB43D}.Release|x64.Build.0 = Release|Any CPU
		{67C32DAD-9AD7-4A61-B1BE-A30FE05EB43D}.Release|x86.ActiveCfg = Release|Any CPU
		{67C32DAD-9AD7-4A61-B1BE-A30FE05EB43D}.Release|x86.Build.0 = Release|Any CPU
		{AD83893C-4411-41C4-A9D4-915FF6AAA1AC}.Debug|Any CPU.ActiveCfg = Debug|Any CPU
		{AD83893C-4411-41C4-A9D4-915FF6AAA1AC}.Debug|Any CPU.Build.0 = Debug|Any CPU
		{AD83893C-4411-41C4-A9D4-915FF6AAA1AC}.Debug|x64.ActiveCfg = Debug|Any CPU
		{AD83893C-4411-41C4-A9D4-915FF6AAA1AC}.Debug|x64.Build.0 = Debug|Any CPU
		{AD83893C-4411-41C4-A9D4-915FF6AAA1AC}.Debug|x86.ActiveCfg = Debug|Any CPU
		{AD83893C-4411-41C4-A9D4-915FF6AAA1AC}.Debug|x86.Build.0 = Debug|Any CPU
		{AD83893C-4411-41C4-A9D4-915FF6AAA1AC}.Release|Any CPU.ActiveCfg = Release|Any CPU
		{AD83893C-4411-41C4-A9D4-915FF6AAA1AC}.Release|Any CPU.Build.0 = Release|Any CPU
		{AD83893C-4411-41C4-A9D4-915FF6AAA1AC}.Release|x64.ActiveCfg = Release|Any CPU
		{AD83893C-4411-41C4-A9D4-915FF6AAA1AC}.Release|x64.Build.0 = Release|Any CPU
		{AD83893C-4411-41C4-A9D4-915FF6AAA1AC}.Release|x86.ActiveCfg = Release|Any CPU
		{AD83893C-4411-41C4-A9D4-915FF6AAA1AC}.Release|x86.Build.0 = Release|Any CPU
		{E09928B9-B70A-4238-9ADA-592D79108D83}.Debug|Any CPU.ActiveCfg = Debug|Any CPU
		{E09928B9-B70A-4238-9ADA-592D79108D83}.Debug|Any CPU.Build.0 = Debug|Any CPU
		{E09928B9-B70A-4238-9ADA-592D79108D83}.Debug|x64.ActiveCfg = Debug|Any CPU
		{E09928B9-B70A-4238-9ADA-592D79108D83}.Debug|x64.Build.0 = Debug|Any CPU
		{E09928B9-B70A-4238-9ADA-592D79108D83}.Debug|x86.ActiveCfg = Debug|Any CPU
		{E09928B9-B70A-4238-9ADA-592D79108D83}.Debug|x86.Build.0 = Debug|Any CPU
		{E09928B9-B70A-4238-9ADA-592D79108D83}.Release|Any CPU.ActiveCfg = Release|Any CPU
		{E09928B9-B70A-4238-9ADA-592D79108D83}.Release|Any CPU.Build.0 = Release|Any CPU
		{E09928B9-B70A-4238-9ADA-592D79108D83}.Release|x64.ActiveCfg = Release|Any CPU
		{E09928B9-B70A-4238-9ADA-592D79108D83}.Release|x64.Build.0 = Release|Any CPU
		{E09928B9-B70A-4238-9ADA-592D79108D83}.Release|x86.ActiveCfg = Release|Any CPU
		{E09928B9-B70A-4238-9ADA-592D79108D83}.Release|x86.Build.0 = Release|Any CPU
		{6392CFE2-B32B-4317-ACF7-B97CDA881333}.Debug|Any CPU.ActiveCfg = Debug|Any CPU
		{6392CFE2-B32B-4317-ACF7-B97CDA881333}.Debug|Any CPU.Build.0 = Debug|Any CPU
		{6392CFE2-B32B-4317-ACF7-B97CDA881333}.Debug|x64.ActiveCfg = Debug|Any CPU
		{6392CFE2-B32B-4317-ACF7-B97CDA881333}.Debug|x64.Build.0 = Debug|Any CPU
		{6392CFE2-B32B-4317-ACF7-B97CDA881333}.Debug|x86.ActiveCfg = Debug|Any CPU
		{6392CFE2-B32B-4317-ACF7-B97CDA881333}.Debug|x86.Build.0 = Debug|Any CPU
		{6392CFE2-B32B-4317-ACF7-B97CDA881333}.Release|Any CPU.ActiveCfg = Release|Any CPU
		{6392CFE2-B32B-4317-ACF7-B97CDA881333}.Release|Any CPU.Build.0 = Release|Any CPU
		{6392CFE2-B32B-4317-ACF7-B97CDA881333}.Release|x64.ActiveCfg = Release|Any CPU
		{6392CFE2-B32B-4317-ACF7-B97CDA881333}.Release|x64.Build.0 = Release|Any CPU
		{6392CFE2-B32B-4317-ACF7-B97CDA881333}.Release|x86.ActiveCfg = Release|Any CPU
		{6392CFE2-B32B-4317-ACF7-B97CDA881333}.Release|x86.Build.0 = Release|Any CPU
		{BD212787-339D-46F6-962C-A3367BD0F579}.Debug|Any CPU.ActiveCfg = Debug|Any CPU
		{BD212787-339D-46F6-962C-A3367BD0F579}.Debug|Any CPU.Build.0 = Debug|Any CPU
		{BD212787-339D-46F6-962C-A3367BD0F579}.Debug|x64.ActiveCfg = Debug|Any CPU
		{BD212787-339D-46F6-962C-A3367BD0F579}.Debug|x64.Build.0 = Debug|Any CPU
		{BD212787-339D-46F6-962C-A3367BD0F579}.Debug|x86.ActiveCfg = Debug|Any CPU
		{BD212787-339D-46F6-962C-A3367BD0F579}.Debug|x86.Build.0 = Debug|Any CPU
		{BD212787-339D-46F6-962C-A3367BD0F579}.Release|Any CPU.ActiveCfg = Release|Any CPU
		{BD212787-339D-46F6-962C-A3367BD0F579}.Release|Any CPU.Build.0 = Release|Any CPU
		{BD212787-339D-46F6-962C-A3367BD0F579}.Release|x64.ActiveCfg = Release|Any CPU
		{BD212787-339D-46F6-962C-A3367BD0F579}.Release|x64.Build.0 = Release|Any CPU
		{BD212787-339D-46F6-962C-A3367BD0F579}.Release|x86.ActiveCfg = Release|Any CPU
		{BD212787-339D-46F6-962C-A3367BD0F579}.Release|x86.Build.0 = Release|Any CPU
		{E1A2445F-DC45-48B3-AF17-721658EECE17}.Debug|Any CPU.ActiveCfg = Debug|Any CPU
		{E1A2445F-DC45-48B3-AF17-721658EECE17}.Debug|Any CPU.Build.0 = Debug|Any CPU
		{E1A2445F-DC45-48B3-AF17-721658EECE17}.Debug|x64.ActiveCfg = Debug|Any CPU
		{E1A2445F-DC45-48B3-AF17-721658EECE17}.Debug|x64.Build.0 = Debug|Any CPU
		{E1A2445F-DC45-48B3-AF17-721658EECE17}.Debug|x86.ActiveCfg = Debug|Any CPU
		{E1A2445F-DC45-48B3-AF17-721658EECE17}.Debug|x86.Build.0 = Debug|Any CPU
		{E1A2445F-DC45-48B3-AF17-721658EECE17}.Release|Any CPU.ActiveCfg = Release|Any CPU
		{E1A2445F-DC45-48B3-AF17-721658EECE17}.Release|Any CPU.Build.0 = Release|Any CPU
		{E1A2445F-DC45-48B3-AF17-721658EECE17}.Release|x64.ActiveCfg = Release|Any CPU
		{E1A2445F-DC45-48B3-AF17-721658EECE17}.Release|x64.Build.0 = Release|Any CPU
		{E1A2445F-DC45-48B3-AF17-721658EECE17}.Release|x86.ActiveCfg = Release|Any CPU
		{E1A2445F-DC45-48B3-AF17-721658EECE17}.Release|x86.Build.0 = Release|Any CPU
		{41D23FA1-C4BD-45B1-A1DF-6CB6576A16CC}.Debug|Any CPU.ActiveCfg = Debug|Any CPU
		{41D23FA1-C4BD-45B1-A1DF-6CB6576A16CC}.Debug|Any CPU.Build.0 = Debug|Any CPU
		{41D23FA1-C4BD-45B1-A1DF-6CB6576A16CC}.Debug|x64.ActiveCfg = Debug|Any CPU
		{41D23FA1-C4BD-45B1-A1DF-6CB6576A16CC}.Debug|x64.Build.0 = Debug|Any CPU
		{41D23FA1-C4BD-45B1-A1DF-6CB6576A16CC}.Debug|x86.ActiveCfg = Debug|Any CPU
		{41D23FA1-C4BD-45B1-A1DF-6CB6576A16CC}.Debug|x86.Build.0 = Debug|Any CPU
		{41D23FA1-C4BD-45B1-A1DF-6CB6576A16CC}.Release|Any CPU.ActiveCfg = Release|Any CPU
		{41D23FA1-C4BD-45B1-A1DF-6CB6576A16CC}.Release|Any CPU.Build.0 = Release|Any CPU
		{41D23FA1-C4BD-45B1-A1DF-6CB6576A16CC}.Release|x64.ActiveCfg = Release|Any CPU
		{41D23FA1-C4BD-45B1-A1DF-6CB6576A16CC}.Release|x64.Build.0 = Release|Any CPU
		{41D23FA1-C4BD-45B1-A1DF-6CB6576A16CC}.Release|x86.ActiveCfg = Release|Any CPU
		{41D23FA1-C4BD-45B1-A1DF-6CB6576A16CC}.Release|x86.Build.0 = Release|Any CPU
		{87A78F16-A572-4D72-83C5-BBD501AE63DA}.Debug|Any CPU.ActiveCfg = Debug|Any CPU
		{87A78F16-A572-4D72-83C5-BBD501AE63DA}.Debug|Any CPU.Build.0 = Debug|Any CPU
		{87A78F16-A572-4D72-83C5-BBD501AE63DA}.Debug|x64.ActiveCfg = Debug|Any CPU
		{87A78F16-A572-4D72-83C5-BBD501AE63DA}.Debug|x64.Build.0 = Debug|Any CPU
		{87A78F16-A572-4D72-83C5-BBD501AE63DA}.Debug|x86.ActiveCfg = Debug|Any CPU
		{87A78F16-A572-4D72-83C5-BBD501AE63DA}.Debug|x86.Build.0 = Debug|Any CPU
		{87A78F16-A572-4D72-83C5-BBD501AE63DA}.Release|Any CPU.ActiveCfg = Release|Any CPU
		{87A78F16-A572-4D72-83C5-BBD501AE63DA}.Release|Any CPU.Build.0 = Release|Any CPU
		{87A78F16-A572-4D72-83C5-BBD501AE63DA}.Release|x64.ActiveCfg = Release|Any CPU
		{87A78F16-A572-4D72-83C5-BBD501AE63DA}.Release|x64.Build.0 = Release|Any CPU
		{87A78F16-A572-4D72-83C5-BBD501AE63DA}.Release|x86.ActiveCfg = Release|Any CPU
		{87A78F16-A572-4D72-83C5-BBD501AE63DA}.Release|x86.Build.0 = Release|Any CPU
		{ECA5574C-4C87-412C-9F74-E4F62C93720E}.Debug|Any CPU.ActiveCfg = Debug|Any CPU
		{ECA5574C-4C87-412C-9F74-E4F62C93720E}.Debug|Any CPU.Build.0 = Debug|Any CPU
		{ECA5574C-4C87-412C-9F74-E4F62C93720E}.Debug|x64.ActiveCfg = Debug|Any CPU
		{ECA5574C-4C87-412C-9F74-E4F62C93720E}.Debug|x64.Build.0 = Debug|Any CPU
		{ECA5574C-4C87-412C-9F74-E4F62C93720E}.Debug|x86.ActiveCfg = Debug|Any CPU
		{ECA5574C-4C87-412C-9F74-E4F62C93720E}.Debug|x86.Build.0 = Debug|Any CPU
		{ECA5574C-4C87-412C-9F74-E4F62C93720E}.Release|Any CPU.ActiveCfg = Release|Any CPU
		{ECA5574C-4C87-412C-9F74-E4F62C93720E}.Release|Any CPU.Build.0 = Release|Any CPU
		{ECA5574C-4C87-412C-9F74-E4F62C93720E}.Release|x64.ActiveCfg = Release|Any CPU
		{ECA5574C-4C87-412C-9F74-E4F62C93720E}.Release|x64.Build.0 = Release|Any CPU
		{ECA5574C-4C87-412C-9F74-E4F62C93720E}.Release|x86.ActiveCfg = Release|Any CPU
		{ECA5574C-4C87-412C-9F74-E4F62C93720E}.Release|x86.Build.0 = Release|Any CPU
		{896FFECB-C9B3-42A0-BDD3-2042C7C37931}.Debug|Any CPU.ActiveCfg = Debug|Any CPU
		{896FFECB-C9B3-42A0-BDD3-2042C7C37931}.Debug|Any CPU.Build.0 = Debug|Any CPU
		{896FFECB-C9B3-42A0-BDD3-2042C7C37931}.Debug|x64.ActiveCfg = Debug|Any CPU
		{896FFECB-C9B3-42A0-BDD3-2042C7C37931}.Debug|x64.Build.0 = Debug|Any CPU
		{896FFECB-C9B3-42A0-BDD3-2042C7C37931}.Debug|x86.ActiveCfg = Debug|Any CPU
		{896FFECB-C9B3-42A0-BDD3-2042C7C37931}.Debug|x86.Build.0 = Debug|Any CPU
		{896FFECB-C9B3-42A0-BDD3-2042C7C37931}.Release|Any CPU.ActiveCfg = Release|Any CPU
		{896FFECB-C9B3-42A0-BDD3-2042C7C37931}.Release|Any CPU.Build.0 = Release|Any CPU
		{896FFECB-C9B3-42A0-BDD3-2042C7C37931}.Release|x64.ActiveCfg = Release|Any CPU
		{896FFECB-C9B3-42A0-BDD3-2042C7C37931}.Release|x64.Build.0 = Release|Any CPU
		{896FFECB-C9B3-42A0-BDD3-2042C7C37931}.Release|x86.ActiveCfg = Release|Any CPU
		{896FFECB-C9B3-42A0-BDD3-2042C7C37931}.Release|x86.Build.0 = Release|Any CPU
		{72F8491B-B65D-4085-AFA3-D6ECFDB81C63}.Debug|Any CPU.ActiveCfg = Debug|Any CPU
		{72F8491B-B65D-4085-AFA3-D6ECFDB81C63}.Debug|Any CPU.Build.0 = Debug|Any CPU
		{72F8491B-B65D-4085-AFA3-D6ECFDB81C63}.Debug|x64.ActiveCfg = Debug|Any CPU
		{72F8491B-B65D-4085-AFA3-D6ECFDB81C63}.Debug|x64.Build.0 = Debug|Any CPU
		{72F8491B-B65D-4085-AFA3-D6ECFDB81C63}.Debug|x86.ActiveCfg = Debug|Any CPU
		{72F8491B-B65D-4085-AFA3-D6ECFDB81C63}.Debug|x86.Build.0 = Debug|Any CPU
		{72F8491B-B65D-4085-AFA3-D6ECFDB81C63}.Release|Any CPU.ActiveCfg = Release|Any CPU
		{72F8491B-B65D-4085-AFA3-D6ECFDB81C63}.Release|Any CPU.Build.0 = Release|Any CPU
		{72F8491B-B65D-4085-AFA3-D6ECFDB81C63}.Release|x64.ActiveCfg = Release|Any CPU
		{72F8491B-B65D-4085-AFA3-D6ECFDB81C63}.Release|x64.Build.0 = Release|Any CPU
		{72F8491B-B65D-4085-AFA3-D6ECFDB81C63}.Release|x86.ActiveCfg = Release|Any CPU
		{72F8491B-B65D-4085-AFA3-D6ECFDB81C63}.Release|x86.Build.0 = Release|Any CPU
		{062EC110-A663-4203-AE1E-93E98B2A4CD5}.Debug|Any CPU.ActiveCfg = Debug|Any CPU
		{062EC110-A663-4203-AE1E-93E98B2A4CD5}.Debug|Any CPU.Build.0 = Debug|Any CPU
		{062EC110-A663-4203-AE1E-93E98B2A4CD5}.Debug|x64.ActiveCfg = Debug|Any CPU
		{062EC110-A663-4203-AE1E-93E98B2A4CD5}.Debug|x64.Build.0 = Debug|Any CPU
		{062EC110-A663-4203-AE1E-93E98B2A4CD5}.Debug|x86.ActiveCfg = Debug|Any CPU
		{062EC110-A663-4203-AE1E-93E98B2A4CD5}.Debug|x86.Build.0 = Debug|Any CPU
		{062EC110-A663-4203-AE1E-93E98B2A4CD5}.Release|Any CPU.ActiveCfg = Release|Any CPU
		{062EC110-A663-4203-AE1E-93E98B2A4CD5}.Release|Any CPU.Build.0 = Release|Any CPU
		{062EC110-A663-4203-AE1E-93E98B2A4CD5}.Release|x64.ActiveCfg = Release|Any CPU
		{062EC110-A663-4203-AE1E-93E98B2A4CD5}.Release|x64.Build.0 = Release|Any CPU
		{062EC110-A663-4203-AE1E-93E98B2A4CD5}.Release|x86.ActiveCfg = Release|Any CPU
		{062EC110-A663-4203-AE1E-93E98B2A4CD5}.Release|x86.Build.0 = Release|Any CPU
		{85B70C9F-E19D-4771-8E85-14D3E4A491F5}.Debug|Any CPU.ActiveCfg = Debug|Any CPU
		{85B70C9F-E19D-4771-8E85-14D3E4A491F5}.Debug|Any CPU.Build.0 = Debug|Any CPU
		{85B70C9F-E19D-4771-8E85-14D3E4A491F5}.Debug|x64.ActiveCfg = Debug|Any CPU
		{85B70C9F-E19D-4771-8E85-14D3E4A491F5}.Debug|x64.Build.0 = Debug|Any CPU
		{85B70C9F-E19D-4771-8E85-14D3E4A491F5}.Debug|x86.ActiveCfg = Debug|Any CPU
		{85B70C9F-E19D-4771-8E85-14D3E4A491F5}.Debug|x86.Build.0 = Debug|Any CPU
		{85B70C9F-E19D-4771-8E85-14D3E4A491F5}.Release|Any CPU.ActiveCfg = Release|Any CPU
		{85B70C9F-E19D-4771-8E85-14D3E4A491F5}.Release|Any CPU.Build.0 = Release|Any CPU
		{85B70C9F-E19D-4771-8E85-14D3E4A491F5}.Release|x64.ActiveCfg = Release|Any CPU
		{85B70C9F-E19D-4771-8E85-14D3E4A491F5}.Release|x64.Build.0 = Release|Any CPU
		{85B70C9F-E19D-4771-8E85-14D3E4A491F5}.Release|x86.ActiveCfg = Release|Any CPU
		{85B70C9F-E19D-4771-8E85-14D3E4A491F5}.Release|x86.Build.0 = Release|Any CPU
		{B9655859-6269-448E-A0A6-112B0AD9513D}.Debug|Any CPU.ActiveCfg = Debug|Any CPU
		{B9655859-6269-448E-A0A6-112B0AD9513D}.Debug|Any CPU.Build.0 = Debug|Any CPU
		{B9655859-6269-448E-A0A6-112B0AD9513D}.Debug|x64.ActiveCfg = Debug|Any CPU
		{B9655859-6269-448E-A0A6-112B0AD9513D}.Debug|x64.Build.0 = Debug|Any CPU
		{B9655859-6269-448E-A0A6-112B0AD9513D}.Debug|x86.ActiveCfg = Debug|Any CPU
		{B9655859-6269-448E-A0A6-112B0AD9513D}.Debug|x86.Build.0 = Debug|Any CPU
		{B9655859-6269-448E-A0A6-112B0AD9513D}.Release|Any CPU.ActiveCfg = Release|Any CPU
		{B9655859-6269-448E-A0A6-112B0AD9513D}.Release|Any CPU.Build.0 = Release|Any CPU
		{B9655859-6269-448E-A0A6-112B0AD9513D}.Release|x64.ActiveCfg = Release|Any CPU
		{B9655859-6269-448E-A0A6-112B0AD9513D}.Release|x64.Build.0 = Release|Any CPU
		{B9655859-6269-448E-A0A6-112B0AD9513D}.Release|x86.ActiveCfg = Release|Any CPU
		{B9655859-6269-448E-A0A6-112B0AD9513D}.Release|x86.Build.0 = Release|Any CPU
		{9497B87C-0C03-4439-B337-3E32CE231869}.Debug|Any CPU.ActiveCfg = Debug|Any CPU
		{9497B87C-0C03-4439-B337-3E32CE231869}.Debug|Any CPU.Build.0 = Debug|Any CPU
		{9497B87C-0C03-4439-B337-3E32CE231869}.Debug|x64.ActiveCfg = Debug|Any CPU
		{9497B87C-0C03-4439-B337-3E32CE231869}.Debug|x64.Build.0 = Debug|Any CPU
		{9497B87C-0C03-4439-B337-3E32CE231869}.Debug|x86.ActiveCfg = Debug|Any CPU
		{9497B87C-0C03-4439-B337-3E32CE231869}.Debug|x86.Build.0 = Debug|Any CPU
		{9497B87C-0C03-4439-B337-3E32CE231869}.Release|Any CPU.ActiveCfg = Release|Any CPU
		{9497B87C-0C03-4439-B337-3E32CE231869}.Release|Any CPU.Build.0 = Release|Any CPU
		{9497B87C-0C03-4439-B337-3E32CE231869}.Release|x64.ActiveCfg = Release|Any CPU
		{9497B87C-0C03-4439-B337-3E32CE231869}.Release|x64.Build.0 = Release|Any CPU
		{9497B87C-0C03-4439-B337-3E32CE231869}.Release|x86.ActiveCfg = Release|Any CPU
		{9497B87C-0C03-4439-B337-3E32CE231869}.Release|x86.Build.0 = Release|Any CPU
		{3E5F5048-E81E-4263-8B7E-D84222D79AD8}.Debug|Any CPU.ActiveCfg = Debug|Any CPU
		{3E5F5048-E81E-4263-8B7E-D84222D79AD8}.Debug|Any CPU.Build.0 = Debug|Any CPU
		{3E5F5048-E81E-4263-8B7E-D84222D79AD8}.Debug|x64.ActiveCfg = Debug|Any CPU
		{3E5F5048-E81E-4263-8B7E-D84222D79AD8}.Debug|x64.Build.0 = Debug|Any CPU
		{3E5F5048-E81E-4263-8B7E-D84222D79AD8}.Debug|x86.ActiveCfg = Debug|Any CPU
		{3E5F5048-E81E-4263-8B7E-D84222D79AD8}.Debug|x86.Build.0 = Debug|Any CPU
		{3E5F5048-E81E-4263-8B7E-D84222D79AD8}.Release|Any CPU.ActiveCfg = Release|Any CPU
		{3E5F5048-E81E-4263-8B7E-D84222D79AD8}.Release|Any CPU.Build.0 = Release|Any CPU
		{3E5F5048-E81E-4263-8B7E-D84222D79AD8}.Release|x64.ActiveCfg = Release|Any CPU
		{3E5F5048-E81E-4263-8B7E-D84222D79AD8}.Release|x64.Build.0 = Release|Any CPU
		{3E5F5048-E81E-4263-8B7E-D84222D79AD8}.Release|x86.ActiveCfg = Release|Any CPU
		{3E5F5048-E81E-4263-8B7E-D84222D79AD8}.Release|x86.Build.0 = Release|Any CPU
		{69999E08-DDA4-4562-BF32-925732DCE1D7}.Debug|Any CPU.ActiveCfg = Debug|Any CPU
		{69999E08-DDA4-4562-BF32-925732DCE1D7}.Debug|Any CPU.Build.0 = Debug|Any CPU
		{69999E08-DDA4-4562-BF32-925732DCE1D7}.Debug|x64.ActiveCfg = Debug|Any CPU
		{69999E08-DDA4-4562-BF32-925732DCE1D7}.Debug|x64.Build.0 = Debug|Any CPU
		{69999E08-DDA4-4562-BF32-925732DCE1D7}.Debug|x86.ActiveCfg = Debug|Any CPU
		{69999E08-DDA4-4562-BF32-925732DCE1D7}.Debug|x86.Build.0 = Debug|Any CPU
		{69999E08-DDA4-4562-BF32-925732DCE1D7}.Release|Any CPU.ActiveCfg = Release|Any CPU
		{69999E08-DDA4-4562-BF32-925732DCE1D7}.Release|Any CPU.Build.0 = Release|Any CPU
		{69999E08-DDA4-4562-BF32-925732DCE1D7}.Release|x64.ActiveCfg = Release|Any CPU
		{69999E08-DDA4-4562-BF32-925732DCE1D7}.Release|x64.Build.0 = Release|Any CPU
		{69999E08-DDA4-4562-BF32-925732DCE1D7}.Release|x86.ActiveCfg = Release|Any CPU
		{69999E08-DDA4-4562-BF32-925732DCE1D7}.Release|x86.Build.0 = Release|Any CPU
		{DC49EB43-A0B3-429E-9624-1B3FFCBE3C9B}.Debug|Any CPU.ActiveCfg = Debug|Any CPU
		{DC49EB43-A0B3-429E-9624-1B3FFCBE3C9B}.Debug|Any CPU.Build.0 = Debug|Any CPU
		{DC49EB43-A0B3-429E-9624-1B3FFCBE3C9B}.Debug|x64.ActiveCfg = Debug|Any CPU
		{DC49EB43-A0B3-429E-9624-1B3FFCBE3C9B}.Debug|x64.Build.0 = Debug|Any CPU
		{DC49EB43-A0B3-429E-9624-1B3FFCBE3C9B}.Debug|x86.ActiveCfg = Debug|Any CPU
		{DC49EB43-A0B3-429E-9624-1B3FFCBE3C9B}.Debug|x86.Build.0 = Debug|Any CPU
		{DC49EB43-A0B3-429E-9624-1B3FFCBE3C9B}.Release|Any CPU.ActiveCfg = Release|Any CPU
		{DC49EB43-A0B3-429E-9624-1B3FFCBE3C9B}.Release|Any CPU.Build.0 = Release|Any CPU
		{DC49EB43-A0B3-429E-9624-1B3FFCBE3C9B}.Release|x64.ActiveCfg = Release|Any CPU
		{DC49EB43-A0B3-429E-9624-1B3FFCBE3C9B}.Release|x64.Build.0 = Release|Any CPU
		{DC49EB43-A0B3-429E-9624-1B3FFCBE3C9B}.Release|x86.ActiveCfg = Release|Any CPU
		{DC49EB43-A0B3-429E-9624-1B3FFCBE3C9B}.Release|x86.Build.0 = Release|Any CPU
		{3E8265F9-C869-4EB6-B635-D3D6FD09FDA1}.Debug|Any CPU.ActiveCfg = Debug|Any CPU
		{3E8265F9-C869-4EB6-B635-D3D6FD09FDA1}.Debug|Any CPU.Build.0 = Debug|Any CPU
		{3E8265F9-C869-4EB6-B635-D3D6FD09FDA1}.Debug|x64.ActiveCfg = Debug|Any CPU
		{3E8265F9-C869-4EB6-B635-D3D6FD09FDA1}.Debug|x64.Build.0 = Debug|Any CPU
		{3E8265F9-C869-4EB6-B635-D3D6FD09FDA1}.Debug|x86.ActiveCfg = Debug|Any CPU
		{3E8265F9-C869-4EB6-B635-D3D6FD09FDA1}.Debug|x86.Build.0 = Debug|Any CPU
		{3E8265F9-C869-4EB6-B635-D3D6FD09FDA1}.Release|Any CPU.ActiveCfg = Release|Any CPU
		{3E8265F9-C869-4EB6-B635-D3D6FD09FDA1}.Release|Any CPU.Build.0 = Release|Any CPU
		{3E8265F9-C869-4EB6-B635-D3D6FD09FDA1}.Release|x64.ActiveCfg = Release|Any CPU
		{3E8265F9-C869-4EB6-B635-D3D6FD09FDA1}.Release|x64.Build.0 = Release|Any CPU
		{3E8265F9-C869-4EB6-B635-D3D6FD09FDA1}.Release|x86.ActiveCfg = Release|Any CPU
		{3E8265F9-C869-4EB6-B635-D3D6FD09FDA1}.Release|x86.Build.0 = Release|Any CPU
		{D2C66341-7CC7-47DA-AEF9-CE007D3FB878}.Debug|Any CPU.ActiveCfg = Debug|Any CPU
		{D2C66341-7CC7-47DA-AEF9-CE007D3FB878}.Debug|Any CPU.Build.0 = Debug|Any CPU
		{D2C66341-7CC7-47DA-AEF9-CE007D3FB878}.Debug|x64.ActiveCfg = Debug|Any CPU
		{D2C66341-7CC7-47DA-AEF9-CE007D3FB878}.Debug|x64.Build.0 = Debug|Any CPU
		{D2C66341-7CC7-47DA-AEF9-CE007D3FB878}.Debug|x86.ActiveCfg = Debug|Any CPU
		{D2C66341-7CC7-47DA-AEF9-CE007D3FB878}.Debug|x86.Build.0 = Debug|Any CPU
		{D2C66341-7CC7-47DA-AEF9-CE007D3FB878}.Release|Any CPU.ActiveCfg = Release|Any CPU
		{D2C66341-7CC7-47DA-AEF9-CE007D3FB878}.Release|Any CPU.Build.0 = Release|Any CPU
		{D2C66341-7CC7-47DA-AEF9-CE007D3FB878}.Release|x64.ActiveCfg = Release|Any CPU
		{D2C66341-7CC7-47DA-AEF9-CE007D3FB878}.Release|x64.Build.0 = Release|Any CPU
		{D2C66341-7CC7-47DA-AEF9-CE007D3FB878}.Release|x86.ActiveCfg = Release|Any CPU
		{D2C66341-7CC7-47DA-AEF9-CE007D3FB878}.Release|x86.Build.0 = Release|Any CPU
		{82A5B8B4-5D60-4C94-926E-0A137F38414C}.Debug|Any CPU.ActiveCfg = Debug|Any CPU
		{82A5B8B4-5D60-4C94-926E-0A137F38414C}.Debug|Any CPU.Build.0 = Debug|Any CPU
		{82A5B8B4-5D60-4C94-926E-0A137F38414C}.Debug|x64.ActiveCfg = Debug|Any CPU
		{82A5B8B4-5D60-4C94-926E-0A137F38414C}.Debug|x64.Build.0 = Debug|Any CPU
		{82A5B8B4-5D60-4C94-926E-0A137F38414C}.Debug|x86.ActiveCfg = Debug|Any CPU
		{82A5B8B4-5D60-4C94-926E-0A137F38414C}.Debug|x86.Build.0 = Debug|Any CPU
		{82A5B8B4-5D60-4C94-926E-0A137F38414C}.Release|Any CPU.ActiveCfg = Release|Any CPU
		{82A5B8B4-5D60-4C94-926E-0A137F38414C}.Release|Any CPU.Build.0 = Release|Any CPU
		{82A5B8B4-5D60-4C94-926E-0A137F38414C}.Release|x64.ActiveCfg = Release|Any CPU
		{82A5B8B4-5D60-4C94-926E-0A137F38414C}.Release|x64.Build.0 = Release|Any CPU
		{82A5B8B4-5D60-4C94-926E-0A137F38414C}.Release|x86.ActiveCfg = Release|Any CPU
		{82A5B8B4-5D60-4C94-926E-0A137F38414C}.Release|x86.Build.0 = Release|Any CPU
		{5E94A2CE-6A25-44FA-8D0F-1EA2E1647AD0}.Debug|Any CPU.ActiveCfg = Debug|Any CPU
		{5E94A2CE-6A25-44FA-8D0F-1EA2E1647AD0}.Debug|Any CPU.Build.0 = Debug|Any CPU
		{5E94A2CE-6A25-44FA-8D0F-1EA2E1647AD0}.Debug|x64.ActiveCfg = Debug|Any CPU
		{5E94A2CE-6A25-44FA-8D0F-1EA2E1647AD0}.Debug|x64.Build.0 = Debug|Any CPU
		{5E94A2CE-6A25-44FA-8D0F-1EA2E1647AD0}.Debug|x86.ActiveCfg = Debug|Any CPU
		{5E94A2CE-6A25-44FA-8D0F-1EA2E1647AD0}.Debug|x86.Build.0 = Debug|Any CPU
		{5E94A2CE-6A25-44FA-8D0F-1EA2E1647AD0}.Release|Any CPU.ActiveCfg = Release|Any CPU
		{5E94A2CE-6A25-44FA-8D0F-1EA2E1647AD0}.Release|Any CPU.Build.0 = Release|Any CPU
		{5E94A2CE-6A25-44FA-8D0F-1EA2E1647AD0}.Release|x64.ActiveCfg = Release|Any CPU
		{5E94A2CE-6A25-44FA-8D0F-1EA2E1647AD0}.Release|x64.Build.0 = Release|Any CPU
		{5E94A2CE-6A25-44FA-8D0F-1EA2E1647AD0}.Release|x86.ActiveCfg = Release|Any CPU
		{5E94A2CE-6A25-44FA-8D0F-1EA2E1647AD0}.Release|x86.Build.0 = Release|Any CPU
		{E5004A99-F890-4A48-A304-6B542C319530}.Debug|Any CPU.ActiveCfg = Debug|Any CPU
		{E5004A99-F890-4A48-A304-6B542C319530}.Debug|Any CPU.Build.0 = Debug|Any CPU
		{E5004A99-F890-4A48-A304-6B542C319530}.Debug|x64.ActiveCfg = Debug|Any CPU
		{E5004A99-F890-4A48-A304-6B542C319530}.Debug|x64.Build.0 = Debug|Any CPU
		{E5004A99-F890-4A48-A304-6B542C319530}.Debug|x86.ActiveCfg = Debug|Any CPU
		{E5004A99-F890-4A48-A304-6B542C319530}.Debug|x86.Build.0 = Debug|Any CPU
		{E5004A99-F890-4A48-A304-6B542C319530}.Release|Any CPU.ActiveCfg = Release|Any CPU
		{E5004A99-F890-4A48-A304-6B542C319530}.Release|Any CPU.Build.0 = Release|Any CPU
		{E5004A99-F890-4A48-A304-6B542C319530}.Release|x64.ActiveCfg = Release|Any CPU
		{E5004A99-F890-4A48-A304-6B542C319530}.Release|x64.Build.0 = Release|Any CPU
		{E5004A99-F890-4A48-A304-6B542C319530}.Release|x86.ActiveCfg = Release|Any CPU
		{E5004A99-F890-4A48-A304-6B542C319530}.Release|x86.Build.0 = Release|Any CPU
		{C288B85E-7DD4-4B74-AC21-FF507FB6C145}.Debug|Any CPU.ActiveCfg = Debug|Any CPU
		{C288B85E-7DD4-4B74-AC21-FF507FB6C145}.Debug|Any CPU.Build.0 = Debug|Any CPU
		{C288B85E-7DD4-4B74-AC21-FF507FB6C145}.Debug|x64.ActiveCfg = Debug|Any CPU
		{C288B85E-7DD4-4B74-AC21-FF507FB6C145}.Debug|x64.Build.0 = Debug|Any CPU
		{C288B85E-7DD4-4B74-AC21-FF507FB6C145}.Debug|x86.ActiveCfg = Debug|Any CPU
		{C288B85E-7DD4-4B74-AC21-FF507FB6C145}.Debug|x86.Build.0 = Debug|Any CPU
		{C288B85E-7DD4-4B74-AC21-FF507FB6C145}.Release|Any CPU.ActiveCfg = Release|Any CPU
		{C288B85E-7DD4-4B74-AC21-FF507FB6C145}.Release|Any CPU.Build.0 = Release|Any CPU
		{C288B85E-7DD4-4B74-AC21-FF507FB6C145}.Release|x64.ActiveCfg = Release|Any CPU
		{C288B85E-7DD4-4B74-AC21-FF507FB6C145}.Release|x64.Build.0 = Release|Any CPU
		{C288B85E-7DD4-4B74-AC21-FF507FB6C145}.Release|x86.ActiveCfg = Release|Any CPU
		{C288B85E-7DD4-4B74-AC21-FF507FB6C145}.Release|x86.Build.0 = Release|Any CPU
		{F65519CE-9E9A-4DC2-A3B8-3C3904C608E1}.Debug|Any CPU.ActiveCfg = Debug|Any CPU
		{F65519CE-9E9A-4DC2-A3B8-3C3904C608E1}.Debug|Any CPU.Build.0 = Debug|Any CPU
		{F65519CE-9E9A-4DC2-A3B8-3C3904C608E1}.Debug|x64.ActiveCfg = Debug|Any CPU
		{F65519CE-9E9A-4DC2-A3B8-3C3904C608E1}.Debug|x64.Build.0 = Debug|Any CPU
		{F65519CE-9E9A-4DC2-A3B8-3C3904C608E1}.Debug|x86.ActiveCfg = Debug|Any CPU
		{F65519CE-9E9A-4DC2-A3B8-3C3904C608E1}.Debug|x86.Build.0 = Debug|Any CPU
		{F65519CE-9E9A-4DC2-A3B8-3C3904C608E1}.Release|Any CPU.ActiveCfg = Release|Any CPU
		{F65519CE-9E9A-4DC2-A3B8-3C3904C608E1}.Release|Any CPU.Build.0 = Release|Any CPU
		{F65519CE-9E9A-4DC2-A3B8-3C3904C608E1}.Release|x64.ActiveCfg = Release|Any CPU
		{F65519CE-9E9A-4DC2-A3B8-3C3904C608E1}.Release|x64.Build.0 = Release|Any CPU
		{F65519CE-9E9A-4DC2-A3B8-3C3904C608E1}.Release|x86.ActiveCfg = Release|Any CPU
		{F65519CE-9E9A-4DC2-A3B8-3C3904C608E1}.Release|x86.Build.0 = Release|Any CPU
		{7AB3EC86-5048-4186-BDA8-6EA526F14E45}.Debug|Any CPU.ActiveCfg = Debug|Any CPU
		{7AB3EC86-5048-4186-BDA8-6EA526F14E45}.Debug|Any CPU.Build.0 = Debug|Any CPU
		{7AB3EC86-5048-4186-BDA8-6EA526F14E45}.Debug|x64.ActiveCfg = Debug|Any CPU
		{7AB3EC86-5048-4186-BDA8-6EA526F14E45}.Debug|x64.Build.0 = Debug|Any CPU
		{7AB3EC86-5048-4186-BDA8-6EA526F14E45}.Debug|x86.ActiveCfg = Debug|Any CPU
		{7AB3EC86-5048-4186-BDA8-6EA526F14E45}.Debug|x86.Build.0 = Debug|Any CPU
		{7AB3EC86-5048-4186-BDA8-6EA526F14E45}.Release|Any CPU.ActiveCfg = Release|Any CPU
		{7AB3EC86-5048-4186-BDA8-6EA526F14E45}.Release|Any CPU.Build.0 = Release|Any CPU
		{7AB3EC86-5048-4186-BDA8-6EA526F14E45}.Release|x64.ActiveCfg = Release|Any CPU
		{7AB3EC86-5048-4186-BDA8-6EA526F14E45}.Release|x64.Build.0 = Release|Any CPU
		{7AB3EC86-5048-4186-BDA8-6EA526F14E45}.Release|x86.ActiveCfg = Release|Any CPU
		{7AB3EC86-5048-4186-BDA8-6EA526F14E45}.Release|x86.Build.0 = Release|Any CPU
		{A6641CD3-6F8F-41BE-9FF2-5B267BDF5EE6}.Debug|Any CPU.ActiveCfg = Debug|Any CPU
		{A6641CD3-6F8F-41BE-9FF2-5B267BDF5EE6}.Debug|Any CPU.Build.0 = Debug|Any CPU
		{A6641CD3-6F8F-41BE-9FF2-5B267BDF5EE6}.Debug|x64.ActiveCfg = Debug|Any CPU
		{A6641CD3-6F8F-41BE-9FF2-5B267BDF5EE6}.Debug|x64.Build.0 = Debug|Any CPU
		{A6641CD3-6F8F-41BE-9FF2-5B267BDF5EE6}.Debug|x86.ActiveCfg = Debug|Any CPU
		{A6641CD3-6F8F-41BE-9FF2-5B267BDF5EE6}.Debug|x86.Build.0 = Debug|Any CPU
		{A6641CD3-6F8F-41BE-9FF2-5B267BDF5EE6}.Release|Any CPU.ActiveCfg = Release|Any CPU
		{A6641CD3-6F8F-41BE-9FF2-5B267BDF5EE6}.Release|Any CPU.Build.0 = Release|Any CPU
		{A6641CD3-6F8F-41BE-9FF2-5B267BDF5EE6}.Release|x64.ActiveCfg = Release|Any CPU
		{A6641CD3-6F8F-41BE-9FF2-5B267BDF5EE6}.Release|x64.Build.0 = Release|Any CPU
		{A6641CD3-6F8F-41BE-9FF2-5B267BDF5EE6}.Release|x86.ActiveCfg = Release|Any CPU
		{A6641CD3-6F8F-41BE-9FF2-5B267BDF5EE6}.Release|x86.Build.0 = Release|Any CPU
		{AC71E434-A268-498E-86C5-D65F698E4D13}.Debug|Any CPU.ActiveCfg = Debug|Any CPU
		{AC71E434-A268-498E-86C5-D65F698E4D13}.Debug|Any CPU.Build.0 = Debug|Any CPU
		{AC71E434-A268-498E-86C5-D65F698E4D13}.Debug|x64.ActiveCfg = Debug|Any CPU
		{AC71E434-A268-498E-86C5-D65F698E4D13}.Debug|x64.Build.0 = Debug|Any CPU
		{AC71E434-A268-498E-86C5-D65F698E4D13}.Debug|x86.ActiveCfg = Debug|Any CPU
		{AC71E434-A268-498E-86C5-D65F698E4D13}.Debug|x86.Build.0 = Debug|Any CPU
		{AC71E434-A268-498E-86C5-D65F698E4D13}.Release|Any CPU.ActiveCfg = Release|Any CPU
		{AC71E434-A268-498E-86C5-D65F698E4D13}.Release|Any CPU.Build.0 = Release|Any CPU
		{AC71E434-A268-498E-86C5-D65F698E4D13}.Release|x64.ActiveCfg = Release|Any CPU
		{AC71E434-A268-498E-86C5-D65F698E4D13}.Release|x64.Build.0 = Release|Any CPU
		{AC71E434-A268-498E-86C5-D65F698E4D13}.Release|x86.ActiveCfg = Release|Any CPU
		{AC71E434-A268-498E-86C5-D65F698E4D13}.Release|x86.Build.0 = Release|Any CPU
		{62413835-3B28-4686-B4A6-E6E26D8F2A09}.Debug|Any CPU.ActiveCfg = Debug|Any CPU
		{62413835-3B28-4686-B4A6-E6E26D8F2A09}.Debug|Any CPU.Build.0 = Debug|Any CPU
		{62413835-3B28-4686-B4A6-E6E26D8F2A09}.Debug|x64.ActiveCfg = Debug|Any CPU
		{62413835-3B28-4686-B4A6-E6E26D8F2A09}.Debug|x64.Build.0 = Debug|Any CPU
		{62413835-3B28-4686-B4A6-E6E26D8F2A09}.Debug|x86.ActiveCfg = Debug|Any CPU
		{62413835-3B28-4686-B4A6-E6E26D8F2A09}.Debug|x86.Build.0 = Debug|Any CPU
		{62413835-3B28-4686-B4A6-E6E26D8F2A09}.Release|Any CPU.ActiveCfg = Release|Any CPU
		{62413835-3B28-4686-B4A6-E6E26D8F2A09}.Release|Any CPU.Build.0 = Release|Any CPU
		{62413835-3B28-4686-B4A6-E6E26D8F2A09}.Release|x64.ActiveCfg = Release|Any CPU
		{62413835-3B28-4686-B4A6-E6E26D8F2A09}.Release|x64.Build.0 = Release|Any CPU
		{62413835-3B28-4686-B4A6-E6E26D8F2A09}.Release|x86.ActiveCfg = Release|Any CPU
		{62413835-3B28-4686-B4A6-E6E26D8F2A09}.Release|x86.Build.0 = Release|Any CPU
		{EAB456B7-2226-4B1B-9094-94DB5421F8D4}.Debug|Any CPU.ActiveCfg = Debug|Any CPU
		{EAB456B7-2226-4B1B-9094-94DB5421F8D4}.Debug|Any CPU.Build.0 = Debug|Any CPU
		{EAB456B7-2226-4B1B-9094-94DB5421F8D4}.Debug|x64.ActiveCfg = Debug|Any CPU
		{EAB456B7-2226-4B1B-9094-94DB5421F8D4}.Debug|x64.Build.0 = Debug|Any CPU
		{EAB456B7-2226-4B1B-9094-94DB5421F8D4}.Debug|x86.ActiveCfg = Debug|Any CPU
		{EAB456B7-2226-4B1B-9094-94DB5421F8D4}.Debug|x86.Build.0 = Debug|Any CPU
		{EAB456B7-2226-4B1B-9094-94DB5421F8D4}.Release|Any CPU.ActiveCfg = Release|Any CPU
		{EAB456B7-2226-4B1B-9094-94DB5421F8D4}.Release|Any CPU.Build.0 = Release|Any CPU
		{EAB456B7-2226-4B1B-9094-94DB5421F8D4}.Release|x64.ActiveCfg = Release|Any CPU
		{EAB456B7-2226-4B1B-9094-94DB5421F8D4}.Release|x64.Build.0 = Release|Any CPU
		{EAB456B7-2226-4B1B-9094-94DB5421F8D4}.Release|x86.ActiveCfg = Release|Any CPU
		{EAB456B7-2226-4B1B-9094-94DB5421F8D4}.Release|x86.Build.0 = Release|Any CPU
		{F996B13E-84BE-449A-9CC7-7F25963B6F41}.Debug|Any CPU.ActiveCfg = Debug|Any CPU
		{F996B13E-84BE-449A-9CC7-7F25963B6F41}.Debug|Any CPU.Build.0 = Debug|Any CPU
		{F996B13E-84BE-449A-9CC7-7F25963B6F41}.Debug|x64.ActiveCfg = Debug|Any CPU
		{F996B13E-84BE-449A-9CC7-7F25963B6F41}.Debug|x64.Build.0 = Debug|Any CPU
		{F996B13E-84BE-449A-9CC7-7F25963B6F41}.Debug|x86.ActiveCfg = Debug|Any CPU
		{F996B13E-84BE-449A-9CC7-7F25963B6F41}.Debug|x86.Build.0 = Debug|Any CPU
		{F996B13E-84BE-449A-9CC7-7F25963B6F41}.Release|Any CPU.ActiveCfg = Release|Any CPU
		{F996B13E-84BE-449A-9CC7-7F25963B6F41}.Release|Any CPU.Build.0 = Release|Any CPU
		{F996B13E-84BE-449A-9CC7-7F25963B6F41}.Release|x64.ActiveCfg = Release|Any CPU
		{F996B13E-84BE-449A-9CC7-7F25963B6F41}.Release|x64.Build.0 = Release|Any CPU
		{F996B13E-84BE-449A-9CC7-7F25963B6F41}.Release|x86.ActiveCfg = Release|Any CPU
		{F996B13E-84BE-449A-9CC7-7F25963B6F41}.Release|x86.Build.0 = Release|Any CPU
		{69E887AB-0798-42BD-A72F-59AD4894FA2C}.Debug|Any CPU.ActiveCfg = Debug|Any CPU
		{69E887AB-0798-42BD-A72F-59AD4894FA2C}.Debug|Any CPU.Build.0 = Debug|Any CPU
		{69E887AB-0798-42BD-A72F-59AD4894FA2C}.Debug|x64.ActiveCfg = Debug|Any CPU
		{69E887AB-0798-42BD-A72F-59AD4894FA2C}.Debug|x64.Build.0 = Debug|Any CPU
		{69E887AB-0798-42BD-A72F-59AD4894FA2C}.Debug|x86.ActiveCfg = Debug|Any CPU
		{69E887AB-0798-42BD-A72F-59AD4894FA2C}.Debug|x86.Build.0 = Debug|Any CPU
		{69E887AB-0798-42BD-A72F-59AD4894FA2C}.Release|Any CPU.ActiveCfg = Release|Any CPU
		{69E887AB-0798-42BD-A72F-59AD4894FA2C}.Release|Any CPU.Build.0 = Release|Any CPU
		{69E887AB-0798-42BD-A72F-59AD4894FA2C}.Release|x64.ActiveCfg = Release|Any CPU
		{69E887AB-0798-42BD-A72F-59AD4894FA2C}.Release|x64.Build.0 = Release|Any CPU
		{69E887AB-0798-42BD-A72F-59AD4894FA2C}.Release|x86.ActiveCfg = Release|Any CPU
		{69E887AB-0798-42BD-A72F-59AD4894FA2C}.Release|x86.Build.0 = Release|Any CPU
		{26CDB1E1-3C48-469C-BDB0-CE66A4FD48E8}.Debug|Any CPU.ActiveCfg = Debug|Any CPU
		{26CDB1E1-3C48-469C-BDB0-CE66A4FD48E8}.Debug|Any CPU.Build.0 = Debug|Any CPU
		{26CDB1E1-3C48-469C-BDB0-CE66A4FD48E8}.Debug|x64.ActiveCfg = Debug|Any CPU
		{26CDB1E1-3C48-469C-BDB0-CE66A4FD48E8}.Debug|x64.Build.0 = Debug|Any CPU
		{26CDB1E1-3C48-469C-BDB0-CE66A4FD48E8}.Debug|x86.ActiveCfg = Debug|Any CPU
		{26CDB1E1-3C48-469C-BDB0-CE66A4FD48E8}.Debug|x86.Build.0 = Debug|Any CPU
		{26CDB1E1-3C48-469C-BDB0-CE66A4FD48E8}.Release|Any CPU.ActiveCfg = Release|Any CPU
		{26CDB1E1-3C48-469C-BDB0-CE66A4FD48E8}.Release|Any CPU.Build.0 = Release|Any CPU
		{26CDB1E1-3C48-469C-BDB0-CE66A4FD48E8}.Release|x64.ActiveCfg = Release|Any CPU
		{26CDB1E1-3C48-469C-BDB0-CE66A4FD48E8}.Release|x64.Build.0 = Release|Any CPU
		{26CDB1E1-3C48-469C-BDB0-CE66A4FD48E8}.Release|x86.ActiveCfg = Release|Any CPU
		{26CDB1E1-3C48-469C-BDB0-CE66A4FD48E8}.Release|x86.Build.0 = Release|Any CPU
		{71E3A0F2-5A22-45F7-A190-28546FF7AA34}.Debug|Any CPU.ActiveCfg = Debug|Any CPU
		{71E3A0F2-5A22-45F7-A190-28546FF7AA34}.Debug|Any CPU.Build.0 = Debug|Any CPU
		{71E3A0F2-5A22-45F7-A190-28546FF7AA34}.Debug|x64.ActiveCfg = Debug|Any CPU
		{71E3A0F2-5A22-45F7-A190-28546FF7AA34}.Debug|x64.Build.0 = Debug|Any CPU
		{71E3A0F2-5A22-45F7-A190-28546FF7AA34}.Debug|x86.ActiveCfg = Debug|Any CPU
		{71E3A0F2-5A22-45F7-A190-28546FF7AA34}.Debug|x86.Build.0 = Debug|Any CPU
		{71E3A0F2-5A22-45F7-A190-28546FF7AA34}.Release|Any CPU.ActiveCfg = Release|Any CPU
		{71E3A0F2-5A22-45F7-A190-28546FF7AA34}.Release|Any CPU.Build.0 = Release|Any CPU
		{71E3A0F2-5A22-45F7-A190-28546FF7AA34}.Release|x64.ActiveCfg = Release|Any CPU
		{71E3A0F2-5A22-45F7-A190-28546FF7AA34}.Release|x64.Build.0 = Release|Any CPU
		{71E3A0F2-5A22-45F7-A190-28546FF7AA34}.Release|x86.ActiveCfg = Release|Any CPU
		{71E3A0F2-5A22-45F7-A190-28546FF7AA34}.Release|x86.Build.0 = Release|Any CPU
		{6CAD71D1-C28C-4078-90A6-45EFF088697C}.Debug|Any CPU.ActiveCfg = Debug|Any CPU
		{6CAD71D1-C28C-4078-90A6-45EFF088697C}.Debug|Any CPU.Build.0 = Debug|Any CPU
		{6CAD71D1-C28C-4078-90A6-45EFF088697C}.Debug|x64.ActiveCfg = Debug|Any CPU
		{6CAD71D1-C28C-4078-90A6-45EFF088697C}.Debug|x64.Build.0 = Debug|Any CPU
		{6CAD71D1-C28C-4078-90A6-45EFF088697C}.Debug|x86.ActiveCfg = Debug|Any CPU
		{6CAD71D1-C28C-4078-90A6-45EFF088697C}.Debug|x86.Build.0 = Debug|Any CPU
		{6CAD71D1-C28C-4078-90A6-45EFF088697C}.Release|Any CPU.ActiveCfg = Release|Any CPU
		{6CAD71D1-C28C-4078-90A6-45EFF088697C}.Release|Any CPU.Build.0 = Release|Any CPU
		{6CAD71D1-C28C-4078-90A6-45EFF088697C}.Release|x64.ActiveCfg = Release|Any CPU
		{6CAD71D1-C28C-4078-90A6-45EFF088697C}.Release|x64.Build.0 = Release|Any CPU
		{6CAD71D1-C28C-4078-90A6-45EFF088697C}.Release|x86.ActiveCfg = Release|Any CPU
		{6CAD71D1-C28C-4078-90A6-45EFF088697C}.Release|x86.Build.0 = Release|Any CPU
		{7E71CB1D-2722-4F35-A882-BC732A3D9A15}.Debug|Any CPU.ActiveCfg = Debug|Any CPU
		{7E71CB1D-2722-4F35-A882-BC732A3D9A15}.Debug|Any CPU.Build.0 = Debug|Any CPU
		{7E71CB1D-2722-4F35-A882-BC732A3D9A15}.Debug|x64.ActiveCfg = Debug|Any CPU
		{7E71CB1D-2722-4F35-A882-BC732A3D9A15}.Debug|x64.Build.0 = Debug|Any CPU
		{7E71CB1D-2722-4F35-A882-BC732A3D9A15}.Debug|x86.ActiveCfg = Debug|Any CPU
		{7E71CB1D-2722-4F35-A882-BC732A3D9A15}.Debug|x86.Build.0 = Debug|Any CPU
		{7E71CB1D-2722-4F35-A882-BC732A3D9A15}.Release|Any CPU.ActiveCfg = Release|Any CPU
		{7E71CB1D-2722-4F35-A882-BC732A3D9A15}.Release|Any CPU.Build.0 = Release|Any CPU
		{7E71CB1D-2722-4F35-A882-BC732A3D9A15}.Release|x64.ActiveCfg = Release|Any CPU
		{7E71CB1D-2722-4F35-A882-BC732A3D9A15}.Release|x64.Build.0 = Release|Any CPU
		{7E71CB1D-2722-4F35-A882-BC732A3D9A15}.Release|x86.ActiveCfg = Release|Any CPU
		{7E71CB1D-2722-4F35-A882-BC732A3D9A15}.Release|x86.Build.0 = Release|Any CPU
		{B822E93A-7AA7-437F-9FC3-66465F4A1B0F}.Debug|Any CPU.ActiveCfg = Debug|Any CPU
		{B822E93A-7AA7-437F-9FC3-66465F4A1B0F}.Debug|Any CPU.Build.0 = Debug|Any CPU
		{B822E93A-7AA7-437F-9FC3-66465F4A1B0F}.Debug|x64.ActiveCfg = Debug|Any CPU
		{B822E93A-7AA7-437F-9FC3-66465F4A1B0F}.Debug|x64.Build.0 = Debug|Any CPU
		{B822E93A-7AA7-437F-9FC3-66465F4A1B0F}.Debug|x86.ActiveCfg = Debug|Any CPU
		{B822E93A-7AA7-437F-9FC3-66465F4A1B0F}.Debug|x86.Build.0 = Debug|Any CPU
		{B822E93A-7AA7-437F-9FC3-66465F4A1B0F}.Release|Any CPU.ActiveCfg = Release|Any CPU
		{B822E93A-7AA7-437F-9FC3-66465F4A1B0F}.Release|Any CPU.Build.0 = Release|Any CPU
		{B822E93A-7AA7-437F-9FC3-66465F4A1B0F}.Release|x64.ActiveCfg = Release|Any CPU
		{B822E93A-7AA7-437F-9FC3-66465F4A1B0F}.Release|x64.Build.0 = Release|Any CPU
		{B822E93A-7AA7-437F-9FC3-66465F4A1B0F}.Release|x86.ActiveCfg = Release|Any CPU
		{B822E93A-7AA7-437F-9FC3-66465F4A1B0F}.Release|x86.Build.0 = Release|Any CPU
		{A7B765E9-08B3-402A-8994-3A893D4E48BA}.Debug|Any CPU.ActiveCfg = Debug|Any CPU
		{A7B765E9-08B3-402A-8994-3A893D4E48BA}.Debug|Any CPU.Build.0 = Debug|Any CPU
		{A7B765E9-08B3-402A-8994-3A893D4E48BA}.Debug|x64.ActiveCfg = Debug|Any CPU
		{A7B765E9-08B3-402A-8994-3A893D4E48BA}.Debug|x64.Build.0 = Debug|Any CPU
		{A7B765E9-08B3-402A-8994-3A893D4E48BA}.Debug|x86.ActiveCfg = Debug|Any CPU
		{A7B765E9-08B3-402A-8994-3A893D4E48BA}.Debug|x86.Build.0 = Debug|Any CPU
		{A7B765E9-08B3-402A-8994-3A893D4E48BA}.Release|Any CPU.ActiveCfg = Release|Any CPU
		{A7B765E9-08B3-402A-8994-3A893D4E48BA}.Release|Any CPU.Build.0 = Release|Any CPU
		{A7B765E9-08B3-402A-8994-3A893D4E48BA}.Release|x64.ActiveCfg = Release|Any CPU
		{A7B765E9-08B3-402A-8994-3A893D4E48BA}.Release|x64.Build.0 = Release|Any CPU
		{A7B765E9-08B3-402A-8994-3A893D4E48BA}.Release|x86.ActiveCfg = Release|Any CPU
		{A7B765E9-08B3-402A-8994-3A893D4E48BA}.Release|x86.Build.0 = Release|Any CPU
		{433992A2-8DAE-417E-8CFA-BBBE8C09C233}.Debug|Any CPU.ActiveCfg = Debug|Any CPU
		{433992A2-8DAE-417E-8CFA-BBBE8C09C233}.Debug|Any CPU.Build.0 = Debug|Any CPU
		{433992A2-8DAE-417E-8CFA-BBBE8C09C233}.Debug|x64.ActiveCfg = Debug|Any CPU
		{433992A2-8DAE-417E-8CFA-BBBE8C09C233}.Debug|x64.Build.0 = Debug|Any CPU
		{433992A2-8DAE-417E-8CFA-BBBE8C09C233}.Debug|x86.ActiveCfg = Debug|Any CPU
		{433992A2-8DAE-417E-8CFA-BBBE8C09C233}.Debug|x86.Build.0 = Debug|Any CPU
		{433992A2-8DAE-417E-8CFA-BBBE8C09C233}.Release|Any CPU.ActiveCfg = Release|Any CPU
		{433992A2-8DAE-417E-8CFA-BBBE8C09C233}.Release|Any CPU.Build.0 = Release|Any CPU
		{433992A2-8DAE-417E-8CFA-BBBE8C09C233}.Release|x64.ActiveCfg = Release|Any CPU
		{433992A2-8DAE-417E-8CFA-BBBE8C09C233}.Release|x64.Build.0 = Release|Any CPU
		{433992A2-8DAE-417E-8CFA-BBBE8C09C233}.Release|x86.ActiveCfg = Release|Any CPU
		{433992A2-8DAE-417E-8CFA-BBBE8C09C233}.Release|x86.Build.0 = Release|Any CPU
		{4A23DD12-E8D5-47B1-A0E5-2028F4C3F9D1}.Debug|Any CPU.ActiveCfg = Debug|Any CPU
		{4A23DD12-E8D5-47B1-A0E5-2028F4C3F9D1}.Debug|Any CPU.Build.0 = Debug|Any CPU
		{4A23DD12-E8D5-47B1-A0E5-2028F4C3F9D1}.Debug|x64.ActiveCfg = Debug|Any CPU
		{4A23DD12-E8D5-47B1-A0E5-2028F4C3F9D1}.Debug|x64.Build.0 = Debug|Any CPU
		{4A23DD12-E8D5-47B1-A0E5-2028F4C3F9D1}.Debug|x86.ActiveCfg = Debug|Any CPU
		{4A23DD12-E8D5-47B1-A0E5-2028F4C3F9D1}.Debug|x86.Build.0 = Debug|Any CPU
		{4A23DD12-E8D5-47B1-A0E5-2028F4C3F9D1}.Release|Any CPU.ActiveCfg = Release|Any CPU
		{4A23DD12-E8D5-47B1-A0E5-2028F4C3F9D1}.Release|Any CPU.Build.0 = Release|Any CPU
		{4A23DD12-E8D5-47B1-A0E5-2028F4C3F9D1}.Release|x64.ActiveCfg = Release|Any CPU
		{4A23DD12-E8D5-47B1-A0E5-2028F4C3F9D1}.Release|x64.Build.0 = Release|Any CPU
		{4A23DD12-E8D5-47B1-A0E5-2028F4C3F9D1}.Release|x86.ActiveCfg = Release|Any CPU
		{4A23DD12-E8D5-47B1-A0E5-2028F4C3F9D1}.Release|x86.Build.0 = Release|Any CPU
		{1AFBED5C-3E28-4A5D-BECD-ABFFE78C8249}.Debug|Any CPU.ActiveCfg = Debug|Any CPU
		{1AFBED5C-3E28-4A5D-BECD-ABFFE78C8249}.Debug|Any CPU.Build.0 = Debug|Any CPU
		{1AFBED5C-3E28-4A5D-BECD-ABFFE78C8249}.Debug|x64.ActiveCfg = Debug|Any CPU
		{1AFBED5C-3E28-4A5D-BECD-ABFFE78C8249}.Debug|x64.Build.0 = Debug|Any CPU
		{1AFBED5C-3E28-4A5D-BECD-ABFFE78C8249}.Debug|x86.ActiveCfg = Debug|Any CPU
		{1AFBED5C-3E28-4A5D-BECD-ABFFE78C8249}.Debug|x86.Build.0 = Debug|Any CPU
		{1AFBED5C-3E28-4A5D-BECD-ABFFE78C8249}.Release|Any CPU.ActiveCfg = Release|Any CPU
		{1AFBED5C-3E28-4A5D-BECD-ABFFE78C8249}.Release|Any CPU.Build.0 = Release|Any CPU
		{1AFBED5C-3E28-4A5D-BECD-ABFFE78C8249}.Release|x64.ActiveCfg = Release|Any CPU
		{1AFBED5C-3E28-4A5D-BECD-ABFFE78C8249}.Release|x64.Build.0 = Release|Any CPU
		{1AFBED5C-3E28-4A5D-BECD-ABFFE78C8249}.Release|x86.ActiveCfg = Release|Any CPU
		{1AFBED5C-3E28-4A5D-BECD-ABFFE78C8249}.Release|x86.Build.0 = Release|Any CPU
		{7EE58F65-CD0A-4760-9C14-0BC150DA07EA}.Debug|Any CPU.ActiveCfg = Debug|Any CPU
		{7EE58F65-CD0A-4760-9C14-0BC150DA07EA}.Debug|Any CPU.Build.0 = Debug|Any CPU
		{7EE58F65-CD0A-4760-9C14-0BC150DA07EA}.Debug|x64.ActiveCfg = Debug|Any CPU
		{7EE58F65-CD0A-4760-9C14-0BC150DA07EA}.Debug|x64.Build.0 = Debug|Any CPU
		{7EE58F65-CD0A-4760-9C14-0BC150DA07EA}.Debug|x86.ActiveCfg = Debug|Any CPU
		{7EE58F65-CD0A-4760-9C14-0BC150DA07EA}.Debug|x86.Build.0 = Debug|Any CPU
		{7EE58F65-CD0A-4760-9C14-0BC150DA07EA}.Release|Any CPU.ActiveCfg = Release|Any CPU
		{7EE58F65-CD0A-4760-9C14-0BC150DA07EA}.Release|Any CPU.Build.0 = Release|Any CPU
		{7EE58F65-CD0A-4760-9C14-0BC150DA07EA}.Release|x64.ActiveCfg = Release|Any CPU
		{7EE58F65-CD0A-4760-9C14-0BC150DA07EA}.Release|x64.Build.0 = Release|Any CPU
		{7EE58F65-CD0A-4760-9C14-0BC150DA07EA}.Release|x86.ActiveCfg = Release|Any CPU
		{7EE58F65-CD0A-4760-9C14-0BC150DA07EA}.Release|x86.Build.0 = Release|Any CPU
		{453575BD-C686-4230-9D96-AC9F6D01BB6A}.Debug|Any CPU.ActiveCfg = Debug|Any CPU
		{453575BD-C686-4230-9D96-AC9F6D01BB6A}.Debug|Any CPU.Build.0 = Debug|Any CPU
		{453575BD-C686-4230-9D96-AC9F6D01BB6A}.Debug|x64.ActiveCfg = Debug|Any CPU
		{453575BD-C686-4230-9D96-AC9F6D01BB6A}.Debug|x64.Build.0 = Debug|Any CPU
		{453575BD-C686-4230-9D96-AC9F6D01BB6A}.Debug|x86.ActiveCfg = Debug|Any CPU
		{453575BD-C686-4230-9D96-AC9F6D01BB6A}.Debug|x86.Build.0 = Debug|Any CPU
		{453575BD-C686-4230-9D96-AC9F6D01BB6A}.Release|Any CPU.ActiveCfg = Release|Any CPU
		{453575BD-C686-4230-9D96-AC9F6D01BB6A}.Release|Any CPU.Build.0 = Release|Any CPU
		{453575BD-C686-4230-9D96-AC9F6D01BB6A}.Release|x64.ActiveCfg = Release|Any CPU
		{453575BD-C686-4230-9D96-AC9F6D01BB6A}.Release|x64.Build.0 = Release|Any CPU
		{453575BD-C686-4230-9D96-AC9F6D01BB6A}.Release|x86.ActiveCfg = Release|Any CPU
		{453575BD-C686-4230-9D96-AC9F6D01BB6A}.Release|x86.Build.0 = Release|Any CPU
		{9A7B853D-47EC-427B-9932-632ACB5E47A7}.Debug|Any CPU.ActiveCfg = Debug|Any CPU
		{9A7B853D-47EC-427B-9932-632ACB5E47A7}.Debug|Any CPU.Build.0 = Debug|Any CPU
		{9A7B853D-47EC-427B-9932-632ACB5E47A7}.Debug|x64.ActiveCfg = Debug|Any CPU
		{9A7B853D-47EC-427B-9932-632ACB5E47A7}.Debug|x64.Build.0 = Debug|Any CPU
		{9A7B853D-47EC-427B-9932-632ACB5E47A7}.Debug|x86.ActiveCfg = Debug|Any CPU
		{9A7B853D-47EC-427B-9932-632ACB5E47A7}.Debug|x86.Build.0 = Debug|Any CPU
		{9A7B853D-47EC-427B-9932-632ACB5E47A7}.Release|Any CPU.ActiveCfg = Release|Any CPU
		{9A7B853D-47EC-427B-9932-632ACB5E47A7}.Release|Any CPU.Build.0 = Release|Any CPU
		{9A7B853D-47EC-427B-9932-632ACB5E47A7}.Release|x64.ActiveCfg = Release|Any CPU
		{9A7B853D-47EC-427B-9932-632ACB5E47A7}.Release|x64.Build.0 = Release|Any CPU
		{9A7B853D-47EC-427B-9932-632ACB5E47A7}.Release|x86.ActiveCfg = Release|Any CPU
		{9A7B853D-47EC-427B-9932-632ACB5E47A7}.Release|x86.Build.0 = Release|Any CPU
		{9E22F934-FA80-41BA-80E0-8A7328A68414}.Debug|Any CPU.ActiveCfg = Debug|Any CPU
		{9E22F934-FA80-41BA-80E0-8A7328A68414}.Debug|Any CPU.Build.0 = Debug|Any CPU
		{9E22F934-FA80-41BA-80E0-8A7328A68414}.Debug|x64.ActiveCfg = Debug|Any CPU
		{9E22F934-FA80-41BA-80E0-8A7328A68414}.Debug|x64.Build.0 = Debug|Any CPU
		{9E22F934-FA80-41BA-80E0-8A7328A68414}.Debug|x86.ActiveCfg = Debug|Any CPU
		{9E22F934-FA80-41BA-80E0-8A7328A68414}.Debug|x86.Build.0 = Debug|Any CPU
		{9E22F934-FA80-41BA-80E0-8A7328A68414}.Release|Any CPU.ActiveCfg = Release|Any CPU
		{9E22F934-FA80-41BA-80E0-8A7328A68414}.Release|Any CPU.Build.0 = Release|Any CPU
		{9E22F934-FA80-41BA-80E0-8A7328A68414}.Release|x64.ActiveCfg = Release|Any CPU
		{9E22F934-FA80-41BA-80E0-8A7328A68414}.Release|x64.Build.0 = Release|Any CPU
		{9E22F934-FA80-41BA-80E0-8A7328A68414}.Release|x86.ActiveCfg = Release|Any CPU
		{9E22F934-FA80-41BA-80E0-8A7328A68414}.Release|x86.Build.0 = Release|Any CPU
		{965060CB-4A3E-42EE-B089-CCD2AD5330F2}.Debug|Any CPU.ActiveCfg = Debug|Any CPU
		{965060CB-4A3E-42EE-B089-CCD2AD5330F2}.Debug|Any CPU.Build.0 = Debug|Any CPU
		{965060CB-4A3E-42EE-B089-CCD2AD5330F2}.Debug|x64.ActiveCfg = Debug|Any CPU
		{965060CB-4A3E-42EE-B089-CCD2AD5330F2}.Debug|x64.Build.0 = Debug|Any CPU
		{965060CB-4A3E-42EE-B089-CCD2AD5330F2}.Debug|x86.ActiveCfg = Debug|Any CPU
		{965060CB-4A3E-42EE-B089-CCD2AD5330F2}.Debug|x86.Build.0 = Debug|Any CPU
		{965060CB-4A3E-42EE-B089-CCD2AD5330F2}.Release|Any CPU.ActiveCfg = Release|Any CPU
		{965060CB-4A3E-42EE-B089-CCD2AD5330F2}.Release|Any CPU.Build.0 = Release|Any CPU
		{965060CB-4A3E-42EE-B089-CCD2AD5330F2}.Release|x64.ActiveCfg = Release|Any CPU
		{965060CB-4A3E-42EE-B089-CCD2AD5330F2}.Release|x64.Build.0 = Release|Any CPU
		{965060CB-4A3E-42EE-B089-CCD2AD5330F2}.Release|x86.ActiveCfg = Release|Any CPU
		{965060CB-4A3E-42EE-B089-CCD2AD5330F2}.Release|x86.Build.0 = Release|Any CPU
		{7356E3DE-5B72-480D-B44B-E3AE588AF5AE}.Debug|Any CPU.ActiveCfg = Debug|Any CPU
		{7356E3DE-5B72-480D-B44B-E3AE588AF5AE}.Debug|Any CPU.Build.0 = Debug|Any CPU
		{7356E3DE-5B72-480D-B44B-E3AE588AF5AE}.Debug|x64.ActiveCfg = Debug|Any CPU
		{7356E3DE-5B72-480D-B44B-E3AE588AF5AE}.Debug|x64.Build.0 = Debug|Any CPU
		{7356E3DE-5B72-480D-B44B-E3AE588AF5AE}.Debug|x86.ActiveCfg = Debug|Any CPU
		{7356E3DE-5B72-480D-B44B-E3AE588AF5AE}.Debug|x86.Build.0 = Debug|Any CPU
		{7356E3DE-5B72-480D-B44B-E3AE588AF5AE}.Release|Any CPU.ActiveCfg = Release|Any CPU
		{7356E3DE-5B72-480D-B44B-E3AE588AF5AE}.Release|Any CPU.Build.0 = Release|Any CPU
		{7356E3DE-5B72-480D-B44B-E3AE588AF5AE}.Release|x64.ActiveCfg = Release|Any CPU
		{7356E3DE-5B72-480D-B44B-E3AE588AF5AE}.Release|x64.Build.0 = Release|Any CPU
		{7356E3DE-5B72-480D-B44B-E3AE588AF5AE}.Release|x86.ActiveCfg = Release|Any CPU
		{7356E3DE-5B72-480D-B44B-E3AE588AF5AE}.Release|x86.Build.0 = Release|Any CPU
		{48324A1A-9C11-4C31-8FD0-1FED23C354A6}.Debug|Any CPU.ActiveCfg = Debug|Any CPU
		{48324A1A-9C11-4C31-8FD0-1FED23C354A6}.Debug|Any CPU.Build.0 = Debug|Any CPU
		{48324A1A-9C11-4C31-8FD0-1FED23C354A6}.Debug|x64.ActiveCfg = Debug|Any CPU
		{48324A1A-9C11-4C31-8FD0-1FED23C354A6}.Debug|x64.Build.0 = Debug|Any CPU
		{48324A1A-9C11-4C31-8FD0-1FED23C354A6}.Debug|x86.ActiveCfg = Debug|Any CPU
		{48324A1A-9C11-4C31-8FD0-1FED23C354A6}.Debug|x86.Build.0 = Debug|Any CPU
		{48324A1A-9C11-4C31-8FD0-1FED23C354A6}.Release|Any CPU.ActiveCfg = Release|Any CPU
		{48324A1A-9C11-4C31-8FD0-1FED23C354A6}.Release|Any CPU.Build.0 = Release|Any CPU
		{48324A1A-9C11-4C31-8FD0-1FED23C354A6}.Release|x64.ActiveCfg = Release|Any CPU
		{48324A1A-9C11-4C31-8FD0-1FED23C354A6}.Release|x64.Build.0 = Release|Any CPU
		{48324A1A-9C11-4C31-8FD0-1FED23C354A6}.Release|x86.ActiveCfg = Release|Any CPU
		{48324A1A-9C11-4C31-8FD0-1FED23C354A6}.Release|x86.Build.0 = Release|Any CPU
		{84985F90-6369-4B3C-B062-5F5EC8F19C39}.Debug|Any CPU.ActiveCfg = Debug|Any CPU
		{84985F90-6369-4B3C-B062-5F5EC8F19C39}.Debug|Any CPU.Build.0 = Debug|Any CPU
		{84985F90-6369-4B3C-B062-5F5EC8F19C39}.Debug|x64.ActiveCfg = Debug|Any CPU
		{84985F90-6369-4B3C-B062-5F5EC8F19C39}.Debug|x64.Build.0 = Debug|Any CPU
		{84985F90-6369-4B3C-B062-5F5EC8F19C39}.Debug|x86.ActiveCfg = Debug|Any CPU
		{84985F90-6369-4B3C-B062-5F5EC8F19C39}.Debug|x86.Build.0 = Debug|Any CPU
		{84985F90-6369-4B3C-B062-5F5EC8F19C39}.Release|Any CPU.ActiveCfg = Release|Any CPU
		{84985F90-6369-4B3C-B062-5F5EC8F19C39}.Release|Any CPU.Build.0 = Release|Any CPU
		{84985F90-6369-4B3C-B062-5F5EC8F19C39}.Release|x64.ActiveCfg = Release|Any CPU
		{84985F90-6369-4B3C-B062-5F5EC8F19C39}.Release|x64.Build.0 = Release|Any CPU
		{84985F90-6369-4B3C-B062-5F5EC8F19C39}.Release|x86.ActiveCfg = Release|Any CPU
		{84985F90-6369-4B3C-B062-5F5EC8F19C39}.Release|x86.Build.0 = Release|Any CPU
		{97528FB7-9A9A-43A6-9A2E-9C5DA28F1A62}.Debug|Any CPU.ActiveCfg = Debug|Any CPU
		{97528FB7-9A9A-43A6-9A2E-9C5DA28F1A62}.Debug|Any CPU.Build.0 = Debug|Any CPU
		{97528FB7-9A9A-43A6-9A2E-9C5DA28F1A62}.Debug|x64.ActiveCfg = Debug|Any CPU
		{97528FB7-9A9A-43A6-9A2E-9C5DA28F1A62}.Debug|x64.Build.0 = Debug|Any CPU
		{97528FB7-9A9A-43A6-9A2E-9C5DA28F1A62}.Debug|x86.ActiveCfg = Debug|Any CPU
		{97528FB7-9A9A-43A6-9A2E-9C5DA28F1A62}.Debug|x86.Build.0 = Debug|Any CPU
		{97528FB7-9A9A-43A6-9A2E-9C5DA28F1A62}.Release|Any CPU.ActiveCfg = Release|Any CPU
		{97528FB7-9A9A-43A6-9A2E-9C5DA28F1A62}.Release|Any CPU.Build.0 = Release|Any CPU
		{97528FB7-9A9A-43A6-9A2E-9C5DA28F1A62}.Release|x64.ActiveCfg = Release|Any CPU
		{97528FB7-9A9A-43A6-9A2E-9C5DA28F1A62}.Release|x64.Build.0 = Release|Any CPU
		{97528FB7-9A9A-43A6-9A2E-9C5DA28F1A62}.Release|x86.ActiveCfg = Release|Any CPU
		{97528FB7-9A9A-43A6-9A2E-9C5DA28F1A62}.Release|x86.Build.0 = Release|Any CPU
		{BA501AF1-D4F5-42C2-99AB-F7C31B948C45}.Debug|Any CPU.ActiveCfg = Debug|Any CPU
		{BA501AF1-D4F5-42C2-99AB-F7C31B948C45}.Debug|Any CPU.Build.0 = Debug|Any CPU
		{BA501AF1-D4F5-42C2-99AB-F7C31B948C45}.Debug|x64.ActiveCfg = Debug|Any CPU
		{BA501AF1-D4F5-42C2-99AB-F7C31B948C45}.Debug|x64.Build.0 = Debug|Any CPU
		{BA501AF1-D4F5-42C2-99AB-F7C31B948C45}.Debug|x86.ActiveCfg = Debug|Any CPU
		{BA501AF1-D4F5-42C2-99AB-F7C31B948C45}.Debug|x86.Build.0 = Debug|Any CPU
		{BA501AF1-D4F5-42C2-99AB-F7C31B948C45}.Release|Any CPU.ActiveCfg = Release|Any CPU
		{BA501AF1-D4F5-42C2-99AB-F7C31B948C45}.Release|Any CPU.Build.0 = Release|Any CPU
		{BA501AF1-D4F5-42C2-99AB-F7C31B948C45}.Release|x64.ActiveCfg = Release|Any CPU
		{BA501AF1-D4F5-42C2-99AB-F7C31B948C45}.Release|x64.Build.0 = Release|Any CPU
		{BA501AF1-D4F5-42C2-99AB-F7C31B948C45}.Release|x86.ActiveCfg = Release|Any CPU
		{BA501AF1-D4F5-42C2-99AB-F7C31B948C45}.Release|x86.Build.0 = Release|Any CPU
		{1E99D60B-0F0A-485F-95D7-F8FAC915E77A}.Debug|Any CPU.ActiveCfg = Debug|Any CPU
		{1E99D60B-0F0A-485F-95D7-F8FAC915E77A}.Debug|Any CPU.Build.0 = Debug|Any CPU
		{1E99D60B-0F0A-485F-95D7-F8FAC915E77A}.Debug|x64.ActiveCfg = Debug|Any CPU
		{1E99D60B-0F0A-485F-95D7-F8FAC915E77A}.Debug|x64.Build.0 = Debug|Any CPU
		{1E99D60B-0F0A-485F-95D7-F8FAC915E77A}.Debug|x86.ActiveCfg = Debug|Any CPU
		{1E99D60B-0F0A-485F-95D7-F8FAC915E77A}.Debug|x86.Build.0 = Debug|Any CPU
		{1E99D60B-0F0A-485F-95D7-F8FAC915E77A}.Release|Any CPU.ActiveCfg = Release|Any CPU
		{1E99D60B-0F0A-485F-95D7-F8FAC915E77A}.Release|Any CPU.Build.0 = Release|Any CPU
		{1E99D60B-0F0A-485F-95D7-F8FAC915E77A}.Release|x64.ActiveCfg = Release|Any CPU
		{1E99D60B-0F0A-485F-95D7-F8FAC915E77A}.Release|x64.Build.0 = Release|Any CPU
		{1E99D60B-0F0A-485F-95D7-F8FAC915E77A}.Release|x86.ActiveCfg = Release|Any CPU
		{1E99D60B-0F0A-485F-95D7-F8FAC915E77A}.Release|x86.Build.0 = Release|Any CPU
		{BA8ABB07-C1D6-46A6-B0A5-ADE3078133D0}.Debug|Any CPU.ActiveCfg = Debug|Any CPU
		{BA8ABB07-C1D6-46A6-B0A5-ADE3078133D0}.Debug|Any CPU.Build.0 = Debug|Any CPU
		{BA8ABB07-C1D6-46A6-B0A5-ADE3078133D0}.Debug|x64.ActiveCfg = Debug|Any CPU
		{BA8ABB07-C1D6-46A6-B0A5-ADE3078133D0}.Debug|x64.Build.0 = Debug|Any CPU
		{BA8ABB07-C1D6-46A6-B0A5-ADE3078133D0}.Debug|x86.ActiveCfg = Debug|Any CPU
		{BA8ABB07-C1D6-46A6-B0A5-ADE3078133D0}.Debug|x86.Build.0 = Debug|Any CPU
		{BA8ABB07-C1D6-46A6-B0A5-ADE3078133D0}.Release|Any CPU.ActiveCfg = Release|Any CPU
		{BA8ABB07-C1D6-46A6-B0A5-ADE3078133D0}.Release|Any CPU.Build.0 = Release|Any CPU
		{BA8ABB07-C1D6-46A6-B0A5-ADE3078133D0}.Release|x64.ActiveCfg = Release|Any CPU
		{BA8ABB07-C1D6-46A6-B0A5-ADE3078133D0}.Release|x64.Build.0 = Release|Any CPU
		{BA8ABB07-C1D6-46A6-B0A5-ADE3078133D0}.Release|x86.ActiveCfg = Release|Any CPU
		{BA8ABB07-C1D6-46A6-B0A5-ADE3078133D0}.Release|x86.Build.0 = Release|Any CPU
		{F471AD62-FD6E-406A-9FCE-922F912128C2}.Debug|Any CPU.ActiveCfg = Debug|Any CPU
		{F471AD62-FD6E-406A-9FCE-922F912128C2}.Debug|Any CPU.Build.0 = Debug|Any CPU
		{F471AD62-FD6E-406A-9FCE-922F912128C2}.Debug|x64.ActiveCfg = Debug|Any CPU
		{F471AD62-FD6E-406A-9FCE-922F912128C2}.Debug|x64.Build.0 = Debug|Any CPU
		{F471AD62-FD6E-406A-9FCE-922F912128C2}.Debug|x86.ActiveCfg = Debug|Any CPU
		{F471AD62-FD6E-406A-9FCE-922F912128C2}.Debug|x86.Build.0 = Debug|Any CPU
		{F471AD62-FD6E-406A-9FCE-922F912128C2}.Release|Any CPU.ActiveCfg = Release|Any CPU
		{F471AD62-FD6E-406A-9FCE-922F912128C2}.Release|Any CPU.Build.0 = Release|Any CPU
		{F471AD62-FD6E-406A-9FCE-922F912128C2}.Release|x64.ActiveCfg = Release|Any CPU
		{F471AD62-FD6E-406A-9FCE-922F912128C2}.Release|x64.Build.0 = Release|Any CPU
		{F471AD62-FD6E-406A-9FCE-922F912128C2}.Release|x86.ActiveCfg = Release|Any CPU
		{F471AD62-FD6E-406A-9FCE-922F912128C2}.Release|x86.Build.0 = Release|Any CPU
		{D1E48C55-2BC1-4C5B-A8B6-73EF4D06951D}.Debug|Any CPU.ActiveCfg = Debug|Any CPU
		{D1E48C55-2BC1-4C5B-A8B6-73EF4D06951D}.Debug|Any CPU.Build.0 = Debug|Any CPU
		{D1E48C55-2BC1-4C5B-A8B6-73EF4D06951D}.Debug|x64.ActiveCfg = Debug|Any CPU
		{D1E48C55-2BC1-4C5B-A8B6-73EF4D06951D}.Debug|x64.Build.0 = Debug|Any CPU
		{D1E48C55-2BC1-4C5B-A8B6-73EF4D06951D}.Debug|x86.ActiveCfg = Debug|Any CPU
		{D1E48C55-2BC1-4C5B-A8B6-73EF4D06951D}.Debug|x86.Build.0 = Debug|Any CPU
		{D1E48C55-2BC1-4C5B-A8B6-73EF4D06951D}.Release|Any CPU.ActiveCfg = Release|Any CPU
		{D1E48C55-2BC1-4C5B-A8B6-73EF4D06951D}.Release|Any CPU.Build.0 = Release|Any CPU
		{D1E48C55-2BC1-4C5B-A8B6-73EF4D06951D}.Release|x64.ActiveCfg = Release|Any CPU
		{D1E48C55-2BC1-4C5B-A8B6-73EF4D06951D}.Release|x64.Build.0 = Release|Any CPU
		{D1E48C55-2BC1-4C5B-A8B6-73EF4D06951D}.Release|x86.ActiveCfg = Release|Any CPU
		{D1E48C55-2BC1-4C5B-A8B6-73EF4D06951D}.Release|x86.Build.0 = Release|Any CPU
		{3D0C6155-3968-4B16-9566-AB9EFFD5795A}.Debug|Any CPU.ActiveCfg = Debug|Any CPU
		{3D0C6155-3968-4B16-9566-AB9EFFD5795A}.Debug|Any CPU.Build.0 = Debug|Any CPU
		{3D0C6155-3968-4B16-9566-AB9EFFD5795A}.Debug|x64.ActiveCfg = Debug|Any CPU
		{3D0C6155-3968-4B16-9566-AB9EFFD5795A}.Debug|x64.Build.0 = Debug|Any CPU
		{3D0C6155-3968-4B16-9566-AB9EFFD5795A}.Debug|x86.ActiveCfg = Debug|Any CPU
		{3D0C6155-3968-4B16-9566-AB9EFFD5795A}.Debug|x86.Build.0 = Debug|Any CPU
		{3D0C6155-3968-4B16-9566-AB9EFFD5795A}.Release|Any CPU.ActiveCfg = Release|Any CPU
		{3D0C6155-3968-4B16-9566-AB9EFFD5795A}.Release|Any CPU.Build.0 = Release|Any CPU
		{3D0C6155-3968-4B16-9566-AB9EFFD5795A}.Release|x64.ActiveCfg = Release|Any CPU
		{3D0C6155-3968-4B16-9566-AB9EFFD5795A}.Release|x64.Build.0 = Release|Any CPU
		{3D0C6155-3968-4B16-9566-AB9EFFD5795A}.Release|x86.ActiveCfg = Release|Any CPU
		{3D0C6155-3968-4B16-9566-AB9EFFD5795A}.Release|x86.Build.0 = Release|Any CPU
		{73B76588-6ED9-4075-8736-CD497E88645C}.Debug|Any CPU.ActiveCfg = Debug|Any CPU
		{73B76588-6ED9-4075-8736-CD497E88645C}.Debug|Any CPU.Build.0 = Debug|Any CPU
		{73B76588-6ED9-4075-8736-CD497E88645C}.Debug|x64.ActiveCfg = Debug|Any CPU
		{73B76588-6ED9-4075-8736-CD497E88645C}.Debug|x64.Build.0 = Debug|Any CPU
		{73B76588-6ED9-4075-8736-CD497E88645C}.Debug|x86.ActiveCfg = Debug|Any CPU
		{73B76588-6ED9-4075-8736-CD497E88645C}.Debug|x86.Build.0 = Debug|Any CPU
		{73B76588-6ED9-4075-8736-CD497E88645C}.Release|Any CPU.ActiveCfg = Release|Any CPU
		{73B76588-6ED9-4075-8736-CD497E88645C}.Release|Any CPU.Build.0 = Release|Any CPU
		{73B76588-6ED9-4075-8736-CD497E88645C}.Release|x64.ActiveCfg = Release|Any CPU
		{73B76588-6ED9-4075-8736-CD497E88645C}.Release|x64.Build.0 = Release|Any CPU
		{73B76588-6ED9-4075-8736-CD497E88645C}.Release|x86.ActiveCfg = Release|Any CPU
		{73B76588-6ED9-4075-8736-CD497E88645C}.Release|x86.Build.0 = Release|Any CPU
		{D09E2EE3-4A81-4967-AA76-FFC0E6387F1E}.Debug|Any CPU.ActiveCfg = Debug|Any CPU
		{D09E2EE3-4A81-4967-AA76-FFC0E6387F1E}.Debug|Any CPU.Build.0 = Debug|Any CPU
		{D09E2EE3-4A81-4967-AA76-FFC0E6387F1E}.Debug|x64.ActiveCfg = Debug|Any CPU
		{D09E2EE3-4A81-4967-AA76-FFC0E6387F1E}.Debug|x64.Build.0 = Debug|Any CPU
		{D09E2EE3-4A81-4967-AA76-FFC0E6387F1E}.Debug|x86.ActiveCfg = Debug|Any CPU
		{D09E2EE3-4A81-4967-AA76-FFC0E6387F1E}.Debug|x86.Build.0 = Debug|Any CPU
		{D09E2EE3-4A81-4967-AA76-FFC0E6387F1E}.Release|Any CPU.ActiveCfg = Release|Any CPU
		{D09E2EE3-4A81-4967-AA76-FFC0E6387F1E}.Release|Any CPU.Build.0 = Release|Any CPU
		{D09E2EE3-4A81-4967-AA76-FFC0E6387F1E}.Release|x64.ActiveCfg = Release|Any CPU
		{D09E2EE3-4A81-4967-AA76-FFC0E6387F1E}.Release|x64.Build.0 = Release|Any CPU
		{D09E2EE3-4A81-4967-AA76-FFC0E6387F1E}.Release|x86.ActiveCfg = Release|Any CPU
		{D09E2EE3-4A81-4967-AA76-FFC0E6387F1E}.Release|x86.Build.0 = Release|Any CPU
		{79C15B25-6DC5-4FB2-82AE-C81AC65242F0}.Debug|Any CPU.ActiveCfg = Debug|Any CPU
		{79C15B25-6DC5-4FB2-82AE-C81AC65242F0}.Debug|Any CPU.Build.0 = Debug|Any CPU
		{79C15B25-6DC5-4FB2-82AE-C81AC65242F0}.Debug|x64.ActiveCfg = Debug|Any CPU
		{79C15B25-6DC5-4FB2-82AE-C81AC65242F0}.Debug|x64.Build.0 = Debug|Any CPU
		{79C15B25-6DC5-4FB2-82AE-C81AC65242F0}.Debug|x86.ActiveCfg = Debug|Any CPU
		{79C15B25-6DC5-4FB2-82AE-C81AC65242F0}.Debug|x86.Build.0 = Debug|Any CPU
		{79C15B25-6DC5-4FB2-82AE-C81AC65242F0}.Release|Any CPU.ActiveCfg = Release|Any CPU
		{79C15B25-6DC5-4FB2-82AE-C81AC65242F0}.Release|Any CPU.Build.0 = Release|Any CPU
		{79C15B25-6DC5-4FB2-82AE-C81AC65242F0}.Release|x64.ActiveCfg = Release|Any CPU
		{79C15B25-6DC5-4FB2-82AE-C81AC65242F0}.Release|x64.Build.0 = Release|Any CPU
		{79C15B25-6DC5-4FB2-82AE-C81AC65242F0}.Release|x86.ActiveCfg = Release|Any CPU
		{79C15B25-6DC5-4FB2-82AE-C81AC65242F0}.Release|x86.Build.0 = Release|Any CPU
		{35079EC1-F8E7-4AAA-9FB5-84FE7FBDD0D9}.Debug|Any CPU.ActiveCfg = Debug|Any CPU
		{35079EC1-F8E7-4AAA-9FB5-84FE7FBDD0D9}.Debug|Any CPU.Build.0 = Debug|Any CPU
		{35079EC1-F8E7-4AAA-9FB5-84FE7FBDD0D9}.Debug|x64.ActiveCfg = Debug|Any CPU
		{35079EC1-F8E7-4AAA-9FB5-84FE7FBDD0D9}.Debug|x64.Build.0 = Debug|Any CPU
		{35079EC1-F8E7-4AAA-9FB5-84FE7FBDD0D9}.Debug|x86.ActiveCfg = Debug|Any CPU
		{35079EC1-F8E7-4AAA-9FB5-84FE7FBDD0D9}.Debug|x86.Build.0 = Debug|Any CPU
		{35079EC1-F8E7-4AAA-9FB5-84FE7FBDD0D9}.Release|Any CPU.ActiveCfg = Release|Any CPU
		{35079EC1-F8E7-4AAA-9FB5-84FE7FBDD0D9}.Release|Any CPU.Build.0 = Release|Any CPU
		{35079EC1-F8E7-4AAA-9FB5-84FE7FBDD0D9}.Release|x64.ActiveCfg = Release|Any CPU
		{35079EC1-F8E7-4AAA-9FB5-84FE7FBDD0D9}.Release|x64.Build.0 = Release|Any CPU
		{35079EC1-F8E7-4AAA-9FB5-84FE7FBDD0D9}.Release|x86.ActiveCfg = Release|Any CPU
		{35079EC1-F8E7-4AAA-9FB5-84FE7FBDD0D9}.Release|x86.Build.0 = Release|Any CPU
		{01028D9F-65E4-4C73-8F06-5165F0122215}.Debug|Any CPU.ActiveCfg = Debug|Any CPU
		{01028D9F-65E4-4C73-8F06-5165F0122215}.Debug|Any CPU.Build.0 = Debug|Any CPU
		{01028D9F-65E4-4C73-8F06-5165F0122215}.Debug|x64.ActiveCfg = Debug|Any CPU
		{01028D9F-65E4-4C73-8F06-5165F0122215}.Debug|x64.Build.0 = Debug|Any CPU
		{01028D9F-65E4-4C73-8F06-5165F0122215}.Debug|x86.ActiveCfg = Debug|Any CPU
		{01028D9F-65E4-4C73-8F06-5165F0122215}.Debug|x86.Build.0 = Debug|Any CPU
		{01028D9F-65E4-4C73-8F06-5165F0122215}.Release|Any CPU.ActiveCfg = Release|Any CPU
		{01028D9F-65E4-4C73-8F06-5165F0122215}.Release|Any CPU.Build.0 = Release|Any CPU
		{01028D9F-65E4-4C73-8F06-5165F0122215}.Release|x64.ActiveCfg = Release|Any CPU
		{01028D9F-65E4-4C73-8F06-5165F0122215}.Release|x64.Build.0 = Release|Any CPU
		{01028D9F-65E4-4C73-8F06-5165F0122215}.Release|x86.ActiveCfg = Release|Any CPU
		{01028D9F-65E4-4C73-8F06-5165F0122215}.Release|x86.Build.0 = Release|Any CPU
		{E7969187-A869-4D15-95E4-464F45210711}.Debug|Any CPU.ActiveCfg = Debug|Any CPU
		{E7969187-A869-4D15-95E4-464F45210711}.Debug|Any CPU.Build.0 = Debug|Any CPU
		{E7969187-A869-4D15-95E4-464F45210711}.Debug|x64.ActiveCfg = Debug|Any CPU
		{E7969187-A869-4D15-95E4-464F45210711}.Debug|x64.Build.0 = Debug|Any CPU
		{E7969187-A869-4D15-95E4-464F45210711}.Debug|x86.ActiveCfg = Debug|Any CPU
		{E7969187-A869-4D15-95E4-464F45210711}.Debug|x86.Build.0 = Debug|Any CPU
		{E7969187-A869-4D15-95E4-464F45210711}.Release|Any CPU.ActiveCfg = Release|Any CPU
		{E7969187-A869-4D15-95E4-464F45210711}.Release|Any CPU.Build.0 = Release|Any CPU
		{E7969187-A869-4D15-95E4-464F45210711}.Release|x64.ActiveCfg = Release|Any CPU
		{E7969187-A869-4D15-95E4-464F45210711}.Release|x64.Build.0 = Release|Any CPU
		{E7969187-A869-4D15-95E4-464F45210711}.Release|x86.ActiveCfg = Release|Any CPU
		{E7969187-A869-4D15-95E4-464F45210711}.Release|x86.Build.0 = Release|Any CPU
		{6778DCFB-5433-4081-9E1E-7B01C9BB819C}.Debug|Any CPU.ActiveCfg = Debug|Any CPU
		{6778DCFB-5433-4081-9E1E-7B01C9BB819C}.Debug|Any CPU.Build.0 = Debug|Any CPU
		{6778DCFB-5433-4081-9E1E-7B01C9BB819C}.Debug|x64.ActiveCfg = Debug|Any CPU
		{6778DCFB-5433-4081-9E1E-7B01C9BB819C}.Debug|x64.Build.0 = Debug|Any CPU
		{6778DCFB-5433-4081-9E1E-7B01C9BB819C}.Debug|x86.ActiveCfg = Debug|Any CPU
		{6778DCFB-5433-4081-9E1E-7B01C9BB819C}.Debug|x86.Build.0 = Debug|Any CPU
		{6778DCFB-5433-4081-9E1E-7B01C9BB819C}.Release|Any CPU.ActiveCfg = Release|Any CPU
		{6778DCFB-5433-4081-9E1E-7B01C9BB819C}.Release|Any CPU.Build.0 = Release|Any CPU
		{6778DCFB-5433-4081-9E1E-7B01C9BB819C}.Release|x64.ActiveCfg = Release|Any CPU
		{6778DCFB-5433-4081-9E1E-7B01C9BB819C}.Release|x64.Build.0 = Release|Any CPU
		{6778DCFB-5433-4081-9E1E-7B01C9BB819C}.Release|x86.ActiveCfg = Release|Any CPU
		{6778DCFB-5433-4081-9E1E-7B01C9BB819C}.Release|x86.Build.0 = Release|Any CPU
		{03C44495-7F97-4C33-BC7C-3E8D791CA11B}.Debug|Any CPU.ActiveCfg = Debug|Any CPU
		{03C44495-7F97-4C33-BC7C-3E8D791CA11B}.Debug|Any CPU.Build.0 = Debug|Any CPU
		{03C44495-7F97-4C33-BC7C-3E8D791CA11B}.Debug|x64.ActiveCfg = Debug|Any CPU
		{03C44495-7F97-4C33-BC7C-3E8D791CA11B}.Debug|x64.Build.0 = Debug|Any CPU
		{03C44495-7F97-4C33-BC7C-3E8D791CA11B}.Debug|x86.ActiveCfg = Debug|Any CPU
		{03C44495-7F97-4C33-BC7C-3E8D791CA11B}.Debug|x86.Build.0 = Debug|Any CPU
		{03C44495-7F97-4C33-BC7C-3E8D791CA11B}.Release|Any CPU.ActiveCfg = Release|Any CPU
		{03C44495-7F97-4C33-BC7C-3E8D791CA11B}.Release|Any CPU.Build.0 = Release|Any CPU
		{03C44495-7F97-4C33-BC7C-3E8D791CA11B}.Release|x64.ActiveCfg = Release|Any CPU
		{03C44495-7F97-4C33-BC7C-3E8D791CA11B}.Release|x64.Build.0 = Release|Any CPU
		{03C44495-7F97-4C33-BC7C-3E8D791CA11B}.Release|x86.ActiveCfg = Release|Any CPU
		{03C44495-7F97-4C33-BC7C-3E8D791CA11B}.Release|x86.Build.0 = Release|Any CPU
		{DE3A07E3-C179-427C-BAE8-A038C58B59AB}.Debug|Any CPU.ActiveCfg = Debug|Any CPU
		{DE3A07E3-C179-427C-BAE8-A038C58B59AB}.Debug|Any CPU.Build.0 = Debug|Any CPU
		{DE3A07E3-C179-427C-BAE8-A038C58B59AB}.Debug|x64.ActiveCfg = Debug|Any CPU
		{DE3A07E3-C179-427C-BAE8-A038C58B59AB}.Debug|x64.Build.0 = Debug|Any CPU
		{DE3A07E3-C179-427C-BAE8-A038C58B59AB}.Debug|x86.ActiveCfg = Debug|Any CPU
		{DE3A07E3-C179-427C-BAE8-A038C58B59AB}.Debug|x86.Build.0 = Debug|Any CPU
		{DE3A07E3-C179-427C-BAE8-A038C58B59AB}.Release|Any CPU.ActiveCfg = Release|Any CPU
		{DE3A07E3-C179-427C-BAE8-A038C58B59AB}.Release|Any CPU.Build.0 = Release|Any CPU
		{DE3A07E3-C179-427C-BAE8-A038C58B59AB}.Release|x64.ActiveCfg = Release|Any CPU
		{DE3A07E3-C179-427C-BAE8-A038C58B59AB}.Release|x64.Build.0 = Release|Any CPU
		{DE3A07E3-C179-427C-BAE8-A038C58B59AB}.Release|x86.ActiveCfg = Release|Any CPU
		{DE3A07E3-C179-427C-BAE8-A038C58B59AB}.Release|x86.Build.0 = Release|Any CPU
		{94168A3F-EA01-445A-A989-0282A1E5D456}.Debug|Any CPU.ActiveCfg = Debug|Any CPU
		{94168A3F-EA01-445A-A989-0282A1E5D456}.Debug|Any CPU.Build.0 = Debug|Any CPU
		{94168A3F-EA01-445A-A989-0282A1E5D456}.Debug|x64.ActiveCfg = Debug|Any CPU
		{94168A3F-EA01-445A-A989-0282A1E5D456}.Debug|x64.Build.0 = Debug|Any CPU
		{94168A3F-EA01-445A-A989-0282A1E5D456}.Debug|x86.ActiveCfg = Debug|Any CPU
		{94168A3F-EA01-445A-A989-0282A1E5D456}.Debug|x86.Build.0 = Debug|Any CPU
		{94168A3F-EA01-445A-A989-0282A1E5D456}.Release|Any CPU.ActiveCfg = Release|Any CPU
		{94168A3F-EA01-445A-A989-0282A1E5D456}.Release|Any CPU.Build.0 = Release|Any CPU
		{94168A3F-EA01-445A-A989-0282A1E5D456}.Release|x64.ActiveCfg = Release|Any CPU
		{94168A3F-EA01-445A-A989-0282A1E5D456}.Release|x64.Build.0 = Release|Any CPU
		{94168A3F-EA01-445A-A989-0282A1E5D456}.Release|x86.ActiveCfg = Release|Any CPU
		{94168A3F-EA01-445A-A989-0282A1E5D456}.Release|x86.Build.0 = Release|Any CPU
		{401B6C7E-1121-406C-A19E-2CD129C62F80}.Debug|Any CPU.ActiveCfg = Debug|Any CPU
		{401B6C7E-1121-406C-A19E-2CD129C62F80}.Debug|Any CPU.Build.0 = Debug|Any CPU
		{401B6C7E-1121-406C-A19E-2CD129C62F80}.Debug|x64.ActiveCfg = Debug|Any CPU
		{401B6C7E-1121-406C-A19E-2CD129C62F80}.Debug|x64.Build.0 = Debug|Any CPU
		{401B6C7E-1121-406C-A19E-2CD129C62F80}.Debug|x86.ActiveCfg = Debug|Any CPU
		{401B6C7E-1121-406C-A19E-2CD129C62F80}.Debug|x86.Build.0 = Debug|Any CPU
		{401B6C7E-1121-406C-A19E-2CD129C62F80}.Release|Any CPU.ActiveCfg = Release|Any CPU
		{401B6C7E-1121-406C-A19E-2CD129C62F80}.Release|Any CPU.Build.0 = Release|Any CPU
		{401B6C7E-1121-406C-A19E-2CD129C62F80}.Release|x64.ActiveCfg = Release|Any CPU
		{401B6C7E-1121-406C-A19E-2CD129C62F80}.Release|x64.Build.0 = Release|Any CPU
		{401B6C7E-1121-406C-A19E-2CD129C62F80}.Release|x86.ActiveCfg = Release|Any CPU
		{401B6C7E-1121-406C-A19E-2CD129C62F80}.Release|x86.Build.0 = Release|Any CPU
		{36ED2AC8-9C53-4F66-85B6-C26423DAF791}.Debug|Any CPU.ActiveCfg = Debug|Any CPU
		{36ED2AC8-9C53-4F66-85B6-C26423DAF791}.Debug|Any CPU.Build.0 = Debug|Any CPU
		{36ED2AC8-9C53-4F66-85B6-C26423DAF791}.Debug|x64.ActiveCfg = Debug|Any CPU
		{36ED2AC8-9C53-4F66-85B6-C26423DAF791}.Debug|x64.Build.0 = Debug|Any CPU
		{36ED2AC8-9C53-4F66-85B6-C26423DAF791}.Debug|x86.ActiveCfg = Debug|Any CPU
		{36ED2AC8-9C53-4F66-85B6-C26423DAF791}.Debug|x86.Build.0 = Debug|Any CPU
		{36ED2AC8-9C53-4F66-85B6-C26423DAF791}.Release|Any CPU.ActiveCfg = Release|Any CPU
		{36ED2AC8-9C53-4F66-85B6-C26423DAF791}.Release|Any CPU.Build.0 = Release|Any CPU
		{36ED2AC8-9C53-4F66-85B6-C26423DAF791}.Release|x64.ActiveCfg = Release|Any CPU
		{36ED2AC8-9C53-4F66-85B6-C26423DAF791}.Release|x64.Build.0 = Release|Any CPU
		{36ED2AC8-9C53-4F66-85B6-C26423DAF791}.Release|x86.ActiveCfg = Release|Any CPU
		{36ED2AC8-9C53-4F66-85B6-C26423DAF791}.Release|x86.Build.0 = Release|Any CPU
		{7DB5BEB3-2B82-4BFB-8D6E-9AEA35A05815}.Debug|Any CPU.ActiveCfg = Debug|Any CPU
		{7DB5BEB3-2B82-4BFB-8D6E-9AEA35A05815}.Debug|Any CPU.Build.0 = Debug|Any CPU
		{7DB5BEB3-2B82-4BFB-8D6E-9AEA35A05815}.Debug|x64.ActiveCfg = Debug|Any CPU
		{7DB5BEB3-2B82-4BFB-8D6E-9AEA35A05815}.Debug|x64.Build.0 = Debug|Any CPU
		{7DB5BEB3-2B82-4BFB-8D6E-9AEA35A05815}.Debug|x86.ActiveCfg = Debug|Any CPU
		{7DB5BEB3-2B82-4BFB-8D6E-9AEA35A05815}.Debug|x86.Build.0 = Debug|Any CPU
		{7DB5BEB3-2B82-4BFB-8D6E-9AEA35A05815}.Release|Any CPU.ActiveCfg = Release|Any CPU
		{7DB5BEB3-2B82-4BFB-8D6E-9AEA35A05815}.Release|Any CPU.Build.0 = Release|Any CPU
		{7DB5BEB3-2B82-4BFB-8D6E-9AEA35A05815}.Release|x64.ActiveCfg = Release|Any CPU
		{7DB5BEB3-2B82-4BFB-8D6E-9AEA35A05815}.Release|x64.Build.0 = Release|Any CPU
		{7DB5BEB3-2B82-4BFB-8D6E-9AEA35A05815}.Release|x86.ActiveCfg = Release|Any CPU
		{7DB5BEB3-2B82-4BFB-8D6E-9AEA35A05815}.Release|x86.Build.0 = Release|Any CPU
		{89C5C387-7A72-44F9-8589-536151152FA5}.Debug|Any CPU.ActiveCfg = Debug|Any CPU
		{89C5C387-7A72-44F9-8589-536151152FA5}.Debug|Any CPU.Build.0 = Debug|Any CPU
		{89C5C387-7A72-44F9-8589-536151152FA5}.Debug|x64.ActiveCfg = Debug|Any CPU
		{89C5C387-7A72-44F9-8589-536151152FA5}.Debug|x64.Build.0 = Debug|Any CPU
		{89C5C387-7A72-44F9-8589-536151152FA5}.Debug|x86.ActiveCfg = Debug|Any CPU
		{89C5C387-7A72-44F9-8589-536151152FA5}.Debug|x86.Build.0 = Debug|Any CPU
		{89C5C387-7A72-44F9-8589-536151152FA5}.Release|Any CPU.ActiveCfg = Release|Any CPU
		{89C5C387-7A72-44F9-8589-536151152FA5}.Release|Any CPU.Build.0 = Release|Any CPU
		{89C5C387-7A72-44F9-8589-536151152FA5}.Release|x64.ActiveCfg = Release|Any CPU
		{89C5C387-7A72-44F9-8589-536151152FA5}.Release|x64.Build.0 = Release|Any CPU
		{89C5C387-7A72-44F9-8589-536151152FA5}.Release|x86.ActiveCfg = Release|Any CPU
		{89C5C387-7A72-44F9-8589-536151152FA5}.Release|x86.Build.0 = Release|Any CPU
		{859700BB-8E18-49BD-A087-A1C0B30005C2}.Debug|Any CPU.ActiveCfg = Debug|Any CPU
		{859700BB-8E18-49BD-A087-A1C0B30005C2}.Debug|Any CPU.Build.0 = Debug|Any CPU
		{859700BB-8E18-49BD-A087-A1C0B30005C2}.Debug|x64.ActiveCfg = Debug|Any CPU
		{859700BB-8E18-49BD-A087-A1C0B30005C2}.Debug|x64.Build.0 = Debug|Any CPU
		{859700BB-8E18-49BD-A087-A1C0B30005C2}.Debug|x86.ActiveCfg = Debug|Any CPU
		{859700BB-8E18-49BD-A087-A1C0B30005C2}.Debug|x86.Build.0 = Debug|Any CPU
		{859700BB-8E18-49BD-A087-A1C0B30005C2}.Release|Any CPU.ActiveCfg = Release|Any CPU
		{859700BB-8E18-49BD-A087-A1C0B30005C2}.Release|Any CPU.Build.0 = Release|Any CPU
		{859700BB-8E18-49BD-A087-A1C0B30005C2}.Release|x64.ActiveCfg = Release|Any CPU
		{859700BB-8E18-49BD-A087-A1C0B30005C2}.Release|x64.Build.0 = Release|Any CPU
		{859700BB-8E18-49BD-A087-A1C0B30005C2}.Release|x86.ActiveCfg = Release|Any CPU
		{859700BB-8E18-49BD-A087-A1C0B30005C2}.Release|x86.Build.0 = Release|Any CPU
		{8807B4DD-3B5C-4ED1-9A2D-A3F26471915A}.Debug|Any CPU.ActiveCfg = Debug|Any CPU
		{8807B4DD-3B5C-4ED1-9A2D-A3F26471915A}.Debug|Any CPU.Build.0 = Debug|Any CPU
		{8807B4DD-3B5C-4ED1-9A2D-A3F26471915A}.Debug|x64.ActiveCfg = Debug|Any CPU
		{8807B4DD-3B5C-4ED1-9A2D-A3F26471915A}.Debug|x64.Build.0 = Debug|Any CPU
		{8807B4DD-3B5C-4ED1-9A2D-A3F26471915A}.Debug|x86.ActiveCfg = Debug|Any CPU
		{8807B4DD-3B5C-4ED1-9A2D-A3F26471915A}.Debug|x86.Build.0 = Debug|Any CPU
		{8807B4DD-3B5C-4ED1-9A2D-A3F26471915A}.Release|Any CPU.ActiveCfg = Release|Any CPU
		{8807B4DD-3B5C-4ED1-9A2D-A3F26471915A}.Release|Any CPU.Build.0 = Release|Any CPU
		{8807B4DD-3B5C-4ED1-9A2D-A3F26471915A}.Release|x64.ActiveCfg = Release|Any CPU
		{8807B4DD-3B5C-4ED1-9A2D-A3F26471915A}.Release|x64.Build.0 = Release|Any CPU
		{8807B4DD-3B5C-4ED1-9A2D-A3F26471915A}.Release|x86.ActiveCfg = Release|Any CPU
		{8807B4DD-3B5C-4ED1-9A2D-A3F26471915A}.Release|x86.Build.0 = Release|Any CPU
	EndGlobalSection
	GlobalSection(SolutionProperties) = preSolution
		HideSolutionNode = FALSE
	EndGlobalSection
	GlobalSection(ExtensibilityGlobals) = postSolution
		SolutionGuid = {965FA0F2-E47C-44BB-BC55-8EEBE76C7A11}
	EndGlobalSection
EndGlobal
