
Microsoft Visual Studio Solution File, Format Version 12.00
# Visual Studio Version 16
VisualStudioVersion = 16.0.29519.161
MinimumVisualStudioVersion = 15.0.26124.0
Project("{9A19103F-16F7-4668-BE54-9A1E7A4F7556}") = "ConsoleAppTestingOpenXML", "..\play\ConsoleAppTestingOpenXML\ConsoleAppTestingOpenXML.csproj", "{89C7F58C-BFC0-4244-B28A-0ED51F5C4608}"
EndProject
Project("{9A19103F-16F7-4668-BE54-9A1E7A4F7556}") = "ConsoleAppHelloWorld", "..\play\ConsoleAppHelloWorld\ConsoleAppHelloWorld.csproj", "{B6D0BE74-CF3D-4B62-B5AA-04E5A296AAA0}"
EndProject
Project("{9A19103F-16F7-4668-BE54-9A1E7A4F7556}") = "AuthTest.API", "..\webs\token-based-authentication\AuthTest.API\AuthTest.API.csproj", "{37EC3677-E6EA-4D73-A242-91165C6A9050}"
EndProject
Project("{9A19103F-16F7-4668-BE54-9A1E7A4F7556}") = "ConsoleWithLogin", "..\junk\ConsoleWithLogin\ConsoleWithLogin.csproj", "{67C32DAD-9AD7-4A61-B1BE-A30FE05EB43D}"
EndProject
Project("{9A19103F-16F7-4668-BE54-9A1E7A4F7556}") = "ConsoleHTTPSRequest", "..\junk\ConsoleHTTPSRequest\ConsoleHTTPSRequest.csproj", "{AD83893C-4411-41C4-A9D4-915FF6AAA1AC}"
EndProject
Project("{9A19103F-16F7-4668-BE54-9A1E7A4F7556}") = "ConsoleMLPlay", "..\play\ConsoleMLPlay\ConsoleMLPlay.csproj", "{E09928B9-B70A-4238-9ADA-592D79108D83}"
EndProject
Project("{9A19103F-16F7-4668-BE54-9A1E7A4F7556}") = "testSqlite", "..\junk\testSqlite\testSqlite\testSqlite.csproj", "{6392CFE2-B32B-4317-ACF7-B97CDA881333}"
EndProject
Project("{9A19103F-16F7-4668-BE54-9A1E7A4F7556}") = "CSSPCodeGenWebClientApps", "CSSPCodeGenWebClientApps\CSSPCodeGenWebClientApps.csproj", "{F826244E-23AA-467F-8908-321EE8D3E099}"
EndProject
Project("{9A19103F-16F7-4668-BE54-9A1E7A4F7556}") = "CSSPCodeGenWebAPI", "CSSPCodeGenWebAPI\CSSPCodeGenWebAPI.csproj", "{BD212787-339D-46F6-962C-A3367BD0F579}"
EndProject
Project("{9A19103F-16F7-4668-BE54-9A1E7A4F7556}") = "EnumsGenerated_cs", "EnumsGenerated_cs\EnumsGenerated_cs.csproj", "{E1A2445F-DC45-48B3-AF17-721658EECE17}"
EndProject
Project("{9A19103F-16F7-4668-BE54-9A1E7A4F7556}") = "EnumsTestGenerated_cs", "EnumsTestGenerated_cs\EnumsTestGenerated_cs.csproj", "{41D23FA1-C4BD-45B1-A1DF-6CB6576A16CC}"
EndProject
Project("{9A19103F-16F7-4668-BE54-9A1E7A4F7556}") = "EnumsPolSourceInfoRelatedFiles", "EnumsPolSourceInfoRelatedFiles\EnumsPolSourceInfoRelatedFiles.csproj", "{87A78F16-A572-4D72-83C5-BBD501AE63DA}"
EndProject
Project("{9A19103F-16F7-4668-BE54-9A1E7A4F7556}") = "CSSPPolSourceGroupingExcelFileRead", "CSSPPolSourceGroupingExcelFileRead\CSSPPolSourceGroupingExcelFileRead.csproj", "{0D832F51-816B-4CAD-92B3-7436D8582685}"
EndProject
Project("{9A19103F-16F7-4668-BE54-9A1E7A4F7556}") = "EnumsCompareWithOldEnums", "EnumsCompareWithOldEnums\EnumsCompareWithOldEnums.csproj", "{ECA5574C-4C87-412C-9F74-E4F62C93720E}"
EndProject
Project("{9A19103F-16F7-4668-BE54-9A1E7A4F7556}") = "Models_ModelClassName_Test", "Models_ModelClassName_Test\Models_ModelClassName_Test.csproj", "{FACBB5CC-4494-48C2-994D-A31C7E6A66B0}"
EndProject
Project("{9A19103F-16F7-4668-BE54-9A1E7A4F7556}") = "GenerateCodeBase", "GenerateCodeBase\GenerateCodeBase.csproj", "{9A80F5E1-7487-43D1-8606-E1440388BB11}"
EndProject
Project("{9A19103F-16F7-4668-BE54-9A1E7A4F7556}") = "GenerateCodeStatusDB", "GenerateCodeStatusDB\GenerateCodeStatusDB.csproj", "{227022DD-318D-49AA-9B93-989837D712D8}"
EndProject
Project("{9A19103F-16F7-4668-BE54-9A1E7A4F7556}") = "GenerateCodeCompile", "GenerateCodeCompile\GenerateCodeCompile.csproj", "{A903C532-0051-4F8C-BD88-4372794EDAC8}"
EndProject
Global
	GlobalSection(SolutionConfigurationPlatforms) = preSolution
		Debug|Any CPU = Debug|Any CPU
		Debug|x64 = Debug|x64
		Debug|x86 = Debug|x86
		Release|Any CPU = Release|Any CPU
		Release|x64 = Release|x64
		Release|x86 = Release|x86
	EndGlobalSection
	GlobalSection(ProjectConfigurationPlatforms) = postSolution
		{89C7F58C-BFC0-4244-B28A-0ED51F5C4608}.Debug|Any CPU.ActiveCfg = Debug|Any CPU
		{89C7F58C-BFC0-4244-B28A-0ED51F5C4608}.Debug|Any CPU.Build.0 = Debug|Any CPU
		{89C7F58C-BFC0-4244-B28A-0ED51F5C4608}.Debug|x64.ActiveCfg = Debug|Any CPU
		{89C7F58C-BFC0-4244-B28A-0ED51F5C4608}.Debug|x64.Build.0 = Debug|Any CPU
		{89C7F58C-BFC0-4244-B28A-0ED51F5C4608}.Debug|x86.ActiveCfg = Debug|Any CPU
		{89C7F58C-BFC0-4244-B28A-0ED51F5C4608}.Debug|x86.Build.0 = Debug|Any CPU
		{89C7F58C-BFC0-4244-B28A-0ED51F5C4608}.Release|Any CPU.ActiveCfg = Release|Any CPU
		{89C7F58C-BFC0-4244-B28A-0ED51F5C4608}.Release|Any CPU.Build.0 = Release|Any CPU
		{89C7F58C-BFC0-4244-B28A-0ED51F5C4608}.Release|x64.ActiveCfg = Release|Any CPU
		{89C7F58C-BFC0-4244-B28A-0ED51F5C4608}.Release|x64.Build.0 = Release|Any CPU
		{89C7F58C-BFC0-4244-B28A-0ED51F5C4608}.Release|x86.ActiveCfg = Release|Any CPU
		{89C7F58C-BFC0-4244-B28A-0ED51F5C4608}.Release|x86.Build.0 = Release|Any CPU
		{B6D0BE74-CF3D-4B62-B5AA-04E5A296AAA0}.Debug|Any CPU.ActiveCfg = Debug|Any CPU
		{B6D0BE74-CF3D-4B62-B5AA-04E5A296AAA0}.Debug|Any CPU.Build.0 = Debug|Any CPU
		{B6D0BE74-CF3D-4B62-B5AA-04E5A296AAA0}.Debug|x64.ActiveCfg = Debug|Any CPU
		{B6D0BE74-CF3D-4B62-B5AA-04E5A296AAA0}.Debug|x64.Build.0 = Debug|Any CPU
		{B6D0BE74-CF3D-4B62-B5AA-04E5A296AAA0}.Debug|x86.ActiveCfg = Debug|Any CPU
		{B6D0BE74-CF3D-4B62-B5AA-04E5A296AAA0}.Debug|x86.Build.0 = Debug|Any CPU
		{B6D0BE74-CF3D-4B62-B5AA-04E5A296AAA0}.Release|Any CPU.ActiveCfg = Release|Any CPU
		{B6D0BE74-CF3D-4B62-B5AA-04E5A296AAA0}.Release|Any CPU.Build.0 = Release|Any CPU
		{B6D0BE74-CF3D-4B62-B5AA-04E5A296AAA0}.Release|x64.ActiveCfg = Release|Any CPU
		{B6D0BE74-CF3D-4B62-B5AA-04E5A296AAA0}.Release|x64.Build.0 = Release|Any CPU
		{B6D0BE74-CF3D-4B62-B5AA-04E5A296AAA0}.Release|x86.ActiveCfg = Release|Any CPU
		{B6D0BE74-CF3D-4B62-B5AA-04E5A296AAA0}.Release|x86.Build.0 = Release|Any CPU
		{37EC3677-E6EA-4D73-A242-91165C6A9050}.Debug|Any CPU.ActiveCfg = Debug|Any CPU
		{37EC3677-E6EA-4D73-A242-91165C6A9050}.Debug|Any CPU.Build.0 = Debug|Any CPU
		{37EC3677-E6EA-4D73-A242-91165C6A9050}.Debug|x64.ActiveCfg = Debug|Any CPU
		{37EC3677-E6EA-4D73-A242-91165C6A9050}.Debug|x64.Build.0 = Debug|Any CPU
		{37EC3677-E6EA-4D73-A242-91165C6A9050}.Debug|x86.ActiveCfg = Debug|Any CPU
		{37EC3677-E6EA-4D73-A242-91165C6A9050}.Debug|x86.Build.0 = Debug|Any CPU
		{37EC3677-E6EA-4D73-A242-91165C6A9050}.Release|Any CPU.ActiveCfg = Release|Any CPU
		{37EC3677-E6EA-4D73-A242-91165C6A9050}.Release|Any CPU.Build.0 = Release|Any CPU
		{37EC3677-E6EA-4D73-A242-91165C6A9050}.Release|x64.ActiveCfg = Release|Any CPU
		{37EC3677-E6EA-4D73-A242-91165C6A9050}.Release|x64.Build.0 = Release|Any CPU
		{37EC3677-E6EA-4D73-A242-91165C6A9050}.Release|x86.ActiveCfg = Release|Any CPU
		{37EC3677-E6EA-4D73-A242-91165C6A9050}.Release|x86.Build.0 = Release|Any CPU
		{67C32DAD-9AD7-4A61-B1BE-A30FE05EB43D}.Debug|Any CPU.ActiveCfg = Debug|Any CPU
		{67C32DAD-9AD7-4A61-B1BE-A30FE05EB43D}.Debug|Any CPU.Build.0 = Debug|Any CPU
		{67C32DAD-9AD7-4A61-B1BE-A30FE05EB43D}.Debug|x64.ActiveCfg = Debug|Any CPU
		{67C32DAD-9AD7-4A61-B1BE-A30FE05EB43D}.Debug|x64.Build.0 = Debug|Any CPU
		{67C32DAD-9AD7-4A61-B1BE-A30FE05EB43D}.Debug|x86.ActiveCfg = Debug|Any CPU
		{67C32DAD-9AD7-4A61-B1BE-A30FE05EB43D}.Debug|x86.Build.0 = Debug|Any CPU
		{67C32DAD-9AD7-4A61-B1BE-A30FE05EB43D}.Release|Any CPU.ActiveCfg = Release|Any CPU
		{67C32DAD-9AD7-4A61-B1BE-A30FE05EB43D}.Release|Any CPU.Build.0 = Release|Any CPU
		{67C32DAD-9AD7-4A61-B1BE-A30FE05EB43D}.Release|x64.ActiveCfg = Release|Any CPU
		{67C32DAD-9AD7-4A61-B1BE-A30FE05EB43D}.Release|x64.Build.0 = Release|Any CPU
		{67C32DAD-9AD7-4A61-B1BE-A30FE05EB43D}.Release|x86.ActiveCfg = Release|Any CPU
		{67C32DAD-9AD7-4A61-B1BE-A30FE05EB43D}.Release|x86.Build.0 = Release|Any CPU
		{AD83893C-4411-41C4-A9D4-915FF6AAA1AC}.Debug|Any CPU.ActiveCfg = Debug|Any CPU
		{AD83893C-4411-41C4-A9D4-915FF6AAA1AC}.Debug|Any CPU.Build.0 = Debug|Any CPU
		{AD83893C-4411-41C4-A9D4-915FF6AAA1AC}.Debug|x64.ActiveCfg = Debug|Any CPU
		{AD83893C-4411-41C4-A9D4-915FF6AAA1AC}.Debug|x64.Build.0 = Debug|Any CPU
		{AD83893C-4411-41C4-A9D4-915FF6AAA1AC}.Debug|x86.ActiveCfg = Debug|Any CPU
		{AD83893C-4411-41C4-A9D4-915FF6AAA1AC}.Debug|x86.Build.0 = Debug|Any CPU
		{AD83893C-4411-41C4-A9D4-915FF6AAA1AC}.Release|Any CPU.ActiveCfg = Release|Any CPU
		{AD83893C-4411-41C4-A9D4-915FF6AAA1AC}.Release|Any CPU.Build.0 = Release|Any CPU
		{AD83893C-4411-41C4-A9D4-915FF6AAA1AC}.Release|x64.ActiveCfg = Release|Any CPU
		{AD83893C-4411-41C4-A9D4-915FF6AAA1AC}.Release|x64.Build.0 = Release|Any CPU
		{AD83893C-4411-41C4-A9D4-915FF6AAA1AC}.Release|x86.ActiveCfg = Release|Any CPU
		{AD83893C-4411-41C4-A9D4-915FF6AAA1AC}.Release|x86.Build.0 = Release|Any CPU
		{E09928B9-B70A-4238-9ADA-592D79108D83}.Debug|Any CPU.ActiveCfg = Debug|Any CPU
		{E09928B9-B70A-4238-9ADA-592D79108D83}.Debug|Any CPU.Build.0 = Debug|Any CPU
		{E09928B9-B70A-4238-9ADA-592D79108D83}.Debug|x64.ActiveCfg = Debug|Any CPU
		{E09928B9-B70A-4238-9ADA-592D79108D83}.Debug|x64.Build.0 = Debug|Any CPU
		{E09928B9-B70A-4238-9ADA-592D79108D83}.Debug|x86.ActiveCfg = Debug|Any CPU
		{E09928B9-B70A-4238-9ADA-592D79108D83}.Debug|x86.Build.0 = Debug|Any CPU
		{E09928B9-B70A-4238-9ADA-592D79108D83}.Release|Any CPU.ActiveCfg = Release|Any CPU
		{E09928B9-B70A-4238-9ADA-592D79108D83}.Release|Any CPU.Build.0 = Release|Any CPU
		{E09928B9-B70A-4238-9ADA-592D79108D83}.Release|x64.ActiveCfg = Release|Any CPU
		{E09928B9-B70A-4238-9ADA-592D79108D83}.Release|x64.Build.0 = Release|Any CPU
		{E09928B9-B70A-4238-9ADA-592D79108D83}.Release|x86.ActiveCfg = Release|Any CPU
		{E09928B9-B70A-4238-9ADA-592D79108D83}.Release|x86.Build.0 = Release|Any CPU
		{6392CFE2-B32B-4317-ACF7-B97CDA881333}.Debug|Any CPU.ActiveCfg = Debug|Any CPU
		{6392CFE2-B32B-4317-ACF7-B97CDA881333}.Debug|Any CPU.Build.0 = Debug|Any CPU
		{6392CFE2-B32B-4317-ACF7-B97CDA881333}.Debug|x64.ActiveCfg = Debug|Any CPU
		{6392CFE2-B32B-4317-ACF7-B97CDA881333}.Debug|x64.Build.0 = Debug|Any CPU
		{6392CFE2-B32B-4317-ACF7-B97CDA881333}.Debug|x86.ActiveCfg = Debug|Any CPU
		{6392CFE2-B32B-4317-ACF7-B97CDA881333}.Debug|x86.Build.0 = Debug|Any CPU
		{6392CFE2-B32B-4317-ACF7-B97CDA881333}.Release|Any CPU.ActiveCfg = Release|Any CPU
		{6392CFE2-B32B-4317-ACF7-B97CDA881333}.Release|Any CPU.Build.0 = Release|Any CPU
		{6392CFE2-B32B-4317-ACF7-B97CDA881333}.Release|x64.ActiveCfg = Release|Any CPU
		{6392CFE2-B32B-4317-ACF7-B97CDA881333}.Release|x64.Build.0 = Release|Any CPU
		{6392CFE2-B32B-4317-ACF7-B97CDA881333}.Release|x86.ActiveCfg = Release|Any CPU
		{6392CFE2-B32B-4317-ACF7-B97CDA881333}.Release|x86.Build.0 = Release|Any CPU
		{F826244E-23AA-467F-8908-321EE8D3E099}.Debug|Any CPU.ActiveCfg = Debug|Any CPU
		{F826244E-23AA-467F-8908-321EE8D3E099}.Debug|Any CPU.Build.0 = Debug|Any CPU
		{F826244E-23AA-467F-8908-321EE8D3E099}.Debug|x64.ActiveCfg = Debug|Any CPU
		{F826244E-23AA-467F-8908-321EE8D3E099}.Debug|x64.Build.0 = Debug|Any CPU
		{F826244E-23AA-467F-8908-321EE8D3E099}.Debug|x86.ActiveCfg = Debug|Any CPU
		{F826244E-23AA-467F-8908-321EE8D3E099}.Debug|x86.Build.0 = Debug|Any CPU
		{F826244E-23AA-467F-8908-321EE8D3E099}.Release|Any CPU.ActiveCfg = Release|Any CPU
		{F826244E-23AA-467F-8908-321EE8D3E099}.Release|Any CPU.Build.0 = Release|Any CPU
		{F826244E-23AA-467F-8908-321EE8D3E099}.Release|x64.ActiveCfg = Release|Any CPU
		{F826244E-23AA-467F-8908-321EE8D3E099}.Release|x64.Build.0 = Release|Any CPU
		{F826244E-23AA-467F-8908-321EE8D3E099}.Release|x86.ActiveCfg = Release|Any CPU
		{F826244E-23AA-467F-8908-321EE8D3E099}.Release|x86.Build.0 = Release|Any CPU
		{BD212787-339D-46F6-962C-A3367BD0F579}.Debug|Any CPU.ActiveCfg = Debug|Any CPU
		{BD212787-339D-46F6-962C-A3367BD0F579}.Debug|Any CPU.Build.0 = Debug|Any CPU
		{BD212787-339D-46F6-962C-A3367BD0F579}.Debug|x64.ActiveCfg = Debug|Any CPU
		{BD212787-339D-46F6-962C-A3367BD0F579}.Debug|x64.Build.0 = Debug|Any CPU
		{BD212787-339D-46F6-962C-A3367BD0F579}.Debug|x86.ActiveCfg = Debug|Any CPU
		{BD212787-339D-46F6-962C-A3367BD0F579}.Debug|x86.Build.0 = Debug|Any CPU
		{BD212787-339D-46F6-962C-A3367BD0F579}.Release|Any CPU.ActiveCfg = Release|Any CPU
		{BD212787-339D-46F6-962C-A3367BD0F579}.Release|Any CPU.Build.0 = Release|Any CPU
		{BD212787-339D-46F6-962C-A3367BD0F579}.Release|x64.ActiveCfg = Release|Any CPU
		{BD212787-339D-46F6-962C-A3367BD0F579}.Release|x64.Build.0 = Release|Any CPU
		{BD212787-339D-46F6-962C-A3367BD0F579}.Release|x86.ActiveCfg = Release|Any CPU
		{BD212787-339D-46F6-962C-A3367BD0F579}.Release|x86.Build.0 = Release|Any CPU
		{E1A2445F-DC45-48B3-AF17-721658EECE17}.Debug|Any CPU.ActiveCfg = Debug|Any CPU
		{E1A2445F-DC45-48B3-AF17-721658EECE17}.Debug|Any CPU.Build.0 = Debug|Any CPU
		{E1A2445F-DC45-48B3-AF17-721658EECE17}.Debug|x64.ActiveCfg = Debug|Any CPU
		{E1A2445F-DC45-48B3-AF17-721658EECE17}.Debug|x64.Build.0 = Debug|Any CPU
		{E1A2445F-DC45-48B3-AF17-721658EECE17}.Debug|x86.ActiveCfg = Debug|Any CPU
		{E1A2445F-DC45-48B3-AF17-721658EECE17}.Debug|x86.Build.0 = Debug|Any CPU
		{E1A2445F-DC45-48B3-AF17-721658EECE17}.Release|Any CPU.ActiveCfg = Release|Any CPU
		{E1A2445F-DC45-48B3-AF17-721658EECE17}.Release|Any CPU.Build.0 = Release|Any CPU
		{E1A2445F-DC45-48B3-AF17-721658EECE17}.Release|x64.ActiveCfg = Release|Any CPU
		{E1A2445F-DC45-48B3-AF17-721658EECE17}.Release|x64.Build.0 = Release|Any CPU
		{E1A2445F-DC45-48B3-AF17-721658EECE17}.Release|x86.ActiveCfg = Release|Any CPU
		{E1A2445F-DC45-48B3-AF17-721658EECE17}.Release|x86.Build.0 = Release|Any CPU
		{41D23FA1-C4BD-45B1-A1DF-6CB6576A16CC}.Debug|Any CPU.ActiveCfg = Debug|Any CPU
		{41D23FA1-C4BD-45B1-A1DF-6CB6576A16CC}.Debug|Any CPU.Build.0 = Debug|Any CPU
		{41D23FA1-C4BD-45B1-A1DF-6CB6576A16CC}.Debug|x64.ActiveCfg = Debug|Any CPU
		{41D23FA1-C4BD-45B1-A1DF-6CB6576A16CC}.Debug|x64.Build.0 = Debug|Any CPU
		{41D23FA1-C4BD-45B1-A1DF-6CB6576A16CC}.Debug|x86.ActiveCfg = Debug|Any CPU
		{41D23FA1-C4BD-45B1-A1DF-6CB6576A16CC}.Debug|x86.Build.0 = Debug|Any CPU
		{41D23FA1-C4BD-45B1-A1DF-6CB6576A16CC}.Release|Any CPU.ActiveCfg = Release|Any CPU
		{41D23FA1-C4BD-45B1-A1DF-6CB6576A16CC}.Release|Any CPU.Build.0 = Release|Any CPU
		{41D23FA1-C4BD-45B1-A1DF-6CB6576A16CC}.Release|x64.ActiveCfg = Release|Any CPU
		{41D23FA1-C4BD-45B1-A1DF-6CB6576A16CC}.Release|x64.Build.0 = Release|Any CPU
		{41D23FA1-C4BD-45B1-A1DF-6CB6576A16CC}.Release|x86.ActiveCfg = Release|Any CPU
		{41D23FA1-C4BD-45B1-A1DF-6CB6576A16CC}.Release|x86.Build.0 = Release|Any CPU
		{87A78F16-A572-4D72-83C5-BBD501AE63DA}.Debug|Any CPU.ActiveCfg = Debug|Any CPU
		{87A78F16-A572-4D72-83C5-BBD501AE63DA}.Debug|Any CPU.Build.0 = Debug|Any CPU
		{87A78F16-A572-4D72-83C5-BBD501AE63DA}.Debug|x64.ActiveCfg = Debug|Any CPU
		{87A78F16-A572-4D72-83C5-BBD501AE63DA}.Debug|x64.Build.0 = Debug|Any CPU
		{87A78F16-A572-4D72-83C5-BBD501AE63DA}.Debug|x86.ActiveCfg = Debug|Any CPU
		{87A78F16-A572-4D72-83C5-BBD501AE63DA}.Debug|x86.Build.0 = Debug|Any CPU
		{87A78F16-A572-4D72-83C5-BBD501AE63DA}.Release|Any CPU.ActiveCfg = Release|Any CPU
		{87A78F16-A572-4D72-83C5-BBD501AE63DA}.Release|Any CPU.Build.0 = Release|Any CPU
		{87A78F16-A572-4D72-83C5-BBD501AE63DA}.Release|x64.ActiveCfg = Release|Any CPU
		{87A78F16-A572-4D72-83C5-BBD501AE63DA}.Release|x64.Build.0 = Release|Any CPU
		{87A78F16-A572-4D72-83C5-BBD501AE63DA}.Release|x86.ActiveCfg = Release|Any CPU
		{87A78F16-A572-4D72-83C5-BBD501AE63DA}.Release|x86.Build.0 = Release|Any CPU
		{0D832F51-816B-4CAD-92B3-7436D8582685}.Debug|Any CPU.ActiveCfg = Debug|Any CPU
		{0D832F51-816B-4CAD-92B3-7436D8582685}.Debug|Any CPU.Build.0 = Debug|Any CPU
		{0D832F51-816B-4CAD-92B3-7436D8582685}.Debug|x64.ActiveCfg = Debug|Any CPU
		{0D832F51-816B-4CAD-92B3-7436D8582685}.Debug|x64.Build.0 = Debug|Any CPU
		{0D832F51-816B-4CAD-92B3-7436D8582685}.Debug|x86.ActiveCfg = Debug|Any CPU
		{0D832F51-816B-4CAD-92B3-7436D8582685}.Debug|x86.Build.0 = Debug|Any CPU
		{0D832F51-816B-4CAD-92B3-7436D8582685}.Release|Any CPU.ActiveCfg = Release|Any CPU
		{0D832F51-816B-4CAD-92B3-7436D8582685}.Release|Any CPU.Build.0 = Release|Any CPU
		{0D832F51-816B-4CAD-92B3-7436D8582685}.Release|x64.ActiveCfg = Release|Any CPU
		{0D832F51-816B-4CAD-92B3-7436D8582685}.Release|x64.Build.0 = Release|Any CPU
		{0D832F51-816B-4CAD-92B3-7436D8582685}.Release|x86.ActiveCfg = Release|Any CPU
		{0D832F51-816B-4CAD-92B3-7436D8582685}.Release|x86.Build.0 = Release|Any CPU
		{ECA5574C-4C87-412C-9F74-E4F62C93720E}.Debug|Any CPU.ActiveCfg = Debug|Any CPU
		{ECA5574C-4C87-412C-9F74-E4F62C93720E}.Debug|Any CPU.Build.0 = Debug|Any CPU
		{ECA5574C-4C87-412C-9F74-E4F62C93720E}.Debug|x64.ActiveCfg = Debug|Any CPU
		{ECA5574C-4C87-412C-9F74-E4F62C93720E}.Debug|x64.Build.0 = Debug|Any CPU
		{ECA5574C-4C87-412C-9F74-E4F62C93720E}.Debug|x86.ActiveCfg = Debug|Any CPU
		{ECA5574C-4C87-412C-9F74-E4F62C93720E}.Debug|x86.Build.0 = Debug|Any CPU
		{ECA5574C-4C87-412C-9F74-E4F62C93720E}.Release|Any CPU.ActiveCfg = Release|Any CPU
		{ECA5574C-4C87-412C-9F74-E4F62C93720E}.Release|Any CPU.Build.0 = Release|Any CPU
		{ECA5574C-4C87-412C-9F74-E4F62C93720E}.Release|x64.ActiveCfg = Release|Any CPU
		{ECA5574C-4C87-412C-9F74-E4F62C93720E}.Release|x64.Build.0 = Release|Any CPU
		{ECA5574C-4C87-412C-9F74-E4F62C93720E}.Release|x86.ActiveCfg = Release|Any CPU
		{ECA5574C-4C87-412C-9F74-E4F62C93720E}.Release|x86.Build.0 = Release|Any CPU
		{FACBB5CC-4494-48C2-994D-A31C7E6A66B0}.Debug|Any CPU.ActiveCfg = Debug|Any CPU
		{FACBB5CC-4494-48C2-994D-A31C7E6A66B0}.Debug|Any CPU.Build.0 = Debug|Any CPU
		{FACBB5CC-4494-48C2-994D-A31C7E6A66B0}.Debug|x64.ActiveCfg = Debug|Any CPU
		{FACBB5CC-4494-48C2-994D-A31C7E6A66B0}.Debug|x64.Build.0 = Debug|Any CPU
		{FACBB5CC-4494-48C2-994D-A31C7E6A66B0}.Debug|x86.ActiveCfg = Debug|Any CPU
		{FACBB5CC-4494-48C2-994D-A31C7E6A66B0}.Debug|x86.Build.0 = Debug|Any CPU
		{FACBB5CC-4494-48C2-994D-A31C7E6A66B0}.Release|Any CPU.ActiveCfg = Release|Any CPU
		{FACBB5CC-4494-48C2-994D-A31C7E6A66B0}.Release|Any CPU.Build.0 = Release|Any CPU
		{FACBB5CC-4494-48C2-994D-A31C7E6A66B0}.Release|x64.ActiveCfg = Release|Any CPU
		{FACBB5CC-4494-48C2-994D-A31C7E6A66B0}.Release|x64.Build.0 = Release|Any CPU
		{FACBB5CC-4494-48C2-994D-A31C7E6A66B0}.Release|x86.ActiveCfg = Release|Any CPU
		{FACBB5CC-4494-48C2-994D-A31C7E6A66B0}.Release|x86.Build.0 = Release|Any CPU
		{9A80F5E1-7487-43D1-8606-E1440388BB11}.Debug|Any CPU.ActiveCfg = Debug|Any CPU
		{9A80F5E1-7487-43D1-8606-E1440388BB11}.Debug|Any CPU.Build.0 = Debug|Any CPU
		{9A80F5E1-7487-43D1-8606-E1440388BB11}.Debug|x64.ActiveCfg = Debug|Any CPU
		{9A80F5E1-7487-43D1-8606-E1440388BB11}.Debug|x64.Build.0 = Debug|Any CPU
		{9A80F5E1-7487-43D1-8606-E1440388BB11}.Debug|x86.ActiveCfg = Debug|Any CPU
		{9A80F5E1-7487-43D1-8606-E1440388BB11}.Debug|x86.Build.0 = Debug|Any CPU
		{9A80F5E1-7487-43D1-8606-E1440388BB11}.Release|Any CPU.ActiveCfg = Release|Any CPU
		{9A80F5E1-7487-43D1-8606-E1440388BB11}.Release|Any CPU.Build.0 = Release|Any CPU
		{9A80F5E1-7487-43D1-8606-E1440388BB11}.Release|x64.ActiveCfg = Release|Any CPU
		{9A80F5E1-7487-43D1-8606-E1440388BB11}.Release|x64.Build.0 = Release|Any CPU
		{9A80F5E1-7487-43D1-8606-E1440388BB11}.Release|x86.ActiveCfg = Release|Any CPU
		{9A80F5E1-7487-43D1-8606-E1440388BB11}.Release|x86.Build.0 = Release|Any CPU
		{227022DD-318D-49AA-9B93-989837D712D8}.Debug|Any CPU.ActiveCfg = Debug|Any CPU
		{227022DD-318D-49AA-9B93-989837D712D8}.Debug|Any CPU.Build.0 = Debug|Any CPU
		{227022DD-318D-49AA-9B93-989837D712D8}.Debug|x64.ActiveCfg = Debug|Any CPU
		{227022DD-318D-49AA-9B93-989837D712D8}.Debug|x64.Build.0 = Debug|Any CPU
		{227022DD-318D-49AA-9B93-989837D712D8}.Debug|x86.ActiveCfg = Debug|Any CPU
		{227022DD-318D-49AA-9B93-989837D712D8}.Debug|x86.Build.0 = Debug|Any CPU
		{227022DD-318D-49AA-9B93-989837D712D8}.Release|Any CPU.ActiveCfg = Release|Any CPU
		{227022DD-318D-49AA-9B93-989837D712D8}.Release|Any CPU.Build.0 = Release|Any CPU
		{227022DD-318D-49AA-9B93-989837D712D8}.Release|x64.ActiveCfg = Release|Any CPU
		{227022DD-318D-49AA-9B93-989837D712D8}.Release|x64.Build.0 = Release|Any CPU
		{227022DD-318D-49AA-9B93-989837D712D8}.Release|x86.ActiveCfg = Release|Any CPU
		{227022DD-318D-49AA-9B93-989837D712D8}.Release|x86.Build.0 = Release|Any CPU
		{A903C532-0051-4F8C-BD88-4372794EDAC8}.Debug|Any CPU.ActiveCfg = Debug|Any CPU
		{A903C532-0051-4F8C-BD88-4372794EDAC8}.Debug|Any CPU.Build.0 = Debug|Any CPU
		{A903C532-0051-4F8C-BD88-4372794EDAC8}.Debug|x64.ActiveCfg = Debug|Any CPU
		{A903C532-0051-4F8C-BD88-4372794EDAC8}.Debug|x64.Build.0 = Debug|Any CPU
		{A903C532-0051-4F8C-BD88-4372794EDAC8}.Debug|x86.ActiveCfg = Debug|Any CPU
		{A903C532-0051-4F8C-BD88-4372794EDAC8}.Debug|x86.Build.0 = Debug|Any CPU
		{A903C532-0051-4F8C-BD88-4372794EDAC8}.Release|Any CPU.ActiveCfg = Release|Any CPU
		{A903C532-0051-4F8C-BD88-4372794EDAC8}.Release|Any CPU.Build.0 = Release|Any CPU
		{A903C532-0051-4F8C-BD88-4372794EDAC8}.Release|x64.ActiveCfg = Release|Any CPU
		{A903C532-0051-4F8C-BD88-4372794EDAC8}.Release|x64.Build.0 = Release|Any CPU
		{A903C532-0051-4F8C-BD88-4372794EDAC8}.Release|x86.ActiveCfg = Release|Any CPU
		{A903C532-0051-4F8C-BD88-4372794EDAC8}.Release|x86.Build.0 = Release|Any CPU
	EndGlobalSection
	GlobalSection(SolutionProperties) = preSolution
		HideSolutionNode = FALSE
	EndGlobalSection
	GlobalSection(ExtensibilityGlobals) = postSolution
		SolutionGuid = {965FA0F2-E47C-44BB-BC55-8EEBE76C7A11}
	EndGlobalSection
EndGlobal
